// !$*UTF8*$!
{
	archiveVersion = 1;
	classes = {
	};
	objectVersion = 46;
	objects = {

/* Begin PBXBuildFile section */
		31CBE62E734278BD5374D4CD /* Pods_Clean.framework in Frameworks */ = {isa = PBXBuildFile; fileRef = 32DBD5017DD803B9BF2F0C89 /* Pods_Clean.framework */; };
		38D9DF6D4FEF21F11D318928 /* Pods_CleanTests.framework in Frameworks */ = {isa = PBXBuildFile; fileRef = 3C254BDC7844369565D3D8B9 /* Pods_CleanTests.framework */; };
		513F5BCF1E913F7B006F1B81 /* Bootstrapper.swift in Sources */ = {isa = PBXBuildFile; fileRef = 513F5BCE1E913F7B006F1B81 /* Bootstrapper.swift */; };
		513F5BD01E914ACF006F1B81 /* ChatDao.swift in Sources */ = {isa = PBXBuildFile; fileRef = A95D23290ADC07DF9C2C4220 /* ChatDao.swift */; };
		513F5BD11E914AD3006F1B81 /* ChatEntity.swift in Sources */ = {isa = PBXBuildFile; fileRef = A95D25557C64A604A2767D4F /* ChatEntity.swift */; };
		513F5BD21E914AD6006F1B81 /* RealmDao.swift in Sources */ = {isa = PBXBuildFile; fileRef = A95D23A89C35DF031626CD82 /* RealmDao.swift */; };
		513F5BD91E92C81E006F1B81 /* ContactAPI.swift in Sources */ = {isa = PBXBuildFile; fileRef = 513F5BD81E92C81E006F1B81 /* ContactAPI.swift */; };
		513F5BDB1E92C84E006F1B81 /* ContactDTO.swift in Sources */ = {isa = PBXBuildFile; fileRef = 513F5BDA1E92C84E006F1B81 /* ContactDTO.swift */; };
		513F5BE21E92E675006F1B81 /* CurrentUser.swift in Sources */ = {isa = PBXBuildFile; fileRef = A95D21ACBFAB6B62B49A1B25 /* CurrentUser.swift */; };
		513F5BE31E92E685006F1B81 /* CurrentUserRepository.swift in Sources */ = {isa = PBXBuildFile; fileRef = A95D243CDCCCDB5EB1838444 /* CurrentUserRepository.swift */; };
		513F5BE41E92E695006F1B81 /* CurrentUserRepository.swift in Sources */ = {isa = PBXBuildFile; fileRef = A95D247F8A80A8E785286023 /* CurrentUserRepository.swift */; };
		513F5BE51E92E731006F1B81 /* LoginUseCase.swift in Sources */ = {isa = PBXBuildFile; fileRef = A95D21EC5AD238366D1CF665 /* LoginUseCase.swift */; };
		513F5BE61E92F1F3006F1B81 /* LoginViewController.swift in Sources */ = {isa = PBXBuildFile; fileRef = A95D25B650126D053B00A976 /* LoginViewController.swift */; };
		513F5BE71E92F211006F1B81 /* LoginViewModel.swift in Sources */ = {isa = PBXBuildFile; fileRef = A95D2733BFDFB0462CEEBA41 /* LoginViewModel.swift */; };
		5166D6EC1E8DA6CA00E8FAFD /* AppDelegate.swift in Sources */ = {isa = PBXBuildFile; fileRef = 5166D6EB1E8DA6CA00E8FAFD /* AppDelegate.swift */; };
		5166D6F11E8DA6CA00E8FAFD /* Main.storyboard in Resources */ = {isa = PBXBuildFile; fileRef = 5166D6EF1E8DA6CA00E8FAFD /* Main.storyboard */; };
		5166D6F31E8DA6CA00E8FAFD /* Assets.xcassets in Resources */ = {isa = PBXBuildFile; fileRef = 5166D6F21E8DA6CA00E8FAFD /* Assets.xcassets */; };
		5166D6F61E8DA6CA00E8FAFD /* LaunchScreen.storyboard in Resources */ = {isa = PBXBuildFile; fileRef = 5166D6F41E8DA6CA00E8FAFD /* LaunchScreen.storyboard */; };
		5166D7011E8DA6CA00E8FAFD /* CleanTests.swift in Sources */ = {isa = PBXBuildFile; fileRef = 5166D7001E8DA6CA00E8FAFD /* CleanTests.swift */; };
		5166D7191E8DA6F100E8FAFD /* Domain.framework in Frameworks */ = {isa = PBXBuildFile; fileRef = 5166D7101E8DA6F100E8FAFD /* Domain.framework */; };
		5166D7201E8DA6F100E8FAFD /* DomainTests.swift in Sources */ = {isa = PBXBuildFile; fileRef = 5166D71F1E8DA6F100E8FAFD /* DomainTests.swift */; };
		5166D7221E8DA6F100E8FAFD /* Domain.h in Headers */ = {isa = PBXBuildFile; fileRef = 5166D7121E8DA6F100E8FAFD /* Domain.h */; settings = {ATTRIBUTES = (Public, ); }; };
		5166D7251E8DA6F100E8FAFD /* Domain.framework in Frameworks */ = {isa = PBXBuildFile; fileRef = 5166D7101E8DA6F100E8FAFD /* Domain.framework */; };
		5166D7261E8DA6F100E8FAFD /* Domain.framework in Embed Frameworks */ = {isa = PBXBuildFile; fileRef = 5166D7101E8DA6F100E8FAFD /* Domain.framework */; settings = {ATTRIBUTES = (CodeSignOnCopy, RemoveHeadersOnCopy, ); }; };
		5166D73C1E8DA6FC00E8FAFD /* Data.framework in Frameworks */ = {isa = PBXBuildFile; fileRef = 5166D7331E8DA6FC00E8FAFD /* Data.framework */; };
		5166D7431E8DA6FC00E8FAFD /* DataTests.swift in Sources */ = {isa = PBXBuildFile; fileRef = 5166D7421E8DA6FC00E8FAFD /* DataTests.swift */; };
		5166D7451E8DA6FC00E8FAFD /* Data.h in Headers */ = {isa = PBXBuildFile; fileRef = 5166D7351E8DA6FC00E8FAFD /* Data.h */; settings = {ATTRIBUTES = (Public, ); }; };
		5166D7481E8DA6FC00E8FAFD /* Data.framework in Frameworks */ = {isa = PBXBuildFile; fileRef = 5166D7331E8DA6FC00E8FAFD /* Data.framework */; };
		5166D7491E8DA6FC00E8FAFD /* Data.framework in Embed Frameworks */ = {isa = PBXBuildFile; fileRef = 5166D7331E8DA6FC00E8FAFD /* Data.framework */; settings = {ATTRIBUTES = (CodeSignOnCopy, RemoveHeadersOnCopy, ); }; };
		51A7186C1E8E3D0B006AE0E8 /* Domain.framework in Frameworks */ = {isa = PBXBuildFile; fileRef = 5166D7101E8DA6F100E8FAFD /* Domain.framework */; };
		51CD534E1E92F8AC0042888F /* R.generated.swift in Sources */ = {isa = PBXBuildFile; fileRef = 51CD534D1E92F8AC0042888F /* R.generated.swift */; };
		7C4DB90774E551476246F696 /* Pods_DomainTests.framework in Frameworks */ = {isa = PBXBuildFile; fileRef = 680618C8801AA1F4FF8FAF6A /* Pods_DomainTests.framework */; };
		7D7E630512217384CDDB60F6 /* Pods_DataTests.framework in Frameworks */ = {isa = PBXBuildFile; fileRef = BC7FBF957AC3BDA910F4F7CF /* Pods_DataTests.framework */; };
		86183A3075FF1D866914067C /* Pods_Domain.framework in Frameworks */ = {isa = PBXBuildFile; fileRef = CCF36CB0AE4C749E8CF3A8AF /* Pods_Domain.framework */; };
		87DE79D204DC69D8BBA47DA8 /* Pods_Data.framework in Frameworks */ = {isa = PBXBuildFile; fileRef = 0239B2CDAD50FF1645E95E53 /* Pods_Data.framework */; };
		A95D2019B44A2D6AF5F07C19 /* ChatViewModel.swift in Sources */ = {isa = PBXBuildFile; fileRef = A95D23583E83BC132B3A6622 /* ChatViewModel.swift */; };
		A95D208FE6F6962165F06789 /* SendMessageUseCase.swift in Sources */ = {isa = PBXBuildFile; fileRef = A95D29425B713EB80FD24C20 /* SendMessageUseCase.swift */; };
		A95D210005CD0CB88CBD1E1C /* ChatService.swift in Sources */ = {isa = PBXBuildFile; fileRef = A95D21E93318EE298BF24BE3 /* ChatService.swift */; };
		A95D224CB82D612AA96E0214 /* CreateChatUseCase.swift in Sources */ = {isa = PBXBuildFile; fileRef = A95D2D875F8A112E5651FFD9 /* CreateChatUseCase.swift */; };
		A95D2268F8DD243AD30761D6 /* ChatRepository.swift in Sources */ = {isa = PBXBuildFile; fileRef = A95D27B1DBF14A58D759D1E0 /* ChatRepository.swift */; };
		A95D22A663DD4E56CC7A5AE0 /* ChatListCellViewModel.swift in Sources */ = {isa = PBXBuildFile; fileRef = A95D2CC8AB81689693875B8B /* ChatListCellViewModel.swift */; };
		A95D22C906316D9DFC337D2F /* ChatRepository.swift in Sources */ = {isa = PBXBuildFile; fileRef = A95D21743F6670D0CAAD533B /* ChatRepository.swift */; };
		A95D23B54B73E3367D6C5C37 /* LogoutUseCase.swift in Sources */ = {isa = PBXBuildFile; fileRef = A95D25AAF34C9F3B49903E79 /* LogoutUseCase.swift */; };
		A95D23EAA150DE5FC5D66780 /* MessageRepository.swift in Sources */ = {isa = PBXBuildFile; fileRef = A95D2804AC736324B5861ECA /* MessageRepository.swift */; };
		A95D245A654DBDC47995BA56 /* Contact.swift in Sources */ = {isa = PBXBuildFile; fileRef = A95D257C49CF49E973B1D303 /* Contact.swift */; };
		A95D2484393145D1E014C023 /* ViewAssembly.swift in Sources */ = {isa = PBXBuildFile; fileRef = A95D217EFFC83274E4351F50 /* ViewAssembly.swift */; };
		A95D24D43F123387C9FEEAC6 /* ChatListViewController.swift in Sources */ = {isa = PBXBuildFile; fileRef = A95D25C24FFCF2FC983F8167 /* ChatListViewController.swift */; };
		A95D2565B3BA8D28B015C6F3 /* ChatViewController.swift in Sources */ = {isa = PBXBuildFile; fileRef = A95D27DE4534D563A7EAD25C /* ChatViewController.swift */; };
		A95D259623582459096BDABE /* Message.swift in Sources */ = {isa = PBXBuildFile; fileRef = A95D2ED9EF43407A9AEDFAC9 /* Message.swift */; };
		A95D261B1A3D7121ACB6E113 /* DomainAssembly.swift in Sources */ = {isa = PBXBuildFile; fileRef = A95D2D811B9313A2AC1875F3 /* DomainAssembly.swift */; };
		A95D271D9F075D717AC0BD94 /* MessageRepository.swift in Sources */ = {isa = PBXBuildFile; fileRef = A95D2A2768A5BFF26487B5AF /* MessageRepository.swift */; };
		A95D2759D8751F5ED5E5314F /* Chat.swift in Sources */ = {isa = PBXBuildFile; fileRef = A95D289461C6A40D120A234F /* Chat.swift */; };
		A95D27EDE3524BEB3EB29E40 /* GetContactsUseCase.swift in Sources */ = {isa = PBXBuildFile; fileRef = A95D201D07567DF399CB14B5 /* GetContactsUseCase.swift */; };
		A95D27F6BF18EF2530A05868 /* MessageService.swift in Sources */ = {isa = PBXBuildFile; fileRef = A95D2874DC67B8456457D706 /* MessageService.swift */; };
		A95D285875CD411B2E5543D0 /* ContactRepository.swift in Sources */ = {isa = PBXBuildFile; fileRef = A95D2EE10B26DC7BCA5108F3 /* ContactRepository.swift */; };
		A95D287AB8DD243DCE7A40E9 /* ContactRepository.swift in Sources */ = {isa = PBXBuildFile; fileRef = A95D2B0AEE98F56FBBE03C5C /* ContactRepository.swift */; };
		A95D28B804828381846747E5 /* GetChatsUseCase.swift in Sources */ = {isa = PBXBuildFile; fileRef = A95D20AAC183C87888FA57FA /* GetChatsUseCase.swift */; };
		A95D2C15648A4FBCE15A535B /* MessageDTO.swift in Sources */ = {isa = PBXBuildFile; fileRef = A95D2EA65511DBCC7CE6DEFB /* MessageDTO.swift */; };
		A95D2D548BB4A129F6B0EABB /* ChatListViewModel.swift in Sources */ = {isa = PBXBuildFile; fileRef = A95D2FA2FF49D9E73EF6D5FD /* ChatListViewModel.swift */; };
		A95D2D58119424D6D9B1C68E /* MessageService.swift in Sources */ = {isa = PBXBuildFile; fileRef = A95D2253615A73C3AA2DED12 /* MessageService.swift */; };
		A95D2E2F508A57C0432AE89E /* ChatDTO.swift in Sources */ = {isa = PBXBuildFile; fileRef = A95D26D9289E82B225301701 /* ChatDTO.swift */; };
		A95D2E86205F4E8E7C7FE799 /* ChatService.swift in Sources */ = {isa = PBXBuildFile; fileRef = A95D29ABE6F7F750D827C5BE /* ChatService.swift */; };
		A95D2ED97AE5289B28916FD8 /* ChatAPI.swift in Sources */ = {isa = PBXBuildFile; fileRef = A95D29528C41A283C979F9B0 /* ChatAPI.swift */; };
/* End PBXBuildFile section */

/* Begin PBXContainerItemProxy section */
		5166D6FD1E8DA6CA00E8FAFD /* PBXContainerItemProxy */ = {
			isa = PBXContainerItemProxy;
			containerPortal = 5166D6E01E8DA6C900E8FAFD /* Project object */;
			proxyType = 1;
			remoteGlobalIDString = 5166D6E71E8DA6CA00E8FAFD;
			remoteInfo = Clean;
		};
		5166D71A1E8DA6F100E8FAFD /* PBXContainerItemProxy */ = {
			isa = PBXContainerItemProxy;
			containerPortal = 5166D6E01E8DA6C900E8FAFD /* Project object */;
			proxyType = 1;
			remoteGlobalIDString = 5166D70F1E8DA6F100E8FAFD;
			remoteInfo = Domain;
		};
		5166D71C1E8DA6F100E8FAFD /* PBXContainerItemProxy */ = {
			isa = PBXContainerItemProxy;
			containerPortal = 5166D6E01E8DA6C900E8FAFD /* Project object */;
			proxyType = 1;
			remoteGlobalIDString = 5166D6E71E8DA6CA00E8FAFD;
			remoteInfo = Clean;
		};
		5166D7231E8DA6F100E8FAFD /* PBXContainerItemProxy */ = {
			isa = PBXContainerItemProxy;
			containerPortal = 5166D6E01E8DA6C900E8FAFD /* Project object */;
			proxyType = 1;
			remoteGlobalIDString = 5166D70F1E8DA6F100E8FAFD;
			remoteInfo = Domain;
		};
		5166D73D1E8DA6FC00E8FAFD /* PBXContainerItemProxy */ = {
			isa = PBXContainerItemProxy;
			containerPortal = 5166D6E01E8DA6C900E8FAFD /* Project object */;
			proxyType = 1;
			remoteGlobalIDString = 5166D7321E8DA6FC00E8FAFD;
			remoteInfo = Data;
		};
		5166D73F1E8DA6FC00E8FAFD /* PBXContainerItemProxy */ = {
			isa = PBXContainerItemProxy;
			containerPortal = 5166D6E01E8DA6C900E8FAFD /* Project object */;
			proxyType = 1;
			remoteGlobalIDString = 5166D6E71E8DA6CA00E8FAFD;
			remoteInfo = Clean;
		};
		5166D7461E8DA6FC00E8FAFD /* PBXContainerItemProxy */ = {
			isa = PBXContainerItemProxy;
			containerPortal = 5166D6E01E8DA6C900E8FAFD /* Project object */;
			proxyType = 1;
			remoteGlobalIDString = 5166D7321E8DA6FC00E8FAFD;
			remoteInfo = Data;
		};
/* End PBXContainerItemProxy section */

/* Begin PBXCopyFilesBuildPhase section */
		5166D72A1E8DA6F100E8FAFD /* Embed Frameworks */ = {
			isa = PBXCopyFilesBuildPhase;
			buildActionMask = 2147483647;
			dstPath = "";
			dstSubfolderSpec = 10;
			files = (
				5166D7491E8DA6FC00E8FAFD /* Data.framework in Embed Frameworks */,
				5166D7261E8DA6F100E8FAFD /* Domain.framework in Embed Frameworks */,
			);
			name = "Embed Frameworks";
			runOnlyForDeploymentPostprocessing = 0;
		};
/* End PBXCopyFilesBuildPhase section */

/* Begin PBXFileReference section */
		0239B2CDAD50FF1645E95E53 /* Pods_Data.framework */ = {isa = PBXFileReference; explicitFileType = wrapper.framework; includeInIndex = 0; path = Pods_Data.framework; sourceTree = BUILT_PRODUCTS_DIR; };
		2AA549AC6865FA821419F94D /* Pods-Data.release.xcconfig */ = {isa = PBXFileReference; includeInIndex = 1; lastKnownFileType = text.xcconfig; name = "Pods-Data.release.xcconfig"; path = "Pods/Target Support Files/Pods-Data/Pods-Data.release.xcconfig"; sourceTree = "<group>"; };
		32DBD5017DD803B9BF2F0C89 /* Pods_Clean.framework */ = {isa = PBXFileReference; explicitFileType = wrapper.framework; includeInIndex = 0; path = Pods_Clean.framework; sourceTree = BUILT_PRODUCTS_DIR; };
		3C254BDC7844369565D3D8B9 /* Pods_CleanTests.framework */ = {isa = PBXFileReference; explicitFileType = wrapper.framework; includeInIndex = 0; path = Pods_CleanTests.framework; sourceTree = BUILT_PRODUCTS_DIR; };
		41E9A936DF9EF3B863181DAA /* Pods-Clean.release.xcconfig */ = {isa = PBXFileReference; includeInIndex = 1; lastKnownFileType = text.xcconfig; name = "Pods-Clean.release.xcconfig"; path = "Pods/Target Support Files/Pods-Clean/Pods-Clean.release.xcconfig"; sourceTree = "<group>"; };
		42AEDE2DE87563B92009EDB5 /* Pods-Clean.debug.xcconfig */ = {isa = PBXFileReference; includeInIndex = 1; lastKnownFileType = text.xcconfig; name = "Pods-Clean.debug.xcconfig"; path = "Pods/Target Support Files/Pods-Clean/Pods-Clean.debug.xcconfig"; sourceTree = "<group>"; };
		513F5BCE1E913F7B006F1B81 /* Bootstrapper.swift */ = {isa = PBXFileReference; fileEncoding = 4; lastKnownFileType = sourcecode.swift; path = Bootstrapper.swift; sourceTree = "<group>"; };
		513F5BD81E92C81E006F1B81 /* ContactAPI.swift */ = {isa = PBXFileReference; fileEncoding = 4; lastKnownFileType = sourcecode.swift; path = ContactAPI.swift; sourceTree = "<group>"; };
		513F5BDA1E92C84E006F1B81 /* ContactDTO.swift */ = {isa = PBXFileReference; fileEncoding = 4; lastKnownFileType = sourcecode.swift; path = ContactDTO.swift; sourceTree = "<group>"; };
		5166D6E81E8DA6CA00E8FAFD /* Clean.app */ = {isa = PBXFileReference; explicitFileType = wrapper.application; includeInIndex = 0; path = Clean.app; sourceTree = BUILT_PRODUCTS_DIR; };
		5166D6EB1E8DA6CA00E8FAFD /* AppDelegate.swift */ = {isa = PBXFileReference; lastKnownFileType = sourcecode.swift; path = AppDelegate.swift; sourceTree = "<group>"; };
		5166D6F01E8DA6CA00E8FAFD /* Base */ = {isa = PBXFileReference; lastKnownFileType = file.storyboard; name = Base; path = Base.lproj/Main.storyboard; sourceTree = "<group>"; };
		5166D6F21E8DA6CA00E8FAFD /* Assets.xcassets */ = {isa = PBXFileReference; lastKnownFileType = folder.assetcatalog; path = Assets.xcassets; sourceTree = "<group>"; };
		5166D6F51E8DA6CA00E8FAFD /* Base */ = {isa = PBXFileReference; lastKnownFileType = file.storyboard; name = Base; path = Base.lproj/LaunchScreen.storyboard; sourceTree = "<group>"; };
		5166D6F71E8DA6CA00E8FAFD /* Info.plist */ = {isa = PBXFileReference; lastKnownFileType = text.plist.xml; path = Info.plist; sourceTree = "<group>"; };
		5166D6FC1E8DA6CA00E8FAFD /* CleanTests.xctest */ = {isa = PBXFileReference; explicitFileType = wrapper.cfbundle; includeInIndex = 0; path = CleanTests.xctest; sourceTree = BUILT_PRODUCTS_DIR; };
		5166D7001E8DA6CA00E8FAFD /* CleanTests.swift */ = {isa = PBXFileReference; lastKnownFileType = sourcecode.swift; path = CleanTests.swift; sourceTree = "<group>"; };
		5166D7021E8DA6CA00E8FAFD /* Info.plist */ = {isa = PBXFileReference; lastKnownFileType = text.plist.xml; path = Info.plist; sourceTree = "<group>"; };
		5166D7101E8DA6F100E8FAFD /* Domain.framework */ = {isa = PBXFileReference; explicitFileType = wrapper.framework; includeInIndex = 0; path = Domain.framework; sourceTree = BUILT_PRODUCTS_DIR; };
		5166D7121E8DA6F100E8FAFD /* Domain.h */ = {isa = PBXFileReference; lastKnownFileType = sourcecode.c.h; path = Domain.h; sourceTree = "<group>"; };
		5166D7131E8DA6F100E8FAFD /* Info.plist */ = {isa = PBXFileReference; lastKnownFileType = text.plist.xml; path = Info.plist; sourceTree = "<group>"; };
		5166D7181E8DA6F100E8FAFD /* DomainTests.xctest */ = {isa = PBXFileReference; explicitFileType = wrapper.cfbundle; includeInIndex = 0; path = DomainTests.xctest; sourceTree = BUILT_PRODUCTS_DIR; };
		5166D71F1E8DA6F100E8FAFD /* DomainTests.swift */ = {isa = PBXFileReference; lastKnownFileType = sourcecode.swift; path = DomainTests.swift; sourceTree = "<group>"; };
		5166D7211E8DA6F100E8FAFD /* Info.plist */ = {isa = PBXFileReference; lastKnownFileType = text.plist.xml; path = Info.plist; sourceTree = "<group>"; };
		5166D7331E8DA6FC00E8FAFD /* Data.framework */ = {isa = PBXFileReference; explicitFileType = wrapper.framework; includeInIndex = 0; path = Data.framework; sourceTree = BUILT_PRODUCTS_DIR; };
		5166D7351E8DA6FC00E8FAFD /* Data.h */ = {isa = PBXFileReference; lastKnownFileType = sourcecode.c.h; path = Data.h; sourceTree = "<group>"; };
		5166D7361E8DA6FC00E8FAFD /* Info.plist */ = {isa = PBXFileReference; lastKnownFileType = text.plist.xml; path = Info.plist; sourceTree = "<group>"; };
		5166D73B1E8DA6FC00E8FAFD /* DataTests.xctest */ = {isa = PBXFileReference; explicitFileType = wrapper.cfbundle; includeInIndex = 0; path = DataTests.xctest; sourceTree = BUILT_PRODUCTS_DIR; };
		5166D7421E8DA6FC00E8FAFD /* DataTests.swift */ = {isa = PBXFileReference; lastKnownFileType = sourcecode.swift; path = DataTests.swift; sourceTree = "<group>"; };
		5166D7441E8DA6FC00E8FAFD /* Info.plist */ = {isa = PBXFileReference; lastKnownFileType = text.plist.xml; path = Info.plist; sourceTree = "<group>"; };
		51CD534D1E92F8AC0042888F /* R.generated.swift */ = {isa = PBXFileReference; fileEncoding = 4; lastKnownFileType = sourcecode.swift; path = R.generated.swift; sourceTree = "<group>"; };
		6504607B95C238F3C3EE651E /* Pods-CleanTests.debug.xcconfig */ = {isa = PBXFileReference; includeInIndex = 1; lastKnownFileType = text.xcconfig; name = "Pods-CleanTests.debug.xcconfig"; path = "Pods/Target Support Files/Pods-CleanTests/Pods-CleanTests.debug.xcconfig"; sourceTree = "<group>"; };
		680618C8801AA1F4FF8FAF6A /* Pods_DomainTests.framework */ = {isa = PBXFileReference; explicitFileType = wrapper.framework; includeInIndex = 0; path = Pods_DomainTests.framework; sourceTree = BUILT_PRODUCTS_DIR; };
		A0508F43E79106F724FE0F4F /* Pods-DataTests.debug.xcconfig */ = {isa = PBXFileReference; includeInIndex = 1; lastKnownFileType = text.xcconfig; name = "Pods-DataTests.debug.xcconfig"; path = "Pods/Target Support Files/Pods-DataTests/Pods-DataTests.debug.xcconfig"; sourceTree = "<group>"; };
		A95D201D07567DF399CB14B5 /* GetContactsUseCase.swift */ = {isa = PBXFileReference; fileEncoding = 4; lastKnownFileType = sourcecode.swift; path = GetContactsUseCase.swift; sourceTree = "<group>"; };
		A95D20AAC183C87888FA57FA /* GetChatsUseCase.swift */ = {isa = PBXFileReference; fileEncoding = 4; lastKnownFileType = sourcecode.swift; path = GetChatsUseCase.swift; sourceTree = "<group>"; };
		A95D21743F6670D0CAAD533B /* ChatRepository.swift */ = {isa = PBXFileReference; fileEncoding = 4; lastKnownFileType = sourcecode.swift; path = ChatRepository.swift; sourceTree = "<group>"; };
		A95D217EFFC83274E4351F50 /* ViewAssembly.swift */ = {isa = PBXFileReference; fileEncoding = 4; lastKnownFileType = sourcecode.swift; path = ViewAssembly.swift; sourceTree = "<group>"; };
		A95D21ACBFAB6B62B49A1B25 /* CurrentUser.swift */ = {isa = PBXFileReference; fileEncoding = 4; lastKnownFileType = sourcecode.swift; path = CurrentUser.swift; sourceTree = "<group>"; };
		A95D21E93318EE298BF24BE3 /* ChatService.swift */ = {isa = PBXFileReference; fileEncoding = 4; lastKnownFileType = sourcecode.swift; path = ChatService.swift; sourceTree = "<group>"; };
		A95D21EC5AD238366D1CF665 /* LoginUseCase.swift */ = {isa = PBXFileReference; fileEncoding = 4; lastKnownFileType = sourcecode.swift; path = LoginUseCase.swift; sourceTree = "<group>"; };
		A95D2253615A73C3AA2DED12 /* MessageService.swift */ = {isa = PBXFileReference; fileEncoding = 4; lastKnownFileType = sourcecode.swift; path = MessageService.swift; sourceTree = "<group>"; };
		A95D23290ADC07DF9C2C4220 /* ChatDao.swift */ = {isa = PBXFileReference; fileEncoding = 4; lastKnownFileType = sourcecode.swift; path = ChatDao.swift; sourceTree = "<group>"; };
		A95D23583E83BC132B3A6622 /* ChatViewModel.swift */ = {isa = PBXFileReference; fileEncoding = 4; lastKnownFileType = sourcecode.swift; path = ChatViewModel.swift; sourceTree = "<group>"; };
		A95D23A89C35DF031626CD82 /* RealmDao.swift */ = {isa = PBXFileReference; fileEncoding = 4; lastKnownFileType = sourcecode.swift; path = RealmDao.swift; sourceTree = "<group>"; };
		A95D243CDCCCDB5EB1838444 /* CurrentUserRepository.swift */ = {isa = PBXFileReference; fileEncoding = 4; lastKnownFileType = sourcecode.swift; path = CurrentUserRepository.swift; sourceTree = "<group>"; };
		A95D247F8A80A8E785286023 /* CurrentUserRepository.swift */ = {isa = PBXFileReference; fileEncoding = 4; lastKnownFileType = sourcecode.swift; path = CurrentUserRepository.swift; sourceTree = "<group>"; };
		A95D25557C64A604A2767D4F /* ChatEntity.swift */ = {isa = PBXFileReference; fileEncoding = 4; lastKnownFileType = sourcecode.swift; path = ChatEntity.swift; sourceTree = "<group>"; };
		A95D257C49CF49E973B1D303 /* Contact.swift */ = {isa = PBXFileReference; fileEncoding = 4; lastKnownFileType = sourcecode.swift; path = Contact.swift; sourceTree = "<group>"; };
		A95D25AAF34C9F3B49903E79 /* LogoutUseCase.swift */ = {isa = PBXFileReference; fileEncoding = 4; lastKnownFileType = sourcecode.swift; path = LogoutUseCase.swift; sourceTree = "<group>"; };
		A95D25B650126D053B00A976 /* LoginViewController.swift */ = {isa = PBXFileReference; fileEncoding = 4; lastKnownFileType = sourcecode.swift; path = LoginViewController.swift; sourceTree = "<group>"; };
		A95D25C24FFCF2FC983F8167 /* ChatListViewController.swift */ = {isa = PBXFileReference; fileEncoding = 4; lastKnownFileType = sourcecode.swift; path = ChatListViewController.swift; sourceTree = "<group>"; };
		A95D26D9289E82B225301701 /* ChatDTO.swift */ = {isa = PBXFileReference; fileEncoding = 4; lastKnownFileType = sourcecode.swift; path = ChatDTO.swift; sourceTree = "<group>"; };
		A95D2733BFDFB0462CEEBA41 /* LoginViewModel.swift */ = {isa = PBXFileReference; fileEncoding = 4; lastKnownFileType = sourcecode.swift; path = LoginViewModel.swift; sourceTree = "<group>"; };
		A95D27B1DBF14A58D759D1E0 /* ChatRepository.swift */ = {isa = PBXFileReference; fileEncoding = 4; lastKnownFileType = sourcecode.swift; path = ChatRepository.swift; sourceTree = "<group>"; };
		A95D27DE4534D563A7EAD25C /* ChatViewController.swift */ = {isa = PBXFileReference; fileEncoding = 4; lastKnownFileType = sourcecode.swift; path = ChatViewController.swift; sourceTree = "<group>"; };
		A95D2804AC736324B5861ECA /* MessageRepository.swift */ = {isa = PBXFileReference; fileEncoding = 4; lastKnownFileType = sourcecode.swift; path = MessageRepository.swift; sourceTree = "<group>"; };
		A95D2874DC67B8456457D706 /* MessageService.swift */ = {isa = PBXFileReference; fileEncoding = 4; lastKnownFileType = sourcecode.swift; path = MessageService.swift; sourceTree = "<group>"; };
		A95D289461C6A40D120A234F /* Chat.swift */ = {isa = PBXFileReference; fileEncoding = 4; lastKnownFileType = sourcecode.swift; path = Chat.swift; sourceTree = "<group>"; };
		A95D29425B713EB80FD24C20 /* SendMessageUseCase.swift */ = {isa = PBXFileReference; fileEncoding = 4; lastKnownFileType = sourcecode.swift; path = SendMessageUseCase.swift; sourceTree = "<group>"; };
		A95D29528C41A283C979F9B0 /* ChatAPI.swift */ = {isa = PBXFileReference; fileEncoding = 4; lastKnownFileType = sourcecode.swift; path = ChatAPI.swift; sourceTree = "<group>"; };
		A95D29ABE6F7F750D827C5BE /* ChatService.swift */ = {isa = PBXFileReference; fileEncoding = 4; lastKnownFileType = sourcecode.swift; path = ChatService.swift; sourceTree = "<group>"; };
		A95D2A2768A5BFF26487B5AF /* MessageRepository.swift */ = {isa = PBXFileReference; fileEncoding = 4; lastKnownFileType = sourcecode.swift; path = MessageRepository.swift; sourceTree = "<group>"; };
		A95D2B0AEE98F56FBBE03C5C /* ContactRepository.swift */ = {isa = PBXFileReference; fileEncoding = 4; lastKnownFileType = sourcecode.swift; path = ContactRepository.swift; sourceTree = "<group>"; };
		A95D2CC8AB81689693875B8B /* ChatListCellViewModel.swift */ = {isa = PBXFileReference; fileEncoding = 4; lastKnownFileType = sourcecode.swift; path = ChatListCellViewModel.swift; sourceTree = "<group>"; };
		A95D2D811B9313A2AC1875F3 /* DomainAssembly.swift */ = {isa = PBXFileReference; fileEncoding = 4; lastKnownFileType = sourcecode.swift; path = DomainAssembly.swift; sourceTree = "<group>"; };
		A95D2D875F8A112E5651FFD9 /* CreateChatUseCase.swift */ = {isa = PBXFileReference; fileEncoding = 4; lastKnownFileType = sourcecode.swift; path = CreateChatUseCase.swift; sourceTree = "<group>"; };
		A95D2EA65511DBCC7CE6DEFB /* MessageDTO.swift */ = {isa = PBXFileReference; fileEncoding = 4; lastKnownFileType = sourcecode.swift; path = MessageDTO.swift; sourceTree = "<group>"; };
		A95D2ED9EF43407A9AEDFAC9 /* Message.swift */ = {isa = PBXFileReference; fileEncoding = 4; lastKnownFileType = sourcecode.swift; path = Message.swift; sourceTree = "<group>"; };
		A95D2EE10B26DC7BCA5108F3 /* ContactRepository.swift */ = {isa = PBXFileReference; fileEncoding = 4; lastKnownFileType = sourcecode.swift; path = ContactRepository.swift; sourceTree = "<group>"; };
		A95D2FA2FF49D9E73EF6D5FD /* ChatListViewModel.swift */ = {isa = PBXFileReference; fileEncoding = 4; lastKnownFileType = sourcecode.swift; path = ChatListViewModel.swift; sourceTree = "<group>"; };
		BC66F669AC6E6E48882E6A91 /* Pods-Domain.debug.xcconfig */ = {isa = PBXFileReference; includeInIndex = 1; lastKnownFileType = text.xcconfig; name = "Pods-Domain.debug.xcconfig"; path = "Pods/Target Support Files/Pods-Domain/Pods-Domain.debug.xcconfig"; sourceTree = "<group>"; };
		BC7FBF957AC3BDA910F4F7CF /* Pods_DataTests.framework */ = {isa = PBXFileReference; explicitFileType = wrapper.framework; includeInIndex = 0; path = Pods_DataTests.framework; sourceTree = BUILT_PRODUCTS_DIR; };
		C356C03BED3C6EA29042FDF9 /* Pods-DomainTests.debug.xcconfig */ = {isa = PBXFileReference; includeInIndex = 1; lastKnownFileType = text.xcconfig; name = "Pods-DomainTests.debug.xcconfig"; path = "Pods/Target Support Files/Pods-DomainTests/Pods-DomainTests.debug.xcconfig"; sourceTree = "<group>"; };
		C722B9794E224BE71B72DCD9 /* Pods-Data.debug.xcconfig */ = {isa = PBXFileReference; includeInIndex = 1; lastKnownFileType = text.xcconfig; name = "Pods-Data.debug.xcconfig"; path = "Pods/Target Support Files/Pods-Data/Pods-Data.debug.xcconfig"; sourceTree = "<group>"; };
		CCF36CB0AE4C749E8CF3A8AF /* Pods_Domain.framework */ = {isa = PBXFileReference; explicitFileType = wrapper.framework; includeInIndex = 0; path = Pods_Domain.framework; sourceTree = BUILT_PRODUCTS_DIR; };
		D5E5EDC6961FA13889F12064 /* Pods-Domain.release.xcconfig */ = {isa = PBXFileReference; includeInIndex = 1; lastKnownFileType = text.xcconfig; name = "Pods-Domain.release.xcconfig"; path = "Pods/Target Support Files/Pods-Domain/Pods-Domain.release.xcconfig"; sourceTree = "<group>"; };
		F075F75DD66F160B2C43A9BA /* Pods-DataTests.release.xcconfig */ = {isa = PBXFileReference; includeInIndex = 1; lastKnownFileType = text.xcconfig; name = "Pods-DataTests.release.xcconfig"; path = "Pods/Target Support Files/Pods-DataTests/Pods-DataTests.release.xcconfig"; sourceTree = "<group>"; };
		F2BAB2718716DBE1906D173A /* Pods-DomainTests.release.xcconfig */ = {isa = PBXFileReference; includeInIndex = 1; lastKnownFileType = text.xcconfig; name = "Pods-DomainTests.release.xcconfig"; path = "Pods/Target Support Files/Pods-DomainTests/Pods-DomainTests.release.xcconfig"; sourceTree = "<group>"; };
		F8FCEDC2B11F5FE11D248D13 /* Pods-CleanTests.release.xcconfig */ = {isa = PBXFileReference; includeInIndex = 1; lastKnownFileType = text.xcconfig; name = "Pods-CleanTests.release.xcconfig"; path = "Pods/Target Support Files/Pods-CleanTests/Pods-CleanTests.release.xcconfig"; sourceTree = "<group>"; };
/* End PBXFileReference section */

/* Begin PBXFrameworksBuildPhase section */
		5166D6E51E8DA6CA00E8FAFD /* Frameworks */ = {
			isa = PBXFrameworksBuildPhase;
			buildActionMask = 2147483647;
			files = (
				5166D7481E8DA6FC00E8FAFD /* Data.framework in Frameworks */,
				5166D7251E8DA6F100E8FAFD /* Domain.framework in Frameworks */,
				31CBE62E734278BD5374D4CD /* Pods_Clean.framework in Frameworks */,
			);
			runOnlyForDeploymentPostprocessing = 0;
		};
		5166D6F91E8DA6CA00E8FAFD /* Frameworks */ = {
			isa = PBXFrameworksBuildPhase;
			buildActionMask = 2147483647;
			files = (
				38D9DF6D4FEF21F11D318928 /* Pods_CleanTests.framework in Frameworks */,
			);
			runOnlyForDeploymentPostprocessing = 0;
		};
		5166D70C1E8DA6F100E8FAFD /* Frameworks */ = {
			isa = PBXFrameworksBuildPhase;
			buildActionMask = 2147483647;
			files = (
				86183A3075FF1D866914067C /* Pods_Domain.framework in Frameworks */,
			);
			runOnlyForDeploymentPostprocessing = 0;
		};
		5166D7151E8DA6F100E8FAFD /* Frameworks */ = {
			isa = PBXFrameworksBuildPhase;
			buildActionMask = 2147483647;
			files = (
				5166D7191E8DA6F100E8FAFD /* Domain.framework in Frameworks */,
				7C4DB90774E551476246F696 /* Pods_DomainTests.framework in Frameworks */,
			);
			runOnlyForDeploymentPostprocessing = 0;
		};
		5166D72F1E8DA6FC00E8FAFD /* Frameworks */ = {
			isa = PBXFrameworksBuildPhase;
			buildActionMask = 2147483647;
			files = (
				51A7186C1E8E3D0B006AE0E8 /* Domain.framework in Frameworks */,
				87DE79D204DC69D8BBA47DA8 /* Pods_Data.framework in Frameworks */,
			);
			runOnlyForDeploymentPostprocessing = 0;
		};
		5166D7381E8DA6FC00E8FAFD /* Frameworks */ = {
			isa = PBXFrameworksBuildPhase;
			buildActionMask = 2147483647;
			files = (
				5166D73C1E8DA6FC00E8FAFD /* Data.framework in Frameworks */,
				7D7E630512217384CDDB60F6 /* Pods_DataTests.framework in Frameworks */,
			);
			runOnlyForDeploymentPostprocessing = 0;
		};
/* End PBXFrameworksBuildPhase section */

/* Begin PBXGroup section */
		4EEA78E02248D749761F9B59 /* Frameworks */ = {
			isa = PBXGroup;
			children = (
				32DBD5017DD803B9BF2F0C89 /* Pods_Clean.framework */,
				3C254BDC7844369565D3D8B9 /* Pods_CleanTests.framework */,
				0239B2CDAD50FF1645E95E53 /* Pods_Data.framework */,
				BC7FBF957AC3BDA910F4F7CF /* Pods_DataTests.framework */,
				CCF36CB0AE4C749E8CF3A8AF /* Pods_Domain.framework */,
				680618C8801AA1F4FF8FAF6A /* Pods_DomainTests.framework */,
			);
			name = Frameworks;
			sourceTree = "<group>";
		};
		5166D6DF1E8DA6C900E8FAFD = {
			isa = PBXGroup;
			children = (
				5166D6EA1E8DA6CA00E8FAFD /* Clean */,
				5166D6FF1E8DA6CA00E8FAFD /* CleanTests */,
				5166D7111E8DA6F100E8FAFD /* Domain */,
				5166D71E1E8DA6F100E8FAFD /* DomainTests */,
				5166D7341E8DA6FC00E8FAFD /* Data */,
				5166D7411E8DA6FC00E8FAFD /* DataTests */,
				5166D6E91E8DA6CA00E8FAFD /* Products */,
				A5D681EA655B1E3A27801A55 /* Pods */,
				4EEA78E02248D749761F9B59 /* Frameworks */,
			);
			sourceTree = "<group>";
		};
		5166D6E91E8DA6CA00E8FAFD /* Products */ = {
			isa = PBXGroup;
			children = (
				5166D6E81E8DA6CA00E8FAFD /* Clean.app */,
				5166D6FC1E8DA6CA00E8FAFD /* CleanTests.xctest */,
				5166D7101E8DA6F100E8FAFD /* Domain.framework */,
				5166D7181E8DA6F100E8FAFD /* DomainTests.xctest */,
				5166D7331E8DA6FC00E8FAFD /* Data.framework */,
				5166D73B1E8DA6FC00E8FAFD /* DataTests.xctest */,
			);
			name = Products;
			sourceTree = "<group>";
		};
		5166D6EA1E8DA6CA00E8FAFD /* Clean */ = {
			isa = PBXGroup;
			children = (
				51CD534D1E92F8AC0042888F /* R.generated.swift */,
				5166D6EB1E8DA6CA00E8FAFD /* AppDelegate.swift */,
				5166D6EF1E8DA6CA00E8FAFD /* Main.storyboard */,
				5166D6F21E8DA6CA00E8FAFD /* Assets.xcassets */,
				5166D6F41E8DA6CA00E8FAFD /* LaunchScreen.storyboard */,
				5166D6F71E8DA6CA00E8FAFD /* Info.plist */,
				A95D25F7E3F2ED98FE05DFC1 /* Scenes */,
				A95D25A2C17E75BD4C2B0D3D /* Bootstrap */,
			);
			path = Clean;
			sourceTree = "<group>";
		};
		5166D6FF1E8DA6CA00E8FAFD /* CleanTests */ = {
			isa = PBXGroup;
			children = (
				5166D7001E8DA6CA00E8FAFD /* CleanTests.swift */,
				5166D7021E8DA6CA00E8FAFD /* Info.plist */,
			);
			path = CleanTests;
			sourceTree = "<group>";
		};
		5166D7111E8DA6F100E8FAFD /* Domain */ = {
			isa = PBXGroup;
			children = (
				5166D7121E8DA6F100E8FAFD /* Domain.h */,
				5166D7131E8DA6F100E8FAFD /* Info.plist */,
				A95D24EDBD88C2FC50BACD94 /* Contracts */,
				A95D265F647E422EA56B0152 /* Model */,
				A95D2169FB27D24A70A8778C /* UseCase */,
			);
			path = Domain;
			sourceTree = "<group>";
		};
		5166D71E1E8DA6F100E8FAFD /* DomainTests */ = {
			isa = PBXGroup;
			children = (
				5166D71F1E8DA6F100E8FAFD /* DomainTests.swift */,
				5166D7211E8DA6F100E8FAFD /* Info.plist */,
			);
			path = DomainTests;
			sourceTree = "<group>";
		};
		5166D7341E8DA6FC00E8FAFD /* Data */ = {
			isa = PBXGroup;
			children = (
				5166D7351E8DA6FC00E8FAFD /* Data.h */,
				5166D7361E8DA6FC00E8FAFD /* Info.plist */,
				A95D299557ED59F06BC44468 /* Repository */,
				A95D2C12D721E7DDF7ADCD8A /* Network */,
				A95D2AA21E86A75FA784EE0E /* Persistence */,
			);
			path = Data;
			sourceTree = "<group>";
		};
		5166D7411E8DA6FC00E8FAFD /* DataTests */ = {
			isa = PBXGroup;
			children = (
				5166D7421E8DA6FC00E8FAFD /* DataTests.swift */,
				5166D7441E8DA6FC00E8FAFD /* Info.plist */,
			);
			path = DataTests;
			sourceTree = "<group>";
		};
		A5D681EA655B1E3A27801A55 /* Pods */ = {
			isa = PBXGroup;
			children = (
				42AEDE2DE87563B92009EDB5 /* Pods-Clean.debug.xcconfig */,
				41E9A936DF9EF3B863181DAA /* Pods-Clean.release.xcconfig */,
				6504607B95C238F3C3EE651E /* Pods-CleanTests.debug.xcconfig */,
				F8FCEDC2B11F5FE11D248D13 /* Pods-CleanTests.release.xcconfig */,
				C722B9794E224BE71B72DCD9 /* Pods-Data.debug.xcconfig */,
				2AA549AC6865FA821419F94D /* Pods-Data.release.xcconfig */,
				A0508F43E79106F724FE0F4F /* Pods-DataTests.debug.xcconfig */,
				F075F75DD66F160B2C43A9BA /* Pods-DataTests.release.xcconfig */,
				BC66F669AC6E6E48882E6A91 /* Pods-Domain.debug.xcconfig */,
				D5E5EDC6961FA13889F12064 /* Pods-Domain.release.xcconfig */,
				C356C03BED3C6EA29042FDF9 /* Pods-DomainTests.debug.xcconfig */,
				F2BAB2718716DBE1906D173A /* Pods-DomainTests.release.xcconfig */,
			);
			name = Pods;
			sourceTree = "<group>";
		};
		A95D20C3036B50406963964D /* ChatList */ = {
			isa = PBXGroup;
			children = (
				A95D25C24FFCF2FC983F8167 /* ChatListViewController.swift */,
				A95D2FA2FF49D9E73EF6D5FD /* ChatListViewModel.swift */,
				A95D276AD28A42A9D340CD6A /* Cell */,
			);
			path = ChatList;
			sourceTree = "<group>";
		};
		A95D2169FB27D24A70A8778C /* UseCase */ = {
			isa = PBXGroup;
			children = (
				A95D20AAC183C87888FA57FA /* GetChatsUseCase.swift */,
				A95D29425B713EB80FD24C20 /* SendMessageUseCase.swift */,
				A95D2D875F8A112E5651FFD9 /* CreateChatUseCase.swift */,
				A95D201D07567DF399CB14B5 /* GetContactsUseCase.swift */,
				A95D21EC5AD238366D1CF665 /* LoginUseCase.swift */,
				A95D25AAF34C9F3B49903E79 /* LogoutUseCase.swift */,
			);
			path = UseCase;
			sourceTree = "<group>";
		};
		A95D2268593D34C24EFA4D94 /* Login */ = {
			isa = PBXGroup;
			children = (
				A95D25B650126D053B00A976 /* LoginViewController.swift */,
				A95D2733BFDFB0462CEEBA41 /* LoginViewModel.swift */,
			);
			path = Login;
			sourceTree = "<group>";
		};
		A95D24A6AE044F8307063130 /* Assemblies */ = {
			isa = PBXGroup;
			children = (
				A95D2D811B9313A2AC1875F3 /* DomainAssembly.swift */,
				A95D217EFFC83274E4351F50 /* ViewAssembly.swift */,
			);
			path = Assemblies;
			sourceTree = "<group>";
		};
		A95D24AC9F229E5614A2C598 /* Service */ = {
			isa = PBXGroup;
			children = (
				A95D21E93318EE298BF24BE3 /* ChatService.swift */,
				A95D2874DC67B8456457D706 /* MessageService.swift */,
			);
			path = Service;
			sourceTree = "<group>";
		};
		A95D24EDBD88C2FC50BACD94 /* Contracts */ = {
			isa = PBXGroup;
			children = (
				A95D2933E9F1BF6CF9A1CF8D /* Repository */,
				A95D2AAB5DF394ADB67646A1 /* Service */,
			);
			path = Contracts;
			sourceTree = "<group>";
		};
		A95D252E1A8EE2C94DDC46D6 /* API */ = {
			isa = PBXGroup;
			children = (
				A95D29528C41A283C979F9B0 /* ChatAPI.swift */,
				513F5BD81E92C81E006F1B81 /* ContactAPI.swift */,
			);
			name = API;
			path = Service;
			sourceTree = "<group>";
		};
		A95D25A2C17E75BD4C2B0D3D /* Bootstrap */ = {
			isa = PBXGroup;
			children = (
				513F5BCE1E913F7B006F1B81 /* Bootstrapper.swift */,
				A95D24A6AE044F8307063130 /* Assemblies */,
			);
			path = Bootstrap;
			sourceTree = "<group>";
		};
		A95D25F7E3F2ED98FE05DFC1 /* Scenes */ = {
			isa = PBXGroup;
			children = (
				A95D20C3036B50406963964D /* ChatList */,
				A95D2C34D265AFA4BF3BE3AB /* Chat */,
				A95D2268593D34C24EFA4D94 /* Login */,
			);
			path = Scenes;
			sourceTree = "<group>";
		};
		A95D265F647E422EA56B0152 /* Model */ = {
			isa = PBXGroup;
			children = (
				A95D257C49CF49E973B1D303 /* Contact.swift */,
				A95D289461C6A40D120A234F /* Chat.swift */,
				A95D2ED9EF43407A9AEDFAC9 /* Message.swift */,
				A95D21ACBFAB6B62B49A1B25 /* CurrentUser.swift */,
			);
			path = Model;
			sourceTree = "<group>";
		};
		A95D276AD28A42A9D340CD6A /* Cell */ = {
			isa = PBXGroup;
			children = (
				A95D2CC8AB81689693875B8B /* ChatListCellViewModel.swift */,
			);
			path = Cell;
			sourceTree = "<group>";
		};
		A95D2933E9F1BF6CF9A1CF8D /* Repository */ = {
			isa = PBXGroup;
			children = (
				A95D2804AC736324B5861ECA /* MessageRepository.swift */,
				A95D2EE10B26DC7BCA5108F3 /* ContactRepository.swift */,
				A95D21743F6670D0CAAD533B /* ChatRepository.swift */,
				A95D247F8A80A8E785286023 /* CurrentUserRepository.swift */,
			);
			path = Repository;
			sourceTree = "<group>";
		};
		A95D299557ED59F06BC44468 /* Repository */ = {
			isa = PBXGroup;
			children = (
				A95D27B1DBF14A58D759D1E0 /* ChatRepository.swift */,
				A95D2A2768A5BFF26487B5AF /* MessageRepository.swift */,
				A95D243CDCCCDB5EB1838444 /* CurrentUserRepository.swift */,
				A95D2B0AEE98F56FBBE03C5C /* ContactRepository.swift */,
			);
			path = Repository;
			sourceTree = "<group>";
		};
		A95D2AA21E86A75FA784EE0E /* Persistence */ = {
			isa = PBXGroup;
			children = (
				A95D23290ADC07DF9C2C4220 /* ChatDao.swift */,
				A95D25557C64A604A2767D4F /* ChatEntity.swift */,
				A95D23A89C35DF031626CD82 /* RealmDao.swift */,
			);
			path = Persistence;
			sourceTree = "<group>";
		};
		A95D2AAB5DF394ADB67646A1 /* Service */ = {
			isa = PBXGroup;
			children = (
				A95D29ABE6F7F750D827C5BE /* ChatService.swift */,
				A95D2253615A73C3AA2DED12 /* MessageService.swift */,
			);
			path = Service;
			sourceTree = "<group>";
		};
		A95D2C12D721E7DDF7ADCD8A /* Network */ = {
			isa = PBXGroup;
			children = (
				A95D252E1A8EE2C94DDC46D6 /* API */,
				A95D2E2BA7588E667A602D0D /* DTO */,
				A95D24AC9F229E5614A2C598 /* Service */,
			);
			path = Network;
			sourceTree = "<group>";
		};
		A95D2C34D265AFA4BF3BE3AB /* Chat */ = {
			isa = PBXGroup;
			children = (
				A95D27DE4534D563A7EAD25C /* ChatViewController.swift */,
				A95D23583E83BC132B3A6622 /* ChatViewModel.swift */,
			);
			path = Chat;
			sourceTree = "<group>";
		};
		A95D2E2BA7588E667A602D0D /* DTO */ = {
			isa = PBXGroup;
			children = (
				A95D26D9289E82B225301701 /* ChatDTO.swift */,
				A95D2EA65511DBCC7CE6DEFB /* MessageDTO.swift */,
				513F5BDA1E92C84E006F1B81 /* ContactDTO.swift */,
			);
			path = DTO;
			sourceTree = "<group>";
		};
/* End PBXGroup section */

/* Begin PBXHeadersBuildPhase section */
		5166D70D1E8DA6F100E8FAFD /* Headers */ = {
			isa = PBXHeadersBuildPhase;
			buildActionMask = 2147483647;
			files = (
				5166D7221E8DA6F100E8FAFD /* Domain.h in Headers */,
			);
			runOnlyForDeploymentPostprocessing = 0;
		};
		5166D7301E8DA6FC00E8FAFD /* Headers */ = {
			isa = PBXHeadersBuildPhase;
			buildActionMask = 2147483647;
			files = (
				5166D7451E8DA6FC00E8FAFD /* Data.h in Headers */,
			);
			runOnlyForDeploymentPostprocessing = 0;
		};
/* End PBXHeadersBuildPhase section */

/* Begin PBXNativeTarget section */
		5166D6E71E8DA6CA00E8FAFD /* Clean */ = {
			isa = PBXNativeTarget;
			buildConfigurationList = 5166D7051E8DA6CA00E8FAFD /* Build configuration list for PBXNativeTarget "Clean" */;
			buildPhases = (
				13017E183C4EA3DCC3A73308 /* [CP] Check Pods Manifest.lock */,
				A0C34095BAC589B4AE8792B9 /* [CP] Check Pods Manifest.lock */,
				753630DD3A786D54D463B1E3 /* [CP] Check Pods Manifest.lock */,
				513F5BE81E92F809006F1B81 /* R.Swift */,
				5166D6E41E8DA6CA00E8FAFD /* Sources */,
				5166D6E51E8DA6CA00E8FAFD /* Frameworks */,
				5166D6E61E8DA6CA00E8FAFD /* Resources */,
				5166D72A1E8DA6F100E8FAFD /* Embed Frameworks */,
				C8A54AA1763C884146BEA77F /* [CP] Embed Pods Frameworks */,
				CD8D0A14F76E51996D1FC229 /* [CP] Copy Pods Resources */,
				EF584A0C04D08951294BA9C4 /* 📦 Embed Pods Frameworks */,
				7F0CE3D05FCF4E6ABE88F206 /* 📦 Copy Pods Resources */,
			);
			buildRules = (
			);
			dependencies = (
				5166D7241E8DA6F100E8FAFD /* PBXTargetDependency */,
				5166D7471E8DA6FC00E8FAFD /* PBXTargetDependency */,
			);
			name = Clean;
			productName = Clean;
			productReference = 5166D6E81E8DA6CA00E8FAFD /* Clean.app */;
			productType = "com.apple.product-type.application";
		};
		5166D6FB1E8DA6CA00E8FAFD /* CleanTests */ = {
			isa = PBXNativeTarget;
			buildConfigurationList = 5166D7081E8DA6CA00E8FAFD /* Build configuration list for PBXNativeTarget "CleanTests" */;
			buildPhases = (
				9CACD9D90E4A6CCDD02EF2D6 /* [CP] Check Pods Manifest.lock */,
				2BBD321F845D8CBA4B478ADD /* [CP] Check Pods Manifest.lock */,
				9EBE78975C6558F965C5A0AB /* [CP] Check Pods Manifest.lock */,
				5166D6F81E8DA6CA00E8FAFD /* Sources */,
				5166D6F91E8DA6CA00E8FAFD /* Frameworks */,
				5166D6FA1E8DA6CA00E8FAFD /* Resources */,
				A6C4B9242F3457DBBD008841 /* [CP] Embed Pods Frameworks */,
				DC2760FE8FF8142D99B9ABBC /* [CP] Copy Pods Resources */,
				582D636E06B9FD39735A7B16 /* 📦 Embed Pods Frameworks */,
				52A7F3F9AE939F37AEFD544E /* 📦 Copy Pods Resources */,
			);
			buildRules = (
			);
			dependencies = (
				5166D6FE1E8DA6CA00E8FAFD /* PBXTargetDependency */,
			);
			name = CleanTests;
			productName = CleanTests;
			productReference = 5166D6FC1E8DA6CA00E8FAFD /* CleanTests.xctest */;
			productType = "com.apple.product-type.bundle.unit-test";
		};
		5166D70F1E8DA6F100E8FAFD /* Domain */ = {
			isa = PBXNativeTarget;
			buildConfigurationList = 5166D7271E8DA6F100E8FAFD /* Build configuration list for PBXNativeTarget "Domain" */;
			buildPhases = (
				07E6D09B95DD515A38545CBF /* [CP] Check Pods Manifest.lock */,
				586E309F30083F47DACF59A2 /* [CP] Check Pods Manifest.lock */,
				85CE7A138D3170942D2A0C16 /* [CP] Check Pods Manifest.lock */,
				5166D70B1E8DA6F100E8FAFD /* Sources */,
				5166D70C1E8DA6F100E8FAFD /* Frameworks */,
				5166D70D1E8DA6F100E8FAFD /* Headers */,
				5166D70E1E8DA6F100E8FAFD /* Resources */,
				75DED85131F36ED6831B288F /* [CP] Copy Pods Resources */,
				D64C075748B99EB356109E1D /* 📦 Copy Pods Resources */,
			);
			buildRules = (
			);
			dependencies = (
			);
			name = Domain;
			productName = Domain;
			productReference = 5166D7101E8DA6F100E8FAFD /* Domain.framework */;
			productType = "com.apple.product-type.framework";
		};
		5166D7171E8DA6F100E8FAFD /* DomainTests */ = {
			isa = PBXNativeTarget;
			buildConfigurationList = 5166D72B1E8DA6F100E8FAFD /* Build configuration list for PBXNativeTarget "DomainTests" */;
			buildPhases = (
				C3AE4193061B98B9C3DC3DC3 /* [CP] Check Pods Manifest.lock */,
				D578731DC4AE99E6FC7F4403 /* [CP] Check Pods Manifest.lock */,
				06E4B23767868BB455D8E9C4 /* [CP] Check Pods Manifest.lock */,
				5166D7141E8DA6F100E8FAFD /* Sources */,
				5166D7151E8DA6F100E8FAFD /* Frameworks */,
				5166D7161E8DA6F100E8FAFD /* Resources */,
				4969012EFDA79F73038E3726 /* [CP] Embed Pods Frameworks */,
				F44837C5C4AD4439C9F5EA96 /* [CP] Copy Pods Resources */,
				768AA34FBBC990C5954B211F /* 📦 Embed Pods Frameworks */,
				9E426A4952C24E252A9FFA16 /* 📦 Copy Pods Resources */,
			);
			buildRules = (
			);
			dependencies = (
				5166D71B1E8DA6F100E8FAFD /* PBXTargetDependency */,
				5166D71D1E8DA6F100E8FAFD /* PBXTargetDependency */,
			);
			name = DomainTests;
			productName = DomainTests;
			productReference = 5166D7181E8DA6F100E8FAFD /* DomainTests.xctest */;
			productType = "com.apple.product-type.bundle.unit-test";
		};
		5166D7321E8DA6FC00E8FAFD /* Data */ = {
			isa = PBXNativeTarget;
			buildConfigurationList = 5166D74A1E8DA6FC00E8FAFD /* Build configuration list for PBXNativeTarget "Data" */;
			buildPhases = (
				8AFD5A8E1205D4A58B9FC23F /* [CP] Check Pods Manifest.lock */,
				610223C9E540C0F9CC3C0E06 /* [CP] Check Pods Manifest.lock */,
				1A9AB57982B34F1D039EF603 /* [CP] Check Pods Manifest.lock */,
				5166D72E1E8DA6FC00E8FAFD /* Sources */,
				5166D72F1E8DA6FC00E8FAFD /* Frameworks */,
				5166D7301E8DA6FC00E8FAFD /* Headers */,
				5166D7311E8DA6FC00E8FAFD /* Resources */,
				3FA53887F541B0E1C1580F2D /* [CP] Copy Pods Resources */,
				FC0A387E5CB69948916363F4 /* 📦 Copy Pods Resources */,
			);
			buildRules = (
			);
			dependencies = (
			);
			name = Data;
			productName = Data;
			productReference = 5166D7331E8DA6FC00E8FAFD /* Data.framework */;
			productType = "com.apple.product-type.framework";
		};
		5166D73A1E8DA6FC00E8FAFD /* DataTests */ = {
			isa = PBXNativeTarget;
			buildConfigurationList = 5166D74D1E8DA6FC00E8FAFD /* Build configuration list for PBXNativeTarget "DataTests" */;
			buildPhases = (
				047F89EF003AA00895368760 /* [CP] Check Pods Manifest.lock */,
				52BA8462CA873135217A48DB /* [CP] Check Pods Manifest.lock */,
				757412B45A2E0400FC77D4F9 /* [CP] Check Pods Manifest.lock */,
				5166D7371E8DA6FC00E8FAFD /* Sources */,
				5166D7381E8DA6FC00E8FAFD /* Frameworks */,
				5166D7391E8DA6FC00E8FAFD /* Resources */,
				B63FB239A191AC95D58A5E07 /* [CP] Embed Pods Frameworks */,
				92097F49BAD492CEB8FC64E6 /* [CP] Copy Pods Resources */,
				F1C0F04CC85B24221A03697D /* 📦 Embed Pods Frameworks */,
				EE0E283DDB057CAF28AC7922 /* 📦 Copy Pods Resources */,
			);
			buildRules = (
			);
			dependencies = (
				5166D73E1E8DA6FC00E8FAFD /* PBXTargetDependency */,
				5166D7401E8DA6FC00E8FAFD /* PBXTargetDependency */,
			);
			name = DataTests;
			productName = DataTests;
			productReference = 5166D73B1E8DA6FC00E8FAFD /* DataTests.xctest */;
			productType = "com.apple.product-type.bundle.unit-test";
		};
/* End PBXNativeTarget section */

/* Begin PBXProject section */
		5166D6E01E8DA6C900E8FAFD /* Project object */ = {
			isa = PBXProject;
			attributes = {
				LastSwiftUpdateCheck = 0820;
				LastUpgradeCheck = 0830;
				ORGANIZATIONNAME = "LMIS AG";
				TargetAttributes = {
					5166D6E71E8DA6CA00E8FAFD = {
						CreatedOnToolsVersion = 8.2.1;
						DevelopmentTeam = 4LT2QBPKN6;
						ProvisioningStyle = Automatic;
					};
					5166D6FB1E8DA6CA00E8FAFD = {
						CreatedOnToolsVersion = 8.2.1;
						DevelopmentTeam = GMQ67TBP49;
						ProvisioningStyle = Automatic;
						TestTargetID = 5166D6E71E8DA6CA00E8FAFD;
					};
					5166D70F1E8DA6F100E8FAFD = {
						CreatedOnToolsVersion = 8.2.1;
						DevelopmentTeam = 4LT2QBPKN6;
						LastSwiftMigration = 0820;
						ProvisioningStyle = Automatic;
					};
					5166D7171E8DA6F100E8FAFD = {
						CreatedOnToolsVersion = 8.2.1;
						DevelopmentTeam = GMQ67TBP49;
						ProvisioningStyle = Automatic;
						TestTargetID = 5166D6E71E8DA6CA00E8FAFD;
					};
					5166D7321E8DA6FC00E8FAFD = {
						CreatedOnToolsVersion = 8.2.1;
						DevelopmentTeam = 4LT2QBPKN6;
						LastSwiftMigration = 0820;
						ProvisioningStyle = Automatic;
					};
					5166D73A1E8DA6FC00E8FAFD = {
						CreatedOnToolsVersion = 8.2.1;
						DevelopmentTeam = GMQ67TBP49;
						ProvisioningStyle = Automatic;
						TestTargetID = 5166D6E71E8DA6CA00E8FAFD;
					};
				};
			};
			buildConfigurationList = 5166D6E31E8DA6C900E8FAFD /* Build configuration list for PBXProject "Clean" */;
			compatibilityVersion = "Xcode 3.2";
			developmentRegion = English;
			hasScannedForEncodings = 0;
			knownRegions = (
				en,
				Base,
			);
			mainGroup = 5166D6DF1E8DA6C900E8FAFD;
			productRefGroup = 5166D6E91E8DA6CA00E8FAFD /* Products */;
			projectDirPath = "";
			projectRoot = "";
			targets = (
				5166D6E71E8DA6CA00E8FAFD /* Clean */,
				5166D6FB1E8DA6CA00E8FAFD /* CleanTests */,
				5166D70F1E8DA6F100E8FAFD /* Domain */,
				5166D7171E8DA6F100E8FAFD /* DomainTests */,
				5166D7321E8DA6FC00E8FAFD /* Data */,
				5166D73A1E8DA6FC00E8FAFD /* DataTests */,
			);
		};
/* End PBXProject section */

/* Begin PBXResourcesBuildPhase section */
		5166D6E61E8DA6CA00E8FAFD /* Resources */ = {
			isa = PBXResourcesBuildPhase;
			buildActionMask = 2147483647;
			files = (
				5166D6F61E8DA6CA00E8FAFD /* LaunchScreen.storyboard in Resources */,
				5166D6F31E8DA6CA00E8FAFD /* Assets.xcassets in Resources */,
				5166D6F11E8DA6CA00E8FAFD /* Main.storyboard in Resources */,
			);
			runOnlyForDeploymentPostprocessing = 0;
		};
		5166D6FA1E8DA6CA00E8FAFD /* Resources */ = {
			isa = PBXResourcesBuildPhase;
			buildActionMask = 2147483647;
			files = (
			);
			runOnlyForDeploymentPostprocessing = 0;
		};
		5166D70E1E8DA6F100E8FAFD /* Resources */ = {
			isa = PBXResourcesBuildPhase;
			buildActionMask = 2147483647;
			files = (
			);
			runOnlyForDeploymentPostprocessing = 0;
		};
		5166D7161E8DA6F100E8FAFD /* Resources */ = {
			isa = PBXResourcesBuildPhase;
			buildActionMask = 2147483647;
			files = (
			);
			runOnlyForDeploymentPostprocessing = 0;
		};
		5166D7311E8DA6FC00E8FAFD /* Resources */ = {
			isa = PBXResourcesBuildPhase;
			buildActionMask = 2147483647;
			files = (
			);
			runOnlyForDeploymentPostprocessing = 0;
		};
		5166D7391E8DA6FC00E8FAFD /* Resources */ = {
			isa = PBXResourcesBuildPhase;
			buildActionMask = 2147483647;
			files = (
			);
			runOnlyForDeploymentPostprocessing = 0;
		};
/* End PBXResourcesBuildPhase section */

/* Begin PBXShellScriptBuildPhase section */
		047F89EF003AA00895368760 /* [CP] Check Pods Manifest.lock */ = {
			isa = PBXShellScriptBuildPhase;
			buildActionMask = 2147483647;
			files = (
			);
			inputPaths = (
			);
			name = "[CP] Check Pods Manifest.lock";
			outputPaths = (
			);
			runOnlyForDeploymentPostprocessing = 0;
			shellPath = /bin/sh;
			shellScript = "diff \"${PODS_ROOT}/../Podfile.lock\" \"${PODS_ROOT}/Manifest.lock\" > /dev/null\nif [ $? != 0 ] ; then\n    # print error to STDERR\n    echo \"error: The sandbox is not in sync with the Podfile.lock. Run 'pod install' or update your CocoaPods installation.\" >&2\n    exit 1\nfi\n";
			showEnvVarsInLog = 0;
		};
		06E4B23767868BB455D8E9C4 /* [CP] Check Pods Manifest.lock */ = {
			isa = PBXShellScriptBuildPhase;
			buildActionMask = 2147483647;
			files = (
			);
			inputPaths = (
			);
			name = "[CP] Check Pods Manifest.lock";
			outputPaths = (
			);
			runOnlyForDeploymentPostprocessing = 0;
			shellPath = /bin/sh;
			shellScript = "diff \"${PODS_ROOT}/../Podfile.lock\" \"${PODS_ROOT}/Manifest.lock\" > /dev/null\nif [ $? != 0 ] ; then\n    # print error to STDERR\n    echo \"error: The sandbox is not in sync with the Podfile.lock. Run 'pod install' or update your CocoaPods installation.\" >&2\n    exit 1\nfi\n";
			showEnvVarsInLog = 0;
		};
		07E6D09B95DD515A38545CBF /* [CP] Check Pods Manifest.lock */ = {
			isa = PBXShellScriptBuildPhase;
			buildActionMask = 2147483647;
			files = (
			);
			inputPaths = (
			);
			name = "[CP] Check Pods Manifest.lock";
			outputPaths = (
			);
			runOnlyForDeploymentPostprocessing = 0;
			shellPath = /bin/sh;
			shellScript = "diff \"${PODS_ROOT}/../Podfile.lock\" \"${PODS_ROOT}/Manifest.lock\" > /dev/null\nif [ $? != 0 ] ; then\n    # print error to STDERR\n    echo \"error: The sandbox is not in sync with the Podfile.lock. Run 'pod install' or update your CocoaPods installation.\" >&2\n    exit 1\nfi\n";
			showEnvVarsInLog = 0;
		};
		13017E183C4EA3DCC3A73308 /* [CP] Check Pods Manifest.lock */ = {
			isa = PBXShellScriptBuildPhase;
			buildActionMask = 2147483647;
			files = (
			);
			inputPaths = (
			);
			name = "[CP] Check Pods Manifest.lock";
			outputPaths = (
			);
			runOnlyForDeploymentPostprocessing = 0;
			shellPath = /bin/sh;
			shellScript = "diff \"${PODS_ROOT}/../Podfile.lock\" \"${PODS_ROOT}/Manifest.lock\" > /dev/null\nif [ $? != 0 ] ; then\n    # print error to STDERR\n    echo \"error: The sandbox is not in sync with the Podfile.lock. Run 'pod install' or update your CocoaPods installation.\" >&2\n    exit 1\nfi\n";
			showEnvVarsInLog = 0;
		};
		1A9AB57982B34F1D039EF603 /* [CP] Check Pods Manifest.lock */ = {
			isa = PBXShellScriptBuildPhase;
			buildActionMask = 2147483647;
			files = (
			);
			inputPaths = (
			);
			name = "[CP] Check Pods Manifest.lock";
			outputPaths = (
			);
			runOnlyForDeploymentPostprocessing = 0;
			shellPath = /bin/sh;
			shellScript = "diff \"${PODS_ROOT}/../Podfile.lock\" \"${PODS_ROOT}/Manifest.lock\" > /dev/null\nif [ $? != 0 ] ; then\n    # print error to STDERR\n    echo \"error: The sandbox is not in sync with the Podfile.lock. Run 'pod install' or update your CocoaPods installation.\" >&2\n    exit 1\nfi\n";
			showEnvVarsInLog = 0;
		};
		2BBD321F845D8CBA4B478ADD /* [CP] Check Pods Manifest.lock */ = {
			isa = PBXShellScriptBuildPhase;
			buildActionMask = 2147483647;
			files = (
			);
			inputPaths = (
			);
			name = "[CP] Check Pods Manifest.lock";
			outputPaths = (
			);
			runOnlyForDeploymentPostprocessing = 0;
			shellPath = /bin/sh;
			shellScript = "diff \"${PODS_ROOT}/../Podfile.lock\" \"${PODS_ROOT}/Manifest.lock\" > /dev/null\nif [ $? != 0 ] ; then\n    # print error to STDERR\n    echo \"error: The sandbox is not in sync with the Podfile.lock. Run 'pod install' or update your CocoaPods installation.\" >&2\n    exit 1\nfi\n";
			showEnvVarsInLog = 0;
		};
		3FA53887F541B0E1C1580F2D /* [CP] Copy Pods Resources */ = {
			isa = PBXShellScriptBuildPhase;
			buildActionMask = 2147483647;
			files = (
			);
			inputPaths = (
			);
			name = "[CP] Copy Pods Resources";
			outputPaths = (
			);
			runOnlyForDeploymentPostprocessing = 0;
			shellPath = /bin/sh;
			shellScript = "\"${SRCROOT}/Pods/Target Support Files/Pods-Data/Pods-Data-resources.sh\"\n";
			showEnvVarsInLog = 0;
		};
		4969012EFDA79F73038E3726 /* [CP] Embed Pods Frameworks */ = {
			isa = PBXShellScriptBuildPhase;
			buildActionMask = 2147483647;
			files = (
			);
			inputPaths = (
			);
			name = "[CP] Embed Pods Frameworks";
			outputPaths = (
			);
			runOnlyForDeploymentPostprocessing = 0;
			shellPath = /bin/sh;
			shellScript = "\"${SRCROOT}/Pods/Target Support Files/Pods-DomainTests/Pods-DomainTests-frameworks.sh\"\n";
			showEnvVarsInLog = 0;
		};
		513F5BE81E92F809006F1B81 /* R.Swift */ = {
			isa = PBXShellScriptBuildPhase;
			buildActionMask = 2147483647;
			files = (
			);
			inputPaths = (
			);
			name = R.Swift;
			outputPaths = (
			);
			runOnlyForDeploymentPostprocessing = 0;
			shellPath = /bin/sh;
			shellScript = "\"$PODS_ROOT/R.swift/rswift\" \"$SRCROOT\"";
		};
		52A7F3F9AE939F37AEFD544E /* 📦 Copy Pods Resources */ = {
			isa = PBXShellScriptBuildPhase;
			buildActionMask = 2147483647;
			files = (
			);
			inputPaths = (
			);
			name = "📦 Copy Pods Resources";
			outputPaths = (
			);
			runOnlyForDeploymentPostprocessing = 0;
			shellPath = /bin/sh;
			shellScript = "\"${SRCROOT}/Pods/Target Support Files/Pods-CleanTests/Pods-CleanTests-resources.sh\"\n";
			showEnvVarsInLog = 0;
		};
		52BA8462CA873135217A48DB /* [CP] Check Pods Manifest.lock */ = {
			isa = PBXShellScriptBuildPhase;
			buildActionMask = 2147483647;
			files = (
			);
			inputPaths = (
			);
			name = "[CP] Check Pods Manifest.lock";
			outputPaths = (
			);
			runOnlyForDeploymentPostprocessing = 0;
			shellPath = /bin/sh;
			shellScript = "diff \"${PODS_ROOT}/../Podfile.lock\" \"${PODS_ROOT}/Manifest.lock\" > /dev/null\nif [ $? != 0 ] ; then\n    # print error to STDERR\n    echo \"error: The sandbox is not in sync with the Podfile.lock. Run 'pod install' or update your CocoaPods installation.\" >&2\n    exit 1\nfi\n";
			showEnvVarsInLog = 0;
		};
		582D636E06B9FD39735A7B16 /* 📦 Embed Pods Frameworks */ = {
			isa = PBXShellScriptBuildPhase;
			buildActionMask = 2147483647;
			files = (
			);
			inputPaths = (
			);
			name = "📦 Embed Pods Frameworks";
			outputPaths = (
			);
			runOnlyForDeploymentPostprocessing = 0;
			shellPath = /bin/sh;
			shellScript = "\"${SRCROOT}/Pods/Target Support Files/Pods-CleanTests/Pods-CleanTests-frameworks.sh\"\n";
			showEnvVarsInLog = 0;
		};
		586E309F30083F47DACF59A2 /* [CP] Check Pods Manifest.lock */ = {
			isa = PBXShellScriptBuildPhase;
			buildActionMask = 2147483647;
			files = (
			);
			inputPaths = (
			);
			name = "[CP] Check Pods Manifest.lock";
			outputPaths = (
			);
			runOnlyForDeploymentPostprocessing = 0;
			shellPath = /bin/sh;
			shellScript = "diff \"${PODS_ROOT}/../Podfile.lock\" \"${PODS_ROOT}/Manifest.lock\" > /dev/null\nif [ $? != 0 ] ; then\n    # print error to STDERR\n    echo \"error: The sandbox is not in sync with the Podfile.lock. Run 'pod install' or update your CocoaPods installation.\" >&2\n    exit 1\nfi\n";
			showEnvVarsInLog = 0;
		};
		610223C9E540C0F9CC3C0E06 /* [CP] Check Pods Manifest.lock */ = {
			isa = PBXShellScriptBuildPhase;
			buildActionMask = 2147483647;
			files = (
			);
			inputPaths = (
			);
			name = "[CP] Check Pods Manifest.lock";
			outputPaths = (
			);
			runOnlyForDeploymentPostprocessing = 0;
			shellPath = /bin/sh;
			shellScript = "diff \"${PODS_ROOT}/../Podfile.lock\" \"${PODS_ROOT}/Manifest.lock\" > /dev/null\nif [ $? != 0 ] ; then\n    # print error to STDERR\n    echo \"error: The sandbox is not in sync with the Podfile.lock. Run 'pod install' or update your CocoaPods installation.\" >&2\n    exit 1\nfi\n";
			showEnvVarsInLog = 0;
		};
		753630DD3A786D54D463B1E3 /* [CP] Check Pods Manifest.lock */ = {
			isa = PBXShellScriptBuildPhase;
			buildActionMask = 2147483647;
			files = (
			);
			inputPaths = (
			);
			name = "[CP] Check Pods Manifest.lock";
			outputPaths = (
			);
			runOnlyForDeploymentPostprocessing = 0;
			shellPath = /bin/sh;
			shellScript = "diff \"${PODS_ROOT}/../Podfile.lock\" \"${PODS_ROOT}/Manifest.lock\" > /dev/null\nif [ $? != 0 ] ; then\n    # print error to STDERR\n    echo \"error: The sandbox is not in sync with the Podfile.lock. Run 'pod install' or update your CocoaPods installation.\" >&2\n    exit 1\nfi\n";
			showEnvVarsInLog = 0;
		};
		757412B45A2E0400FC77D4F9 /* [CP] Check Pods Manifest.lock */ = {
			isa = PBXShellScriptBuildPhase;
			buildActionMask = 2147483647;
			files = (
			);
			inputPaths = (
			);
			name = "[CP] Check Pods Manifest.lock";
			outputPaths = (
			);
			runOnlyForDeploymentPostprocessing = 0;
			shellPath = /bin/sh;
			shellScript = "diff \"${PODS_ROOT}/../Podfile.lock\" \"${PODS_ROOT}/Manifest.lock\" > /dev/null\nif [ $? != 0 ] ; then\n    # print error to STDERR\n    echo \"error: The sandbox is not in sync with the Podfile.lock. Run 'pod install' or update your CocoaPods installation.\" >&2\n    exit 1\nfi\n";
			showEnvVarsInLog = 0;
		};
		75DED85131F36ED6831B288F /* [CP] Copy Pods Resources */ = {
			isa = PBXShellScriptBuildPhase;
			buildActionMask = 2147483647;
			files = (
			);
			inputPaths = (
			);
			name = "[CP] Copy Pods Resources";
			outputPaths = (
			);
			runOnlyForDeploymentPostprocessing = 0;
			shellPath = /bin/sh;
			shellScript = "\"${SRCROOT}/Pods/Target Support Files/Pods-Domain/Pods-Domain-resources.sh\"\n";
			showEnvVarsInLog = 0;
		};
		768AA34FBBC990C5954B211F /* 📦 Embed Pods Frameworks */ = {
			isa = PBXShellScriptBuildPhase;
			buildActionMask = 2147483647;
			files = (
			);
			inputPaths = (
			);
			name = "📦 Embed Pods Frameworks";
			outputPaths = (
			);
			runOnlyForDeploymentPostprocessing = 0;
			shellPath = /bin/sh;
			shellScript = "\"${SRCROOT}/Pods/Target Support Files/Pods-DomainTests/Pods-DomainTests-frameworks.sh\"\n";
			showEnvVarsInLog = 0;
		};
		7F0CE3D05FCF4E6ABE88F206 /* 📦 Copy Pods Resources */ = {
			isa = PBXShellScriptBuildPhase;
			buildActionMask = 2147483647;
			files = (
			);
			inputPaths = (
			);
			name = "📦 Copy Pods Resources";
			outputPaths = (
			);
			runOnlyForDeploymentPostprocessing = 0;
			shellPath = /bin/sh;
			shellScript = "\"${SRCROOT}/Pods/Target Support Files/Pods-Clean/Pods-Clean-resources.sh\"\n";
			showEnvVarsInLog = 0;
		};
		85CE7A138D3170942D2A0C16 /* [CP] Check Pods Manifest.lock */ = {
			isa = PBXShellScriptBuildPhase;
			buildActionMask = 2147483647;
			files = (
			);
			inputPaths = (
			);
			name = "[CP] Check Pods Manifest.lock";
			outputPaths = (
			);
			runOnlyForDeploymentPostprocessing = 0;
			shellPath = /bin/sh;
			shellScript = "diff \"${PODS_ROOT}/../Podfile.lock\" \"${PODS_ROOT}/Manifest.lock\" > /dev/null\nif [ $? != 0 ] ; then\n    # print error to STDERR\n    echo \"error: The sandbox is not in sync with the Podfile.lock. Run 'pod install' or update your CocoaPods installation.\" >&2\n    exit 1\nfi\n";
			showEnvVarsInLog = 0;
		};
		8AFD5A8E1205D4A58B9FC23F /* [CP] Check Pods Manifest.lock */ = {
			isa = PBXShellScriptBuildPhase;
			buildActionMask = 2147483647;
			files = (
			);
			inputPaths = (
			);
			name = "[CP] Check Pods Manifest.lock";
			outputPaths = (
			);
			runOnlyForDeploymentPostprocessing = 0;
			shellPath = /bin/sh;
			shellScript = "diff \"${PODS_ROOT}/../Podfile.lock\" \"${PODS_ROOT}/Manifest.lock\" > /dev/null\nif [ $? != 0 ] ; then\n    # print error to STDERR\n    echo \"error: The sandbox is not in sync with the Podfile.lock. Run 'pod install' or update your CocoaPods installation.\" >&2\n    exit 1\nfi\n";
			showEnvVarsInLog = 0;
		};
		92097F49BAD492CEB8FC64E6 /* [CP] Copy Pods Resources */ = {
			isa = PBXShellScriptBuildPhase;
			buildActionMask = 2147483647;
			files = (
			);
			inputPaths = (
			);
			name = "[CP] Copy Pods Resources";
			outputPaths = (
			);
			runOnlyForDeploymentPostprocessing = 0;
			shellPath = /bin/sh;
			shellScript = "\"${SRCROOT}/Pods/Target Support Files/Pods-DataTests/Pods-DataTests-resources.sh\"\n";
			showEnvVarsInLog = 0;
		};
		9CACD9D90E4A6CCDD02EF2D6 /* [CP] Check Pods Manifest.lock */ = {
			isa = PBXShellScriptBuildPhase;
			buildActionMask = 2147483647;
			files = (
			);
			inputPaths = (
			);
			name = "[CP] Check Pods Manifest.lock";
			outputPaths = (
			);
			runOnlyForDeploymentPostprocessing = 0;
			shellPath = /bin/sh;
			shellScript = "diff \"${PODS_ROOT}/../Podfile.lock\" \"${PODS_ROOT}/Manifest.lock\" > /dev/null\nif [ $? != 0 ] ; then\n    # print error to STDERR\n    echo \"error: The sandbox is not in sync with the Podfile.lock. Run 'pod install' or update your CocoaPods installation.\" >&2\n    exit 1\nfi\n";
			showEnvVarsInLog = 0;
		};
		9E426A4952C24E252A9FFA16 /* 📦 Copy Pods Resources */ = {
			isa = PBXShellScriptBuildPhase;
			buildActionMask = 2147483647;
			files = (
			);
			inputPaths = (
			);
			name = "📦 Copy Pods Resources";
			outputPaths = (
			);
			runOnlyForDeploymentPostprocessing = 0;
			shellPath = /bin/sh;
			shellScript = "\"${SRCROOT}/Pods/Target Support Files/Pods-DomainTests/Pods-DomainTests-resources.sh\"\n";
			showEnvVarsInLog = 0;
		};
		9EBE78975C6558F965C5A0AB /* [CP] Check Pods Manifest.lock */ = {
			isa = PBXShellScriptBuildPhase;
			buildActionMask = 2147483647;
			files = (
			);
			inputPaths = (
			);
			name = "[CP] Check Pods Manifest.lock";
			outputPaths = (
			);
			runOnlyForDeploymentPostprocessing = 0;
			shellPath = /bin/sh;
			shellScript = "diff \"${PODS_ROOT}/../Podfile.lock\" \"${PODS_ROOT}/Manifest.lock\" > /dev/null\nif [ $? != 0 ] ; then\n    # print error to STDERR\n    echo \"error: The sandbox is not in sync with the Podfile.lock. Run 'pod install' or update your CocoaPods installation.\" >&2\n    exit 1\nfi\n";
			showEnvVarsInLog = 0;
		};
		A0C34095BAC589B4AE8792B9 /* [CP] Check Pods Manifest.lock */ = {
			isa = PBXShellScriptBuildPhase;
			buildActionMask = 2147483647;
			files = (
			);
			inputPaths = (
			);
			name = "[CP] Check Pods Manifest.lock";
			outputPaths = (
			);
			runOnlyForDeploymentPostprocessing = 0;
			shellPath = /bin/sh;
			shellScript = "diff \"${PODS_ROOT}/../Podfile.lock\" \"${PODS_ROOT}/Manifest.lock\" > /dev/null\nif [ $? != 0 ] ; then\n    # print error to STDERR\n    echo \"error: The sandbox is not in sync with the Podfile.lock. Run 'pod install' or update your CocoaPods installation.\" >&2\n    exit 1\nfi\n";
			showEnvVarsInLog = 0;
		};
		A6C4B9242F3457DBBD008841 /* [CP] Embed Pods Frameworks */ = {
			isa = PBXShellScriptBuildPhase;
			buildActionMask = 2147483647;
			files = (
			);
			inputPaths = (
			);
			name = "[CP] Embed Pods Frameworks";
			outputPaths = (
			);
			runOnlyForDeploymentPostprocessing = 0;
			shellPath = /bin/sh;
			shellScript = "\"${SRCROOT}/Pods/Target Support Files/Pods-CleanTests/Pods-CleanTests-frameworks.sh\"\n";
			showEnvVarsInLog = 0;
		};
		B63FB239A191AC95D58A5E07 /* [CP] Embed Pods Frameworks */ = {
			isa = PBXShellScriptBuildPhase;
			buildActionMask = 2147483647;
			files = (
			);
			inputPaths = (
			);
			name = "[CP] Embed Pods Frameworks";
			outputPaths = (
			);
			runOnlyForDeploymentPostprocessing = 0;
			shellPath = /bin/sh;
			shellScript = "\"${SRCROOT}/Pods/Target Support Files/Pods-DataTests/Pods-DataTests-frameworks.sh\"\n";
			showEnvVarsInLog = 0;
		};
		C3AE4193061B98B9C3DC3DC3 /* [CP] Check Pods Manifest.lock */ = {
			isa = PBXShellScriptBuildPhase;
			buildActionMask = 2147483647;
			files = (
			);
			inputPaths = (
			);
			name = "[CP] Check Pods Manifest.lock";
			outputPaths = (
			);
			runOnlyForDeploymentPostprocessing = 0;
			shellPath = /bin/sh;
			shellScript = "diff \"${PODS_ROOT}/../Podfile.lock\" \"${PODS_ROOT}/Manifest.lock\" > /dev/null\nif [ $? != 0 ] ; then\n    # print error to STDERR\n    echo \"error: The sandbox is not in sync with the Podfile.lock. Run 'pod install' or update your CocoaPods installation.\" >&2\n    exit 1\nfi\n";
			showEnvVarsInLog = 0;
		};
		C8A54AA1763C884146BEA77F /* [CP] Embed Pods Frameworks */ = {
			isa = PBXShellScriptBuildPhase;
			buildActionMask = 2147483647;
			files = (
			);
			inputPaths = (
			);
			name = "[CP] Embed Pods Frameworks";
			outputPaths = (
			);
			runOnlyForDeploymentPostprocessing = 0;
			shellPath = /bin/sh;
			shellScript = "\"${SRCROOT}/Pods/Target Support Files/Pods-Clean/Pods-Clean-frameworks.sh\"\n";
			showEnvVarsInLog = 0;
		};
		CD8D0A14F76E51996D1FC229 /* [CP] Copy Pods Resources */ = {
			isa = PBXShellScriptBuildPhase;
			buildActionMask = 2147483647;
			files = (
			);
			inputPaths = (
			);
			name = "[CP] Copy Pods Resources";
			outputPaths = (
			);
			runOnlyForDeploymentPostprocessing = 0;
			shellPath = /bin/sh;
			shellScript = "\"${SRCROOT}/Pods/Target Support Files/Pods-Clean/Pods-Clean-resources.sh\"\n";
			showEnvVarsInLog = 0;
		};
		D578731DC4AE99E6FC7F4403 /* [CP] Check Pods Manifest.lock */ = {
			isa = PBXShellScriptBuildPhase;
			buildActionMask = 2147483647;
			files = (
			);
			inputPaths = (
			);
			name = "[CP] Check Pods Manifest.lock";
			outputPaths = (
			);
			runOnlyForDeploymentPostprocessing = 0;
			shellPath = /bin/sh;
			shellScript = "diff \"${PODS_ROOT}/../Podfile.lock\" \"${PODS_ROOT}/Manifest.lock\" > /dev/null\nif [ $? != 0 ] ; then\n    # print error to STDERR\n    echo \"error: The sandbox is not in sync with the Podfile.lock. Run 'pod install' or update your CocoaPods installation.\" >&2\n    exit 1\nfi\n";
			showEnvVarsInLog = 0;
		};
		D64C075748B99EB356109E1D /* 📦 Copy Pods Resources */ = {
			isa = PBXShellScriptBuildPhase;
			buildActionMask = 2147483647;
			files = (
			);
			inputPaths = (
			);
			name = "📦 Copy Pods Resources";
			outputPaths = (
			);
			runOnlyForDeploymentPostprocessing = 0;
			shellPath = /bin/sh;
			shellScript = "\"${SRCROOT}/Pods/Target Support Files/Pods-Domain/Pods-Domain-resources.sh\"\n";
			showEnvVarsInLog = 0;
		};
		DC2760FE8FF8142D99B9ABBC /* [CP] Copy Pods Resources */ = {
			isa = PBXShellScriptBuildPhase;
			buildActionMask = 2147483647;
			files = (
			);
			inputPaths = (
			);
			name = "[CP] Copy Pods Resources";
			outputPaths = (
			);
			runOnlyForDeploymentPostprocessing = 0;
			shellPath = /bin/sh;
			shellScript = "\"${SRCROOT}/Pods/Target Support Files/Pods-CleanTests/Pods-CleanTests-resources.sh\"\n";
			showEnvVarsInLog = 0;
		};
		EE0E283DDB057CAF28AC7922 /* 📦 Copy Pods Resources */ = {
			isa = PBXShellScriptBuildPhase;
			buildActionMask = 2147483647;
			files = (
			);
			inputPaths = (
			);
			name = "📦 Copy Pods Resources";
			outputPaths = (
			);
			runOnlyForDeploymentPostprocessing = 0;
			shellPath = /bin/sh;
			shellScript = "\"${SRCROOT}/Pods/Target Support Files/Pods-DataTests/Pods-DataTests-resources.sh\"\n";
			showEnvVarsInLog = 0;
		};
		EF584A0C04D08951294BA9C4 /* 📦 Embed Pods Frameworks */ = {
			isa = PBXShellScriptBuildPhase;
			buildActionMask = 2147483647;
			files = (
			);
			inputPaths = (
			);
			name = "📦 Embed Pods Frameworks";
			outputPaths = (
			);
			runOnlyForDeploymentPostprocessing = 0;
			shellPath = /bin/sh;
			shellScript = "\"${SRCROOT}/Pods/Target Support Files/Pods-Clean/Pods-Clean-frameworks.sh\"\n";
			showEnvVarsInLog = 0;
		};
		F1C0F04CC85B24221A03697D /* 📦 Embed Pods Frameworks */ = {
			isa = PBXShellScriptBuildPhase;
			buildActionMask = 2147483647;
			files = (
			);
			inputPaths = (
			);
			name = "📦 Embed Pods Frameworks";
			outputPaths = (
			);
			runOnlyForDeploymentPostprocessing = 0;
			shellPath = /bin/sh;
			shellScript = "\"${SRCROOT}/Pods/Target Support Files/Pods-DataTests/Pods-DataTests-frameworks.sh\"\n";
			showEnvVarsInLog = 0;
		};
		F44837C5C4AD4439C9F5EA96 /* [CP] Copy Pods Resources */ = {
			isa = PBXShellScriptBuildPhase;
			buildActionMask = 2147483647;
			files = (
			);
			inputPaths = (
			);
			name = "[CP] Copy Pods Resources";
			outputPaths = (
			);
			runOnlyForDeploymentPostprocessing = 0;
			shellPath = /bin/sh;
			shellScript = "\"${SRCROOT}/Pods/Target Support Files/Pods-DomainTests/Pods-DomainTests-resources.sh\"\n";
			showEnvVarsInLog = 0;
		};
		FC0A387E5CB69948916363F4 /* 📦 Copy Pods Resources */ = {
			isa = PBXShellScriptBuildPhase;
			buildActionMask = 2147483647;
			files = (
			);
			inputPaths = (
			);
			name = "📦 Copy Pods Resources";
			outputPaths = (
			);
			runOnlyForDeploymentPostprocessing = 0;
			shellPath = /bin/sh;
			shellScript = "\"${SRCROOT}/Pods/Target Support Files/Pods-Data/Pods-Data-resources.sh\"\n";
			showEnvVarsInLog = 0;
		};
/* End PBXShellScriptBuildPhase section */

/* Begin PBXSourcesBuildPhase section */
		5166D6E41E8DA6CA00E8FAFD /* Sources */ = {
			isa = PBXSourcesBuildPhase;
			buildActionMask = 2147483647;
			files = (
				5166D6EC1E8DA6CA00E8FAFD /* AppDelegate.swift in Sources */,
				A95D24D43F123387C9FEEAC6 /* ChatListViewController.swift in Sources */,
				51CD534E1E92F8AC0042888F /* R.generated.swift in Sources */,
				A95D2D548BB4A129F6B0EABB /* ChatListViewModel.swift in Sources */,
				A95D2565B3BA8D28B015C6F3 /* ChatViewController.swift in Sources */,
				513F5BCF1E913F7B006F1B81 /* Bootstrapper.swift in Sources */,
				A95D2019B44A2D6AF5F07C19 /* ChatViewModel.swift in Sources */,
				513F5BE71E92F211006F1B81 /* LoginViewModel.swift in Sources */,
				A95D2C15648A4FBCE15A535B /* MessageDTO.swift in Sources */,
				A95D22A663DD4E56CC7A5AE0 /* ChatListCellViewModel.swift in Sources */,
				A95D261B1A3D7121ACB6E113 /* DomainAssembly.swift in Sources */,
				A95D2484393145D1E014C023 /* ViewAssembly.swift in Sources */,
				A95D23B54B73E3367D6C5C37 /* LogoutUseCase.swift in Sources */,
				513F5BE61E92F1F3006F1B81 /* LoginViewController.swift in Sources */,
				A95D271D9F075D717AC0BD94 /* MessageRepository.swift in Sources */,
			);
			runOnlyForDeploymentPostprocessing = 0;
		};
		5166D6F81E8DA6CA00E8FAFD /* Sources */ = {
			isa = PBXSourcesBuildPhase;
			buildActionMask = 2147483647;
			files = (
				5166D7011E8DA6CA00E8FAFD /* CleanTests.swift in Sources */,
			);
			runOnlyForDeploymentPostprocessing = 0;
		};
		5166D70B1E8DA6F100E8FAFD /* Sources */ = {
			isa = PBXSourcesBuildPhase;
			buildActionMask = 2147483647;
			files = (
				A95D245A654DBDC47995BA56 /* Contact.swift in Sources */,
				A95D2759D8751F5ED5E5314F /* Chat.swift in Sources */,
				A95D259623582459096BDABE /* Message.swift in Sources */,
				A95D28B804828381846747E5 /* GetChatsUseCase.swift in Sources */,
				A95D208FE6F6962165F06789 /* SendMessageUseCase.swift in Sources */,
				A95D224CB82D612AA96E0214 /* CreateChatUseCase.swift in Sources */,
				A95D27EDE3524BEB3EB29E40 /* GetContactsUseCase.swift in Sources */,
				A95D23EAA150DE5FC5D66780 /* MessageRepository.swift in Sources */,
				513F5BE41E92E695006F1B81 /* CurrentUserRepository.swift in Sources */,
				A95D285875CD411B2E5543D0 /* ContactRepository.swift in Sources */,
				A95D22C906316D9DFC337D2F /* ChatRepository.swift in Sources */,
				A95D2E86205F4E8E7C7FE799 /* ChatService.swift in Sources */,
				A95D2D58119424D6D9B1C68E /* MessageService.swift in Sources */,
				513F5BE21E92E675006F1B81 /* CurrentUser.swift in Sources */,
				513F5BE51E92E731006F1B81 /* LoginUseCase.swift in Sources */,
			);
			runOnlyForDeploymentPostprocessing = 0;
		};
		5166D7141E8DA6F100E8FAFD /* Sources */ = {
			isa = PBXSourcesBuildPhase;
			buildActionMask = 2147483647;
			files = (
				5166D7201E8DA6F100E8FAFD /* DomainTests.swift in Sources */,
			);
			runOnlyForDeploymentPostprocessing = 0;
		};
		5166D72E1E8DA6FC00E8FAFD /* Sources */ = {
			isa = PBXSourcesBuildPhase;
			buildActionMask = 2147483647;
			files = (
				513F5BE31E92E685006F1B81 /* CurrentUserRepository.swift in Sources */,
				513F5BD01E914ACF006F1B81 /* ChatDao.swift in Sources */,
				513F5BD91E92C81E006F1B81 /* ContactAPI.swift in Sources */,
				A95D2268F8DD243AD30761D6 /* ChatRepository.swift in Sources */,
				513F5BDB1E92C84E006F1B81 /* ContactDTO.swift in Sources */,
				A95D2ED97AE5289B28916FD8 /* ChatAPI.swift in Sources */,
				513F5BD11E914AD3006F1B81 /* ChatEntity.swift in Sources */,
				513F5BD21E914AD6006F1B81 /* RealmDao.swift in Sources */,
				A95D2E2F508A57C0432AE89E /* ChatDTO.swift in Sources */,
				A95D210005CD0CB88CBD1E1C /* ChatService.swift in Sources */,
				A95D27F6BF18EF2530A05868 /* MessageService.swift in Sources */,
				A95D287AB8DD243DCE7A40E9 /* ContactRepository.swift in Sources */,
			);
			runOnlyForDeploymentPostprocessing = 0;
		};
		5166D7371E8DA6FC00E8FAFD /* Sources */ = {
			isa = PBXSourcesBuildPhase;
			buildActionMask = 2147483647;
			files = (
				5166D7431E8DA6FC00E8FAFD /* DataTests.swift in Sources */,
			);
			runOnlyForDeploymentPostprocessing = 0;
		};
/* End PBXSourcesBuildPhase section */

/* Begin PBXTargetDependency section */
		5166D6FE1E8DA6CA00E8FAFD /* PBXTargetDependency */ = {
			isa = PBXTargetDependency;
			target = 5166D6E71E8DA6CA00E8FAFD /* Clean */;
			targetProxy = 5166D6FD1E8DA6CA00E8FAFD /* PBXContainerItemProxy */;
		};
		5166D71B1E8DA6F100E8FAFD /* PBXTargetDependency */ = {
			isa = PBXTargetDependency;
			target = 5166D70F1E8DA6F100E8FAFD /* Domain */;
			targetProxy = 5166D71A1E8DA6F100E8FAFD /* PBXContainerItemProxy */;
		};
		5166D71D1E8DA6F100E8FAFD /* PBXTargetDependency */ = {
			isa = PBXTargetDependency;
			target = 5166D6E71E8DA6CA00E8FAFD /* Clean */;
			targetProxy = 5166D71C1E8DA6F100E8FAFD /* PBXContainerItemProxy */;
		};
		5166D7241E8DA6F100E8FAFD /* PBXTargetDependency */ = {
			isa = PBXTargetDependency;
			target = 5166D70F1E8DA6F100E8FAFD /* Domain */;
			targetProxy = 5166D7231E8DA6F100E8FAFD /* PBXContainerItemProxy */;
		};
		5166D73E1E8DA6FC00E8FAFD /* PBXTargetDependency */ = {
			isa = PBXTargetDependency;
			target = 5166D7321E8DA6FC00E8FAFD /* Data */;
			targetProxy = 5166D73D1E8DA6FC00E8FAFD /* PBXContainerItemProxy */;
		};
		5166D7401E8DA6FC00E8FAFD /* PBXTargetDependency */ = {
			isa = PBXTargetDependency;
			target = 5166D6E71E8DA6CA00E8FAFD /* Clean */;
			targetProxy = 5166D73F1E8DA6FC00E8FAFD /* PBXContainerItemProxy */;
		};
		5166D7471E8DA6FC00E8FAFD /* PBXTargetDependency */ = {
			isa = PBXTargetDependency;
			target = 5166D7321E8DA6FC00E8FAFD /* Data */;
			targetProxy = 5166D7461E8DA6FC00E8FAFD /* PBXContainerItemProxy */;
		};
/* End PBXTargetDependency section */

/* Begin PBXVariantGroup section */
		5166D6EF1E8DA6CA00E8FAFD /* Main.storyboard */ = {
			isa = PBXVariantGroup;
			children = (
				5166D6F01E8DA6CA00E8FAFD /* Base */,
			);
			name = Main.storyboard;
			sourceTree = "<group>";
		};
		5166D6F41E8DA6CA00E8FAFD /* LaunchScreen.storyboard */ = {
			isa = PBXVariantGroup;
			children = (
				5166D6F51E8DA6CA00E8FAFD /* Base */,
			);
			name = LaunchScreen.storyboard;
			sourceTree = "<group>";
		};
/* End PBXVariantGroup section */

/* Begin XCBuildConfiguration section */
		5166D7031E8DA6CA00E8FAFD /* Debug */ = {
			isa = XCBuildConfiguration;
			buildSettings = {
				ALWAYS_SEARCH_USER_PATHS = NO;
				CLANG_ANALYZER_NONNULL = YES;
				CLANG_CXX_LANGUAGE_STANDARD = "gnu++0x";
				CLANG_CXX_LIBRARY = "libc++";
				CLANG_ENABLE_MODULES = YES;
				CLANG_ENABLE_OBJC_ARC = YES;
				CLANG_WARN_BOOL_CONVERSION = YES;
				CLANG_WARN_CONSTANT_CONVERSION = YES;
				CLANG_WARN_DIRECT_OBJC_ISA_USAGE = YES_ERROR;
				CLANG_WARN_DOCUMENTATION_COMMENTS = YES;
				CLANG_WARN_EMPTY_BODY = YES;
				CLANG_WARN_ENUM_CONVERSION = YES;
				CLANG_WARN_INFINITE_RECURSION = YES;
				CLANG_WARN_INT_CONVERSION = YES;
				CLANG_WARN_OBJC_ROOT_CLASS = YES_ERROR;
				CLANG_WARN_SUSPICIOUS_MOVE = YES;
				CLANG_WARN_UNREACHABLE_CODE = YES;
				CLANG_WARN__DUPLICATE_METHOD_MATCH = YES;
				"CODE_SIGN_IDENTITY[sdk=iphoneos*]" = "iPhone Developer";
				COPY_PHASE_STRIP = NO;
				DEBUG_INFORMATION_FORMAT = dwarf;
				ENABLE_STRICT_OBJC_MSGSEND = YES;
				ENABLE_TESTABILITY = YES;
				GCC_C_LANGUAGE_STANDARD = gnu99;
				GCC_DYNAMIC_NO_PIC = NO;
				GCC_NO_COMMON_BLOCKS = YES;
				GCC_OPTIMIZATION_LEVEL = 0;
				GCC_PREPROCESSOR_DEFINITIONS = (
					"DEBUG=1",
					"$(inherited)",
				);
				GCC_WARN_64_TO_32_BIT_CONVERSION = YES;
				GCC_WARN_ABOUT_RETURN_TYPE = YES_ERROR;
				GCC_WARN_UNDECLARED_SELECTOR = YES;
				GCC_WARN_UNINITIALIZED_AUTOS = YES_AGGRESSIVE;
				GCC_WARN_UNUSED_FUNCTION = YES;
				GCC_WARN_UNUSED_VARIABLE = YES;
				IPHONEOS_DEPLOYMENT_TARGET = 9.0;
				MTL_ENABLE_DEBUG_INFO = YES;
				ONLY_ACTIVE_ARCH = YES;
				SDKROOT = iphoneos;
				SWIFT_ACTIVE_COMPILATION_CONDITIONS = DEBUG;
				SWIFT_OPTIMIZATION_LEVEL = "-Onone";
			};
			name = Debug;
		};
		5166D7041E8DA6CA00E8FAFD /* Release */ = {
			isa = XCBuildConfiguration;
			buildSettings = {
				ALWAYS_SEARCH_USER_PATHS = NO;
				CLANG_ANALYZER_NONNULL = YES;
				CLANG_CXX_LANGUAGE_STANDARD = "gnu++0x";
				CLANG_CXX_LIBRARY = "libc++";
				CLANG_ENABLE_MODULES = YES;
				CLANG_ENABLE_OBJC_ARC = YES;
				CLANG_WARN_BOOL_CONVERSION = YES;
				CLANG_WARN_CONSTANT_CONVERSION = YES;
				CLANG_WARN_DIRECT_OBJC_ISA_USAGE = YES_ERROR;
				CLANG_WARN_DOCUMENTATION_COMMENTS = YES;
				CLANG_WARN_EMPTY_BODY = YES;
				CLANG_WARN_ENUM_CONVERSION = YES;
				CLANG_WARN_INFINITE_RECURSION = YES;
				CLANG_WARN_INT_CONVERSION = YES;
				CLANG_WARN_OBJC_ROOT_CLASS = YES_ERROR;
				CLANG_WARN_SUSPICIOUS_MOVE = YES;
				CLANG_WARN_UNREACHABLE_CODE = YES;
				CLANG_WARN__DUPLICATE_METHOD_MATCH = YES;
				"CODE_SIGN_IDENTITY[sdk=iphoneos*]" = "iPhone Developer";
				COPY_PHASE_STRIP = NO;
				DEBUG_INFORMATION_FORMAT = "dwarf-with-dsym";
				ENABLE_NS_ASSERTIONS = NO;
				ENABLE_STRICT_OBJC_MSGSEND = YES;
				GCC_C_LANGUAGE_STANDARD = gnu99;
				GCC_NO_COMMON_BLOCKS = YES;
				GCC_WARN_64_TO_32_BIT_CONVERSION = YES;
				GCC_WARN_ABOUT_RETURN_TYPE = YES_ERROR;
				GCC_WARN_UNDECLARED_SELECTOR = YES;
				GCC_WARN_UNINITIALIZED_AUTOS = YES_AGGRESSIVE;
				GCC_WARN_UNUSED_FUNCTION = YES;
				GCC_WARN_UNUSED_VARIABLE = YES;
				IPHONEOS_DEPLOYMENT_TARGET = 9.0;
				MTL_ENABLE_DEBUG_INFO = NO;
				SDKROOT = iphoneos;
				SWIFT_OPTIMIZATION_LEVEL = "-Owholemodule";
				VALIDATE_PRODUCT = YES;
			};
			name = Release;
		};
		5166D7061E8DA6CA00E8FAFD /* Debug */ = {
			isa = XCBuildConfiguration;
			baseConfigurationReference = 42AEDE2DE87563B92009EDB5 /* Pods-Clean.debug.xcconfig */;
			buildSettings = {
				ALWAYS_EMBED_SWIFT_STANDARD_LIBRARIES = YES;
				ASSETCATALOG_COMPILER_APPICON_NAME = AppIcon;
				DEVELOPMENT_TEAM = 4LT2QBPKN6;
				INFOPLIST_FILE = Clean/Info.plist;
				LD_RUNPATH_SEARCH_PATHS = "$(inherited) @executable_path/Frameworks";
				PRODUCT_BUNDLE_IDENTIFIER = de.lmis.Clean;
				PRODUCT_NAME = "$(TARGET_NAME)";
				SWIFT_VERSION = 3.0;
			};
			name = Debug;
		};
		5166D7071E8DA6CA00E8FAFD /* Release */ = {
			isa = XCBuildConfiguration;
			baseConfigurationReference = 41E9A936DF9EF3B863181DAA /* Pods-Clean.release.xcconfig */;
			buildSettings = {
				ALWAYS_EMBED_SWIFT_STANDARD_LIBRARIES = YES;
				ASSETCATALOG_COMPILER_APPICON_NAME = AppIcon;
				DEVELOPMENT_TEAM = 4LT2QBPKN6;
				INFOPLIST_FILE = Clean/Info.plist;
				LD_RUNPATH_SEARCH_PATHS = "$(inherited) @executable_path/Frameworks";
				PRODUCT_BUNDLE_IDENTIFIER = de.lmis.Clean;
				PRODUCT_NAME = "$(TARGET_NAME)";
				SWIFT_VERSION = 3.0;
			};
			name = Release;
		};
		5166D7091E8DA6CA00E8FAFD /* Debug */ = {
			isa = XCBuildConfiguration;
			baseConfigurationReference = 6504607B95C238F3C3EE651E /* Pods-CleanTests.debug.xcconfig */;
			buildSettings = {
				ALWAYS_EMBED_SWIFT_STANDARD_LIBRARIES = YES;
				BUNDLE_LOADER = "$(TEST_HOST)";
				DEVELOPMENT_TEAM = GMQ67TBP49;
				INFOPLIST_FILE = CleanTests/Info.plist;
				LD_RUNPATH_SEARCH_PATHS = "$(inherited) @executable_path/Frameworks @loader_path/Frameworks";
				PRODUCT_BUNDLE_IDENTIFIER = de.lmis.CleanTests;
				PRODUCT_NAME = "$(TARGET_NAME)";
				SWIFT_VERSION = 3.0;
				TEST_HOST = "$(BUILT_PRODUCTS_DIR)/Clean.app/Clean";
			};
			name = Debug;
		};
		5166D70A1E8DA6CA00E8FAFD /* Release */ = {
			isa = XCBuildConfiguration;
			baseConfigurationReference = F8FCEDC2B11F5FE11D248D13 /* Pods-CleanTests.release.xcconfig */;
			buildSettings = {
				ALWAYS_EMBED_SWIFT_STANDARD_LIBRARIES = YES;
				BUNDLE_LOADER = "$(TEST_HOST)";
				DEVELOPMENT_TEAM = GMQ67TBP49;
				INFOPLIST_FILE = CleanTests/Info.plist;
				LD_RUNPATH_SEARCH_PATHS = "$(inherited) @executable_path/Frameworks @loader_path/Frameworks";
				PRODUCT_BUNDLE_IDENTIFIER = de.lmis.CleanTests;
				PRODUCT_NAME = "$(TARGET_NAME)";
				SWIFT_VERSION = 3.0;
				TEST_HOST = "$(BUILT_PRODUCTS_DIR)/Clean.app/Clean";
			};
			name = Release;
		};
		5166D7281E8DA6F100E8FAFD /* Debug */ = {
			isa = XCBuildConfiguration;
			baseConfigurationReference = BC66F669AC6E6E48882E6A91 /* Pods-Domain.debug.xcconfig */;
			buildSettings = {
				CLANG_ENABLE_MODULES = YES;
				CODE_SIGN_IDENTITY = "";
				CURRENT_PROJECT_VERSION = 1;
				DEFINES_MODULE = YES;
				DEVELOPMENT_TEAM = 4LT2QBPKN6;
				DYLIB_COMPATIBILITY_VERSION = 1;
				DYLIB_CURRENT_VERSION = 1;
				DYLIB_INSTALL_NAME_BASE = "@rpath";
				INFOPLIST_FILE = Domain/Info.plist;
				INSTALL_PATH = "$(LOCAL_LIBRARY_DIR)/Frameworks";
				LD_RUNPATH_SEARCH_PATHS = "$(inherited) @executable_path/Frameworks @loader_path/Frameworks";
				PRODUCT_BUNDLE_IDENTIFIER = de.lmis.Domain;
				PRODUCT_NAME = "$(TARGET_NAME)";
				SKIP_INSTALL = YES;
				SWIFT_OPTIMIZATION_LEVEL = "-Onone";
				SWIFT_VERSION = 3.0;
				TARGETED_DEVICE_FAMILY = "1,2";
				VERSIONING_SYSTEM = "apple-generic";
				VERSION_INFO_PREFIX = "";
			};
			name = Debug;
		};
		5166D7291E8DA6F100E8FAFD /* Release */ = {
			isa = XCBuildConfiguration;
			baseConfigurationReference = D5E5EDC6961FA13889F12064 /* Pods-Domain.release.xcconfig */;
			buildSettings = {
				CLANG_ENABLE_MODULES = YES;
				CODE_SIGN_IDENTITY = "";
				CURRENT_PROJECT_VERSION = 1;
				DEFINES_MODULE = YES;
				DEVELOPMENT_TEAM = 4LT2QBPKN6;
				DYLIB_COMPATIBILITY_VERSION = 1;
				DYLIB_CURRENT_VERSION = 1;
				DYLIB_INSTALL_NAME_BASE = "@rpath";
				INFOPLIST_FILE = Domain/Info.plist;
				INSTALL_PATH = "$(LOCAL_LIBRARY_DIR)/Frameworks";
				LD_RUNPATH_SEARCH_PATHS = "$(inherited) @executable_path/Frameworks @loader_path/Frameworks";
				PRODUCT_BUNDLE_IDENTIFIER = de.lmis.Domain;
				PRODUCT_NAME = "$(TARGET_NAME)";
				SKIP_INSTALL = YES;
				SWIFT_VERSION = 3.0;
				TARGETED_DEVICE_FAMILY = "1,2";
				VERSIONING_SYSTEM = "apple-generic";
				VERSION_INFO_PREFIX = "";
			};
			name = Release;
		};
		5166D72C1E8DA6F100E8FAFD /* Debug */ = {
			isa = XCBuildConfiguration;
			baseConfigurationReference = C356C03BED3C6EA29042FDF9 /* Pods-DomainTests.debug.xcconfig */;
			buildSettings = {
				ALWAYS_EMBED_SWIFT_STANDARD_LIBRARIES = YES;
				DEVELOPMENT_TEAM = GMQ67TBP49;
				INFOPLIST_FILE = DomainTests/Info.plist;
				LD_RUNPATH_SEARCH_PATHS = "$(inherited) @executable_path/Frameworks @loader_path/Frameworks";
				PRODUCT_BUNDLE_IDENTIFIER = de.lmis.DomainTests;
				PRODUCT_NAME = "$(TARGET_NAME)";
				SWIFT_VERSION = 3.0;
				TEST_HOST = "$(BUILT_PRODUCTS_DIR)/Clean.app/Clean";
			};
			name = Debug;
		};
		5166D72D1E8DA6F100E8FAFD /* Release */ = {
			isa = XCBuildConfiguration;
			baseConfigurationReference = F2BAB2718716DBE1906D173A /* Pods-DomainTests.release.xcconfig */;
			buildSettings = {
				ALWAYS_EMBED_SWIFT_STANDARD_LIBRARIES = YES;
				DEVELOPMENT_TEAM = GMQ67TBP49;
				INFOPLIST_FILE = DomainTests/Info.plist;
				LD_RUNPATH_SEARCH_PATHS = "$(inherited) @executable_path/Frameworks @loader_path/Frameworks";
				PRODUCT_BUNDLE_IDENTIFIER = de.lmis.DomainTests;
				PRODUCT_NAME = "$(TARGET_NAME)";
				SWIFT_VERSION = 3.0;
				TEST_HOST = "$(BUILT_PRODUCTS_DIR)/Clean.app/Clean";
			};
			name = Release;
		};
		5166D74B1E8DA6FC00E8FAFD /* Debug */ = {
			isa = XCBuildConfiguration;
			baseConfigurationReference = C722B9794E224BE71B72DCD9 /* Pods-Data.debug.xcconfig */;
			buildSettings = {
				CLANG_ENABLE_MODULES = YES;
				CODE_SIGN_IDENTITY = "";
				CURRENT_PROJECT_VERSION = 1;
				DEFINES_MODULE = YES;
				DEVELOPMENT_TEAM = 4LT2QBPKN6;
				DYLIB_COMPATIBILITY_VERSION = 1;
				DYLIB_CURRENT_VERSION = 1;
				DYLIB_INSTALL_NAME_BASE = "@rpath";
				INFOPLIST_FILE = Data/Info.plist;
				INSTALL_PATH = "$(LOCAL_LIBRARY_DIR)/Frameworks";
				LD_RUNPATH_SEARCH_PATHS = "$(inherited) @executable_path/Frameworks @loader_path/Frameworks";
				PRODUCT_BUNDLE_IDENTIFIER = de.lmis.Data;
				PRODUCT_NAME = "$(TARGET_NAME)";
				SKIP_INSTALL = YES;
				SWIFT_OPTIMIZATION_LEVEL = "-Onone";
				SWIFT_VERSION = 3.0;
				TARGETED_DEVICE_FAMILY = "1,2";
				VERSIONING_SYSTEM = "apple-generic";
				VERSION_INFO_PREFIX = "";
			};
			name = Debug;
		};
		5166D74C1E8DA6FC00E8FAFD /* Release */ = {
			isa = XCBuildConfiguration;
			baseConfigurationReference = 2AA549AC6865FA821419F94D /* Pods-Data.release.xcconfig */;
			buildSettings = {
				CLANG_ENABLE_MODULES = YES;
				CODE_SIGN_IDENTITY = "";
				CURRENT_PROJECT_VERSION = 1;
				DEFINES_MODULE = YES;
				DEVELOPMENT_TEAM = 4LT2QBPKN6;
				DYLIB_COMPATIBILITY_VERSION = 1;
				DYLIB_CURRENT_VERSION = 1;
				DYLIB_INSTALL_NAME_BASE = "@rpath";
				INFOPLIST_FILE = Data/Info.plist;
				INSTALL_PATH = "$(LOCAL_LIBRARY_DIR)/Frameworks";
				LD_RUNPATH_SEARCH_PATHS = "$(inherited) @executable_path/Frameworks @loader_path/Frameworks";
				PRODUCT_BUNDLE_IDENTIFIER = de.lmis.Data;
				PRODUCT_NAME = "$(TARGET_NAME)";
				SKIP_INSTALL = YES;
				SWIFT_VERSION = 3.0;
				TARGETED_DEVICE_FAMILY = "1,2";
				VERSIONING_SYSTEM = "apple-generic";
				VERSION_INFO_PREFIX = "";
			};
			name = Release;
		};
		5166D74E1E8DA6FC00E8FAFD /* Debug */ = {
			isa = XCBuildConfiguration;
			baseConfigurationReference = A0508F43E79106F724FE0F4F /* Pods-DataTests.debug.xcconfig */;
			buildSettings = {
				ALWAYS_EMBED_SWIFT_STANDARD_LIBRARIES = YES;
				DEVELOPMENT_TEAM = GMQ67TBP49;
				INFOPLIST_FILE = DataTests/Info.plist;
				LD_RUNPATH_SEARCH_PATHS = "$(inherited) @executable_path/Frameworks @loader_path/Frameworks";
				PRODUCT_BUNDLE_IDENTIFIER = de.lmis.DataTests;
				PRODUCT_NAME = "$(TARGET_NAME)";
				SWIFT_VERSION = 3.0;
				TEST_HOST = "$(BUILT_PRODUCTS_DIR)/Clean.app/Clean";
			};
			name = Debug;
		};
		5166D74F1E8DA6FC00E8FAFD /* Release */ = {
			isa = XCBuildConfiguration;
			baseConfigurationReference = F075F75DD66F160B2C43A9BA /* Pods-DataTests.release.xcconfig */;
			buildSettings = {
				ALWAYS_EMBED_SWIFT_STANDARD_LIBRARIES = YES;
				DEVELOPMENT_TEAM = GMQ67TBP49;
				INFOPLIST_FILE = DataTests/Info.plist;
				LD_RUNPATH_SEARCH_PATHS = "$(inherited) @executable_path/Frameworks @loader_path/Frameworks";
				PRODUCT_BUNDLE_IDENTIFIER = de.lmis.DataTests;
				PRODUCT_NAME = "$(TARGET_NAME)";
				SWIFT_VERSION = 3.0;
				TEST_HOST = "$(BUILT_PRODUCTS_DIR)/Clean.app/Clean";
			};
			name = Release;
		};
/* End XCBuildConfiguration section */

/* Begin XCConfigurationList section */
		5166D6E31E8DA6C900E8FAFD /* Build configuration list for PBXProject "Clean" */ = {
			isa = XCConfigurationList;
			buildConfigurations = (
				5166D7031E8DA6CA00E8FAFD /* Debug */,
				5166D7041E8DA6CA00E8FAFD /* Release */,
			);
			defaultConfigurationIsVisible = 0;
			defaultConfigurationName = Release;
		};
		5166D7051E8DA6CA00E8FAFD /* Build configuration list for PBXNativeTarget "Clean" */ = {
			isa = XCConfigurationList;
			buildConfigurations = (
				5166D7061E8DA6CA00E8FAFD /* Debug */,
				5166D7071E8DA6CA00E8FAFD /* Release */,
			);
			defaultConfigurationIsVisible = 0;
			defaultConfigurationName = Release;
		};
		5166D7081E8DA6CA00E8FAFD /* Build configuration list for PBXNativeTarget "CleanTests" */ = {
			isa = XCConfigurationList;
			buildConfigurations = (
				5166D7091E8DA6CA00E8FAFD /* Debug */,
				5166D70A1E8DA6CA00E8FAFD /* Release */,
			);
			defaultConfigurationIsVisible = 0;
			defaultConfigurationName = Release;
		};
		5166D7271E8DA6F100E8FAFD /* Build configuration list for PBXNativeTarget "Domain" */ = {
			isa = XCConfigurationList;
			buildConfigurations = (
				5166D7281E8DA6F100E8FAFD /* Debug */,
				5166D7291E8DA6F100E8FAFD /* Release */,
			);
			defaultConfigurationIsVisible = 0;
			defaultConfigurationName = Release;
		};
		5166D72B1E8DA6F100E8FAFD /* Build configuration list for PBXNativeTarget "DomainTests" */ = {
			isa = XCConfigurationList;
			buildConfigurations = (
				5166D72C1E8DA6F100E8FAFD /* Debug */,
				5166D72D1E8DA6F100E8FAFD /* Release */,
			);
			defaultConfigurationIsVisible = 0;
			defaultConfigurationName = Release;
		};
		5166D74A1E8DA6FC00E8FAFD /* Build configuration list for PBXNativeTarget "Data" */ = {
			isa = XCConfigurationList;
			buildConfigurations = (
				5166D74B1E8DA6FC00E8FAFD /* Debug */,
				5166D74C1E8DA6FC00E8FAFD /* Release */,
			);
			defaultConfigurationIsVisible = 0;
			defaultConfigurationName = Release;
		};
		5166D74D1E8DA6FC00E8FAFD /* Build configuration list for PBXNativeTarget "DataTests" */ = {
			isa = XCConfigurationList;
			buildConfigurations = (
				5166D74E1E8DA6FC00E8FAFD /* Debug */,
				5166D74F1E8DA6FC00E8FAFD /* Release */,
			);
			defaultConfigurationIsVisible = 0;
			defaultConfigurationName = Release;
		};
/* End XCConfigurationList section */
	};
	rootObject = 5166D6E01E8DA6C900E8FAFD /* Project object */;
}
