// !$*UTF8*$!
{
	archiveVersion = 1;
	classes = {
	};
	objectVersion = 46;
	objects = {

/* Begin PBXBuildFile section */
		11B4145AA80490AF89054F91 /* Pods_Data.framework in Frameworks */ = {isa = PBXBuildFile; fileRef = FD4F2D0521C5706A69A291F9 /* Pods_Data.framework */; };
		1F3F50E55A9C6C79A68DE2F2 /* Pods_CleanTests.framework in Frameworks */ = {isa = PBXBuildFile; fileRef = 31D6AD61A0986903E683A0DA /* Pods_CleanTests.framework */; };
		5166D6EC1E8DA6CA00E8FAFD /* AppDelegate.swift in Sources */ = {isa = PBXBuildFile; fileRef = 5166D6EB1E8DA6CA00E8FAFD /* AppDelegate.swift */; };
		5166D6EE1E8DA6CA00E8FAFD /* ChatListViewController.swift in Sources */ = {isa = PBXBuildFile; fileRef = 5166D6ED1E8DA6CA00E8FAFD /* ChatListViewController.swift */; };
		5166D6F11E8DA6CA00E8FAFD /* Main.storyboard in Resources */ = {isa = PBXBuildFile; fileRef = 5166D6EF1E8DA6CA00E8FAFD /* Main.storyboard */; };
		5166D6F31E8DA6CA00E8FAFD /* Assets.xcassets in Resources */ = {isa = PBXBuildFile; fileRef = 5166D6F21E8DA6CA00E8FAFD /* Assets.xcassets */; };
		5166D6F61E8DA6CA00E8FAFD /* LaunchScreen.storyboard in Resources */ = {isa = PBXBuildFile; fileRef = 5166D6F41E8DA6CA00E8FAFD /* LaunchScreen.storyboard */; };
		5166D7011E8DA6CA00E8FAFD /* CleanTests.swift in Sources */ = {isa = PBXBuildFile; fileRef = 5166D7001E8DA6CA00E8FAFD /* CleanTests.swift */; };
		5166D7191E8DA6F100E8FAFD /* Domain.framework in Frameworks */ = {isa = PBXBuildFile; fileRef = 5166D7101E8DA6F100E8FAFD /* Domain.framework */; };
		5166D7201E8DA6F100E8FAFD /* DomainTests.swift in Sources */ = {isa = PBXBuildFile; fileRef = 5166D71F1E8DA6F100E8FAFD /* DomainTests.swift */; };
		5166D7221E8DA6F100E8FAFD /* Domain.h in Headers */ = {isa = PBXBuildFile; fileRef = 5166D7121E8DA6F100E8FAFD /* Domain.h */; settings = {ATTRIBUTES = (Public, ); }; };
		5166D7251E8DA6F100E8FAFD /* Domain.framework in Frameworks */ = {isa = PBXBuildFile; fileRef = 5166D7101E8DA6F100E8FAFD /* Domain.framework */; };
		5166D7261E8DA6F100E8FAFD /* Domain.framework in Embed Frameworks */ = {isa = PBXBuildFile; fileRef = 5166D7101E8DA6F100E8FAFD /* Domain.framework */; settings = {ATTRIBUTES = (CodeSignOnCopy, RemoveHeadersOnCopy, ); }; };
		5166D73C1E8DA6FC00E8FAFD /* Data.framework in Frameworks */ = {isa = PBXBuildFile; fileRef = 5166D7331E8DA6FC00E8FAFD /* Data.framework */; };
		5166D7431E8DA6FC00E8FAFD /* DataTests.swift in Sources */ = {isa = PBXBuildFile; fileRef = 5166D7421E8DA6FC00E8FAFD /* DataTests.swift */; };
		5166D7451E8DA6FC00E8FAFD /* Data.h in Headers */ = {isa = PBXBuildFile; fileRef = 5166D7351E8DA6FC00E8FAFD /* Data.h */; settings = {ATTRIBUTES = (Public, ); }; };
		5166D7481E8DA6FC00E8FAFD /* Data.framework in Frameworks */ = {isa = PBXBuildFile; fileRef = 5166D7331E8DA6FC00E8FAFD /* Data.framework */; };
		5166D7491E8DA6FC00E8FAFD /* Data.framework in Embed Frameworks */ = {isa = PBXBuildFile; fileRef = 5166D7331E8DA6FC00E8FAFD /* Data.framework */; settings = {ATTRIBUTES = (CodeSignOnCopy, RemoveHeadersOnCopy, ); }; };
		5166D7741E8DA7D500E8FAFD /* SendMessageUseCase.swift in Sources */ = {isa = PBXBuildFile; fileRef = 5166D7731E8DA7D500E8FAFD /* SendMessageUseCase.swift */; };
		5166D7761E8DA88E00E8FAFD /* CreateChatUseCase.swift in Sources */ = {isa = PBXBuildFile; fileRef = 5166D7751E8DA88E00E8FAFD /* CreateChatUseCase.swift */; };
		5166D7791E8DA98A00E8FAFD /* ChatRepository.swift in Sources */ = {isa = PBXBuildFile; fileRef = 5166D7781E8DA98A00E8FAFD /* ChatRepository.swift */; };
		5166D77B1E8DA99F00E8FAFD /* MessageRepository.swift in Sources */ = {isa = PBXBuildFile; fileRef = 5166D77A1E8DA99F00E8FAFD /* MessageRepository.swift */; };
		5166D77E1E8DA9EA00E8FAFD /* Chat.swift in Sources */ = {isa = PBXBuildFile; fileRef = 5166D77D1E8DA9EA00E8FAFD /* Chat.swift */; };
		5166D7801E8DA9F500E8FAFD /* Message.swift in Sources */ = {isa = PBXBuildFile; fileRef = 5166D77F1E8DA9F500E8FAFD /* Message.swift */; };
		5166D7821E8DAAFA00E8FAFD /* GetChatsUseCase.swift in Sources */ = {isa = PBXBuildFile; fileRef = 5166D7811E8DAAFA00E8FAFD /* GetChatsUseCase.swift */; };
		5166D7841E8DAC2000E8FAFD /* Contact.swift in Sources */ = {isa = PBXBuildFile; fileRef = 5166D7831E8DAC2000E8FAFD /* Contact.swift */; };
		5166D7861E8DAC7E00E8FAFD /* ContactRepository.swift in Sources */ = {isa = PBXBuildFile; fileRef = 5166D7851E8DAC7E00E8FAFD /* ContactRepository.swift */; };
		5166D7881E8DACAD00E8FAFD /* GetContactsUseCase.swift in Sources */ = {isa = PBXBuildFile; fileRef = 5166D7871E8DACAD00E8FAFD /* GetContactsUseCase.swift */; };
		5166D78B1E8DAFA100E8FAFD /* ChatRepository.swift in Sources */ = {isa = PBXBuildFile; fileRef = 5166D78A1E8DAFA100E8FAFD /* ChatRepository.swift */; };
		5166D78E1E8DB28200E8FAFD /* Domain.framework in Frameworks */ = {isa = PBXBuildFile; fileRef = 5166D7101E8DA6F100E8FAFD /* Domain.framework */; };
		5166D7921E8DB45200E8FAFD /* ChatListViewModel.swift in Sources */ = {isa = PBXBuildFile; fileRef = 5166D7911E8DB45200E8FAFD /* ChatListViewModel.swift */; };
		5166D7951E8DBBA500E8FAFD /* ChatService.swift in Sources */ = {isa = PBXBuildFile; fileRef = 5166D7941E8DBBA500E8FAFD /* ChatService.swift */; };
		5166D7981E8DBBDE00E8FAFD /* ChatDTO.swift in Sources */ = {isa = PBXBuildFile; fileRef = 5166D7971E8DBBDE00E8FAFD /* ChatDTO.swift */; };
		72F3331909B57127C166034C /* Pods_DataTests.framework in Frameworks */ = {isa = PBXBuildFile; fileRef = 7FD5B757973BC628EF27F19E /* Pods_DataTests.framework */; };
		82EE7C2392812533B131392B /* Pods_Domain.framework in Frameworks */ = {isa = PBXBuildFile; fileRef = F6B9AB6BDC3CE5A9829B7D56 /* Pods_Domain.framework */; };
		A4B7989A4DE9D8A9BBE5E5B4 /* Pods_Clean.framework in Frameworks */ = {isa = PBXBuildFile; fileRef = EFDC3376A84A308D60D851AE /* Pods_Clean.framework */; };
		C884CF4957648A7ECEA21191 /* Pods_DomainTests.framework in Frameworks */ = {isa = PBXBuildFile; fileRef = 3F4DE1187DA81DB961D63028 /* Pods_DomainTests.framework */; };
/* End PBXBuildFile section */

/* Begin PBXContainerItemProxy section */
		5166D6FD1E8DA6CA00E8FAFD /* PBXContainerItemProxy */ = {
			isa = PBXContainerItemProxy;
			containerPortal = 5166D6E01E8DA6C900E8FAFD /* Project object */;
			proxyType = 1;
			remoteGlobalIDString = 5166D6E71E8DA6CA00E8FAFD;
			remoteInfo = Clean;
		};
		5166D71A1E8DA6F100E8FAFD /* PBXContainerItemProxy */ = {
			isa = PBXContainerItemProxy;
			containerPortal = 5166D6E01E8DA6C900E8FAFD /* Project object */;
			proxyType = 1;
			remoteGlobalIDString = 5166D70F1E8DA6F100E8FAFD;
			remoteInfo = Domain;
		};
		5166D71C1E8DA6F100E8FAFD /* PBXContainerItemProxy */ = {
			isa = PBXContainerItemProxy;
			containerPortal = 5166D6E01E8DA6C900E8FAFD /* Project object */;
			proxyType = 1;
			remoteGlobalIDString = 5166D6E71E8DA6CA00E8FAFD;
			remoteInfo = Clean;
		};
		5166D7231E8DA6F100E8FAFD /* PBXContainerItemProxy */ = {
			isa = PBXContainerItemProxy;
			containerPortal = 5166D6E01E8DA6C900E8FAFD /* Project object */;
			proxyType = 1;
			remoteGlobalIDString = 5166D70F1E8DA6F100E8FAFD;
			remoteInfo = Domain;
		};
		5166D73D1E8DA6FC00E8FAFD /* PBXContainerItemProxy */ = {
			isa = PBXContainerItemProxy;
			containerPortal = 5166D6E01E8DA6C900E8FAFD /* Project object */;
			proxyType = 1;
			remoteGlobalIDString = 5166D7321E8DA6FC00E8FAFD;
			remoteInfo = Data;
		};
		5166D73F1E8DA6FC00E8FAFD /* PBXContainerItemProxy */ = {
			isa = PBXContainerItemProxy;
			containerPortal = 5166D6E01E8DA6C900E8FAFD /* Project object */;
			proxyType = 1;
			remoteGlobalIDString = 5166D6E71E8DA6CA00E8FAFD;
			remoteInfo = Clean;
		};
		5166D7461E8DA6FC00E8FAFD /* PBXContainerItemProxy */ = {
			isa = PBXContainerItemProxy;
			containerPortal = 5166D6E01E8DA6C900E8FAFD /* Project object */;
			proxyType = 1;
			remoteGlobalIDString = 5166D7321E8DA6FC00E8FAFD;
			remoteInfo = Data;
		};
		5166D78C1E8DB1EE00E8FAFD /* PBXContainerItemProxy */ = {
			isa = PBXContainerItemProxy;
			containerPortal = 5166D6E01E8DA6C900E8FAFD /* Project object */;
			proxyType = 1;
			remoteGlobalIDString = 5166D70F1E8DA6F100E8FAFD;
			remoteInfo = Domain;
		};
/* End PBXContainerItemProxy section */

/* Begin PBXCopyFilesBuildPhase section */
		5166D72A1E8DA6F100E8FAFD /* Embed Frameworks */ = {
			isa = PBXCopyFilesBuildPhase;
			buildActionMask = 2147483647;
			dstPath = "";
			dstSubfolderSpec = 10;
			files = (
				5166D7491E8DA6FC00E8FAFD /* Data.framework in Embed Frameworks */,
				5166D7261E8DA6F100E8FAFD /* Domain.framework in Embed Frameworks */,
			);
			name = "Embed Frameworks";
			runOnlyForDeploymentPostprocessing = 0;
		};
/* End PBXCopyFilesBuildPhase section */

/* Begin PBXFileReference section */
		0E479526620CDE10C8FF5551 /* Pods-Domain.release.xcconfig */ = {isa = PBXFileReference; includeInIndex = 1; lastKnownFileType = text.xcconfig; name = "Pods-Domain.release.xcconfig"; path = "Pods/Target Support Files/Pods-Domain/Pods-Domain.release.xcconfig"; sourceTree = "<group>"; };
		2186469F22035CCFE6030E4C /* Pods-CleanTests.debug.xcconfig */ = {isa = PBXFileReference; includeInIndex = 1; lastKnownFileType = text.xcconfig; name = "Pods-CleanTests.debug.xcconfig"; path = "Pods/Target Support Files/Pods-CleanTests/Pods-CleanTests.debug.xcconfig"; sourceTree = "<group>"; };
		2FC27C221846F6D08B9AD4BF /* Pods-Clean.debug.xcconfig */ = {isa = PBXFileReference; includeInIndex = 1; lastKnownFileType = text.xcconfig; name = "Pods-Clean.debug.xcconfig"; path = "Pods/Target Support Files/Pods-Clean/Pods-Clean.debug.xcconfig"; sourceTree = "<group>"; };
		31D6AD61A0986903E683A0DA /* Pods_CleanTests.framework */ = {isa = PBXFileReference; explicitFileType = wrapper.framework; includeInIndex = 0; path = Pods_CleanTests.framework; sourceTree = BUILT_PRODUCTS_DIR; };
		3349B0023BDA184D4B7F7A93 /* Pods-Data.release.xcconfig */ = {isa = PBXFileReference; includeInIndex = 1; lastKnownFileType = text.xcconfig; name = "Pods-Data.release.xcconfig"; path = "Pods/Target Support Files/Pods-Data/Pods-Data.release.xcconfig"; sourceTree = "<group>"; };
		3F4DE1187DA81DB961D63028 /* Pods_DomainTests.framework */ = {isa = PBXFileReference; explicitFileType = wrapper.framework; includeInIndex = 0; path = Pods_DomainTests.framework; sourceTree = BUILT_PRODUCTS_DIR; };
		5166D6E81E8DA6CA00E8FAFD /* Clean.app */ = {isa = PBXFileReference; explicitFileType = wrapper.application; includeInIndex = 0; path = Clean.app; sourceTree = BUILT_PRODUCTS_DIR; };
		5166D6EB1E8DA6CA00E8FAFD /* AppDelegate.swift */ = {isa = PBXFileReference; lastKnownFileType = sourcecode.swift; path = AppDelegate.swift; sourceTree = "<group>"; };
		5166D6ED1E8DA6CA00E8FAFD /* ChatListViewController.swift */ = {isa = PBXFileReference; lastKnownFileType = sourcecode.swift; path = ChatListViewController.swift; sourceTree = "<group>"; };
		5166D6F01E8DA6CA00E8FAFD /* Base */ = {isa = PBXFileReference; lastKnownFileType = file.storyboard; name = Base; path = Base.lproj/Main.storyboard; sourceTree = "<group>"; };
		5166D6F21E8DA6CA00E8FAFD /* Assets.xcassets */ = {isa = PBXFileReference; lastKnownFileType = folder.assetcatalog; path = Assets.xcassets; sourceTree = "<group>"; };
		5166D6F51E8DA6CA00E8FAFD /* Base */ = {isa = PBXFileReference; lastKnownFileType = file.storyboard; name = Base; path = Base.lproj/LaunchScreen.storyboard; sourceTree = "<group>"; };
		5166D6F71E8DA6CA00E8FAFD /* Info.plist */ = {isa = PBXFileReference; lastKnownFileType = text.plist.xml; path = Info.plist; sourceTree = "<group>"; };
		5166D6FC1E8DA6CA00E8FAFD /* CleanTests.xctest */ = {isa = PBXFileReference; explicitFileType = wrapper.cfbundle; includeInIndex = 0; path = CleanTests.xctest; sourceTree = BUILT_PRODUCTS_DIR; };
		5166D7001E8DA6CA00E8FAFD /* CleanTests.swift */ = {isa = PBXFileReference; lastKnownFileType = sourcecode.swift; path = CleanTests.swift; sourceTree = "<group>"; };
		5166D7021E8DA6CA00E8FAFD /* Info.plist */ = {isa = PBXFileReference; lastKnownFileType = text.plist.xml; path = Info.plist; sourceTree = "<group>"; };
		5166D7101E8DA6F100E8FAFD /* Domain.framework */ = {isa = PBXFileReference; explicitFileType = wrapper.framework; includeInIndex = 0; path = Domain.framework; sourceTree = BUILT_PRODUCTS_DIR; };
		5166D7121E8DA6F100E8FAFD /* Domain.h */ = {isa = PBXFileReference; lastKnownFileType = sourcecode.c.h; path = Domain.h; sourceTree = "<group>"; };
		5166D7131E8DA6F100E8FAFD /* Info.plist */ = {isa = PBXFileReference; lastKnownFileType = text.plist.xml; path = Info.plist; sourceTree = "<group>"; };
		5166D7181E8DA6F100E8FAFD /* DomainTests.xctest */ = {isa = PBXFileReference; explicitFileType = wrapper.cfbundle; includeInIndex = 0; path = DomainTests.xctest; sourceTree = BUILT_PRODUCTS_DIR; };
		5166D71F1E8DA6F100E8FAFD /* DomainTests.swift */ = {isa = PBXFileReference; lastKnownFileType = sourcecode.swift; path = DomainTests.swift; sourceTree = "<group>"; };
		5166D7211E8DA6F100E8FAFD /* Info.plist */ = {isa = PBXFileReference; lastKnownFileType = text.plist.xml; path = Info.plist; sourceTree = "<group>"; };
		5166D7331E8DA6FC00E8FAFD /* Data.framework */ = {isa = PBXFileReference; explicitFileType = wrapper.framework; includeInIndex = 0; path = Data.framework; sourceTree = BUILT_PRODUCTS_DIR; };
		5166D7351E8DA6FC00E8FAFD /* Data.h */ = {isa = PBXFileReference; lastKnownFileType = sourcecode.c.h; path = Data.h; sourceTree = "<group>"; };
		5166D7361E8DA6FC00E8FAFD /* Info.plist */ = {isa = PBXFileReference; lastKnownFileType = text.plist.xml; path = Info.plist; sourceTree = "<group>"; };
		5166D73B1E8DA6FC00E8FAFD /* DataTests.xctest */ = {isa = PBXFileReference; explicitFileType = wrapper.cfbundle; includeInIndex = 0; path = DataTests.xctest; sourceTree = BUILT_PRODUCTS_DIR; };
		5166D7421E8DA6FC00E8FAFD /* DataTests.swift */ = {isa = PBXFileReference; lastKnownFileType = sourcecode.swift; path = DataTests.swift; sourceTree = "<group>"; };
		5166D7441E8DA6FC00E8FAFD /* Info.plist */ = {isa = PBXFileReference; lastKnownFileType = text.plist.xml; path = Info.plist; sourceTree = "<group>"; };
		5166D7731E8DA7D500E8FAFD /* SendMessageUseCase.swift */ = {isa = PBXFileReference; fileEncoding = 4; lastKnownFileType = sourcecode.swift; path = SendMessageUseCase.swift; sourceTree = "<group>"; };
		5166D7751E8DA88E00E8FAFD /* CreateChatUseCase.swift */ = {isa = PBXFileReference; fileEncoding = 4; lastKnownFileType = sourcecode.swift; path = CreateChatUseCase.swift; sourceTree = "<group>"; };
		5166D7781E8DA98A00E8FAFD /* ChatRepository.swift */ = {isa = PBXFileReference; fileEncoding = 4; lastKnownFileType = sourcecode.swift; path = ChatRepository.swift; sourceTree = "<group>"; };
		5166D77A1E8DA99F00E8FAFD /* MessageRepository.swift */ = {isa = PBXFileReference; fileEncoding = 4; lastKnownFileType = sourcecode.swift; path = MessageRepository.swift; sourceTree = "<group>"; };
		5166D77D1E8DA9EA00E8FAFD /* Chat.swift */ = {isa = PBXFileReference; fileEncoding = 4; lastKnownFileType = sourcecode.swift; path = Chat.swift; sourceTree = "<group>"; };
		5166D77F1E8DA9F500E8FAFD /* Message.swift */ = {isa = PBXFileReference; fileEncoding = 4; lastKnownFileType = sourcecode.swift; path = Message.swift; sourceTree = "<group>"; };
		5166D7811E8DAAFA00E8FAFD /* GetChatsUseCase.swift */ = {isa = PBXFileReference; fileEncoding = 4; lastKnownFileType = sourcecode.swift; path = GetChatsUseCase.swift; sourceTree = "<group>"; };
		5166D7831E8DAC2000E8FAFD /* Contact.swift */ = {isa = PBXFileReference; fileEncoding = 4; lastKnownFileType = sourcecode.swift; path = Contact.swift; sourceTree = "<group>"; };
		5166D7851E8DAC7E00E8FAFD /* ContactRepository.swift */ = {isa = PBXFileReference; fileEncoding = 4; lastKnownFileType = sourcecode.swift; path = ContactRepository.swift; sourceTree = "<group>"; };
		5166D7871E8DACAD00E8FAFD /* GetContactsUseCase.swift */ = {isa = PBXFileReference; fileEncoding = 4; lastKnownFileType = sourcecode.swift; path = GetContactsUseCase.swift; sourceTree = "<group>"; };
		5166D78A1E8DAFA100E8FAFD /* ChatRepository.swift */ = {isa = PBXFileReference; fileEncoding = 4; lastKnownFileType = sourcecode.swift; path = ChatRepository.swift; sourceTree = "<group>"; };
		5166D7911E8DB45200E8FAFD /* ChatListViewModel.swift */ = {isa = PBXFileReference; fileEncoding = 4; lastKnownFileType = sourcecode.swift; path = ChatListViewModel.swift; sourceTree = "<group>"; };
		5166D7941E8DBBA500E8FAFD /* ChatService.swift */ = {isa = PBXFileReference; fileEncoding = 4; lastKnownFileType = sourcecode.swift; path = ChatService.swift; sourceTree = "<group>"; };
		5166D7971E8DBBDE00E8FAFD /* ChatDTO.swift */ = {isa = PBXFileReference; fileEncoding = 4; lastKnownFileType = sourcecode.swift; path = ChatDTO.swift; sourceTree = "<group>"; };
		635CCB1BB3667CF0CCBC6BD0 /* Pods-Data.debug.xcconfig */ = {isa = PBXFileReference; includeInIndex = 1; lastKnownFileType = text.xcconfig; name = "Pods-Data.debug.xcconfig"; path = "Pods/Target Support Files/Pods-Data/Pods-Data.debug.xcconfig"; sourceTree = "<group>"; };
		7FD5B757973BC628EF27F19E /* Pods_DataTests.framework */ = {isa = PBXFileReference; explicitFileType = wrapper.framework; includeInIndex = 0; path = Pods_DataTests.framework; sourceTree = BUILT_PRODUCTS_DIR; };
		8D82B3E867C61B12FAE8823F /* Pods-DataTests.debug.xcconfig */ = {isa = PBXFileReference; includeInIndex = 1; lastKnownFileType = text.xcconfig; name = "Pods-DataTests.debug.xcconfig"; path = "Pods/Target Support Files/Pods-DataTests/Pods-DataTests.debug.xcconfig"; sourceTree = "<group>"; };
		901651CFAEFB88703C0B2790 /* Pods-DomainTests.debug.xcconfig */ = {isa = PBXFileReference; includeInIndex = 1; lastKnownFileType = text.xcconfig; name = "Pods-DomainTests.debug.xcconfig"; path = "Pods/Target Support Files/Pods-DomainTests/Pods-DomainTests.debug.xcconfig"; sourceTree = "<group>"; };
		A2EC27375FA13604CAC0FD4A /* Pods-CleanTests.release.xcconfig */ = {isa = PBXFileReference; includeInIndex = 1; lastKnownFileType = text.xcconfig; name = "Pods-CleanTests.release.xcconfig"; path = "Pods/Target Support Files/Pods-CleanTests/Pods-CleanTests.release.xcconfig"; sourceTree = "<group>"; };
		D8DF119185866F11134E2A69 /* Pods-Domain.debug.xcconfig */ = {isa = PBXFileReference; includeInIndex = 1; lastKnownFileType = text.xcconfig; name = "Pods-Domain.debug.xcconfig"; path = "Pods/Target Support Files/Pods-Domain/Pods-Domain.debug.xcconfig"; sourceTree = "<group>"; };
		E4F84C165DEABAD183373427 /* Pods-Clean.release.xcconfig */ = {isa = PBXFileReference; includeInIndex = 1; lastKnownFileType = text.xcconfig; name = "Pods-Clean.release.xcconfig"; path = "Pods/Target Support Files/Pods-Clean/Pods-Clean.release.xcconfig"; sourceTree = "<group>"; };
		E92909F9608C029EA7440304 /* Pods-DataTests.release.xcconfig */ = {isa = PBXFileReference; includeInIndex = 1; lastKnownFileType = text.xcconfig; name = "Pods-DataTests.release.xcconfig"; path = "Pods/Target Support Files/Pods-DataTests/Pods-DataTests.release.xcconfig"; sourceTree = "<group>"; };
		EFDC3376A84A308D60D851AE /* Pods_Clean.framework */ = {isa = PBXFileReference; explicitFileType = wrapper.framework; includeInIndex = 0; path = Pods_Clean.framework; sourceTree = BUILT_PRODUCTS_DIR; };
		F6B9AB6BDC3CE5A9829B7D56 /* Pods_Domain.framework */ = {isa = PBXFileReference; explicitFileType = wrapper.framework; includeInIndex = 0; path = Pods_Domain.framework; sourceTree = BUILT_PRODUCTS_DIR; };
		FD4F2D0521C5706A69A291F9 /* Pods_Data.framework */ = {isa = PBXFileReference; explicitFileType = wrapper.framework; includeInIndex = 0; path = Pods_Data.framework; sourceTree = BUILT_PRODUCTS_DIR; };
		FD9CDF5D8C70A0DD23A1F1B2 /* Pods-DomainTests.release.xcconfig */ = {isa = PBXFileReference; includeInIndex = 1; lastKnownFileType = text.xcconfig; name = "Pods-DomainTests.release.xcconfig"; path = "Pods/Target Support Files/Pods-DomainTests/Pods-DomainTests.release.xcconfig"; sourceTree = "<group>"; };
/* End PBXFileReference section */

/* Begin PBXFrameworksBuildPhase section */
		5166D6E51E8DA6CA00E8FAFD /* Frameworks */ = {
			isa = PBXFrameworksBuildPhase;
			buildActionMask = 2147483647;
			files = (
				5166D7481E8DA6FC00E8FAFD /* Data.framework in Frameworks */,
				5166D7251E8DA6F100E8FAFD /* Domain.framework in Frameworks */,
				A4B7989A4DE9D8A9BBE5E5B4 /* Pods_Clean.framework in Frameworks */,
			);
			runOnlyForDeploymentPostprocessing = 0;
		};
		5166D6F91E8DA6CA00E8FAFD /* Frameworks */ = {
			isa = PBXFrameworksBuildPhase;
			buildActionMask = 2147483647;
			files = (
				1F3F50E55A9C6C79A68DE2F2 /* Pods_CleanTests.framework in Frameworks */,
			);
			runOnlyForDeploymentPostprocessing = 0;
		};
		5166D70C1E8DA6F100E8FAFD /* Frameworks */ = {
			isa = PBXFrameworksBuildPhase;
			buildActionMask = 2147483647;
			files = (
				82EE7C2392812533B131392B /* Pods_Domain.framework in Frameworks */,
			);
			runOnlyForDeploymentPostprocessing = 0;
		};
		5166D7151E8DA6F100E8FAFD /* Frameworks */ = {
			isa = PBXFrameworksBuildPhase;
			buildActionMask = 2147483647;
			files = (
				5166D7191E8DA6F100E8FAFD /* Domain.framework in Frameworks */,
				C884CF4957648A7ECEA21191 /* Pods_DomainTests.framework in Frameworks */,
			);
			runOnlyForDeploymentPostprocessing = 0;
		};
		5166D72F1E8DA6FC00E8FAFD /* Frameworks */ = {
			isa = PBXFrameworksBuildPhase;
			buildActionMask = 2147483647;
			files = (
				5166D78E1E8DB28200E8FAFD /* Domain.framework in Frameworks */,
				11B4145AA80490AF89054F91 /* Pods_Data.framework in Frameworks */,
			);
			runOnlyForDeploymentPostprocessing = 0;
		};
		5166D7381E8DA6FC00E8FAFD /* Frameworks */ = {
			isa = PBXFrameworksBuildPhase;
			buildActionMask = 2147483647;
			files = (
				5166D73C1E8DA6FC00E8FAFD /* Data.framework in Frameworks */,
				72F3331909B57127C166034C /* Pods_DataTests.framework in Frameworks */,
			);
			runOnlyForDeploymentPostprocessing = 0;
		};
/* End PBXFrameworksBuildPhase section */

/* Begin PBXGroup section */
		5166D6DF1E8DA6C900E8FAFD = {
			isa = PBXGroup;
			children = (
				5166D6EA1E8DA6CA00E8FAFD /* Clean */,
				5166D6FF1E8DA6CA00E8FAFD /* CleanTests */,
				5166D7111E8DA6F100E8FAFD /* Domain */,
				5166D71E1E8DA6F100E8FAFD /* DomainTests */,
				5166D7341E8DA6FC00E8FAFD /* Data */,
				5166D7411E8DA6FC00E8FAFD /* DataTests */,
				5166D6E91E8DA6CA00E8FAFD /* Products */,
				938C2B0141FE59BA8C8B9ECA /* Pods */,
				6613AD3DA43FE70DA546C07C /* Frameworks */,
			);
			sourceTree = "<group>";
		};
		5166D6E91E8DA6CA00E8FAFD /* Products */ = {
			isa = PBXGroup;
			children = (
				5166D6E81E8DA6CA00E8FAFD /* Clean.app */,
				5166D6FC1E8DA6CA00E8FAFD /* CleanTests.xctest */,
				5166D7101E8DA6F100E8FAFD /* Domain.framework */,
				5166D7181E8DA6F100E8FAFD /* DomainTests.xctest */,
				5166D7331E8DA6FC00E8FAFD /* Data.framework */,
				5166D73B1E8DA6FC00E8FAFD /* DataTests.xctest */,
			);
			name = Products;
			sourceTree = "<group>";
		};
		5166D6EA1E8DA6CA00E8FAFD /* Clean */ = {
			isa = PBXGroup;
			children = (
				5166D78F1E8DB42600E8FAFD /* Scenes */,
				5166D6EB1E8DA6CA00E8FAFD /* AppDelegate.swift */,
				5166D6EF1E8DA6CA00E8FAFD /* Main.storyboard */,
				5166D6F21E8DA6CA00E8FAFD /* Assets.xcassets */,
				5166D6F41E8DA6CA00E8FAFD /* LaunchScreen.storyboard */,
				5166D6F71E8DA6CA00E8FAFD /* Info.plist */,
			);
			path = Clean;
			sourceTree = "<group>";
		};
		5166D6FF1E8DA6CA00E8FAFD /* CleanTests */ = {
			isa = PBXGroup;
			children = (
				5166D7001E8DA6CA00E8FAFD /* CleanTests.swift */,
				5166D7021E8DA6CA00E8FAFD /* Info.plist */,
			);
			path = CleanTests;
			sourceTree = "<group>";
		};
		5166D7111E8DA6F100E8FAFD /* Domain */ = {
			isa = PBXGroup;
			children = (
				5166D77C1E8DA9D800E8FAFD /* Model */,
				5166D7771E8DA97600E8FAFD /* Contracts */,
				5166D7721E8DA7BD00E8FAFD /* UseCase */,
				5166D7121E8DA6F100E8FAFD /* Domain.h */,
				5166D7131E8DA6F100E8FAFD /* Info.plist */,
			);
			path = Domain;
			sourceTree = "<group>";
		};
		5166D71E1E8DA6F100E8FAFD /* DomainTests */ = {
			isa = PBXGroup;
			children = (
				5166D71F1E8DA6F100E8FAFD /* DomainTests.swift */,
				5166D7211E8DA6F100E8FAFD /* Info.plist */,
			);
			path = DomainTests;
			sourceTree = "<group>";
		};
		5166D7341E8DA6FC00E8FAFD /* Data */ = {
			isa = PBXGroup;
			children = (
				5166D7961E8DBBD100E8FAFD /* DTO */,
				5166D7931E8DBB8F00E8FAFD /* Services */,
				5166D7891E8DAF8A00E8FAFD /* Repositories */,
				5166D7351E8DA6FC00E8FAFD /* Data.h */,
				5166D7361E8DA6FC00E8FAFD /* Info.plist */,
			);
			path = Data;
			sourceTree = "<group>";
		};
		5166D7411E8DA6FC00E8FAFD /* DataTests */ = {
			isa = PBXGroup;
			children = (
				5166D7421E8DA6FC00E8FAFD /* DataTests.swift */,
				5166D7441E8DA6FC00E8FAFD /* Info.plist */,
			);
			path = DataTests;
			sourceTree = "<group>";
		};
		5166D7721E8DA7BD00E8FAFD /* UseCase */ = {
			isa = PBXGroup;
			children = (
				5166D7731E8DA7D500E8FAFD /* SendMessageUseCase.swift */,
				5166D7751E8DA88E00E8FAFD /* CreateChatUseCase.swift */,
				5166D7811E8DAAFA00E8FAFD /* GetChatsUseCase.swift */,
				5166D7871E8DACAD00E8FAFD /* GetContactsUseCase.swift */,
			);
			name = UseCase;
			sourceTree = "<group>";
		};
		5166D7771E8DA97600E8FAFD /* Contracts */ = {
			isa = PBXGroup;
			children = (
				5166D7781E8DA98A00E8FAFD /* ChatRepository.swift */,
				5166D77A1E8DA99F00E8FAFD /* MessageRepository.swift */,
				5166D7851E8DAC7E00E8FAFD /* ContactRepository.swift */,
			);
			name = Contracts;
			sourceTree = "<group>";
		};
		5166D77C1E8DA9D800E8FAFD /* Model */ = {
			isa = PBXGroup;
			children = (
				5166D77D1E8DA9EA00E8FAFD /* Chat.swift */,
				5166D77F1E8DA9F500E8FAFD /* Message.swift */,
				5166D7831E8DAC2000E8FAFD /* Contact.swift */,
			);
			name = Model;
			sourceTree = "<group>";
		};
		5166D7891E8DAF8A00E8FAFD /* Repositories */ = {
			isa = PBXGroup;
			children = (
				5166D78A1E8DAFA100E8FAFD /* ChatRepository.swift */,
			);
			name = Repositories;
			sourceTree = "<group>";
		};
		5166D78F1E8DB42600E8FAFD /* Scenes */ = {
			isa = PBXGroup;
			children = (
				5166D7901E8DB43200E8FAFD /* ChatList */,
			);
			name = Scenes;
			sourceTree = "<group>";
		};
		5166D7901E8DB43200E8FAFD /* ChatList */ = {
			isa = PBXGroup;
			children = (
				5166D6ED1E8DA6CA00E8FAFD /* ChatListViewController.swift */,
				5166D7911E8DB45200E8FAFD /* ChatListViewModel.swift */,
			);
			name = ChatList;
			sourceTree = "<group>";
		};
		5166D7931E8DBB8F00E8FAFD /* Services */ = {
			isa = PBXGroup;
			children = (
				5166D7941E8DBBA500E8FAFD /* ChatService.swift */,
			);
			name = Services;
			sourceTree = "<group>";
		};
		5166D7961E8DBBD100E8FAFD /* DTO */ = {
			isa = PBXGroup;
			children = (
				5166D7971E8DBBDE00E8FAFD /* ChatDTO.swift */,
			);
			name = DTO;
			sourceTree = "<group>";
		};
		6613AD3DA43FE70DA546C07C /* Frameworks */ = {
			isa = PBXGroup;
			children = (
				EFDC3376A84A308D60D851AE /* Pods_Clean.framework */,
				31D6AD61A0986903E683A0DA /* Pods_CleanTests.framework */,
				FD4F2D0521C5706A69A291F9 /* Pods_Data.framework */,
				7FD5B757973BC628EF27F19E /* Pods_DataTests.framework */,
				F6B9AB6BDC3CE5A9829B7D56 /* Pods_Domain.framework */,
				3F4DE1187DA81DB961D63028 /* Pods_DomainTests.framework */,
			);
			name = Frameworks;
			sourceTree = "<group>";
		};
		938C2B0141FE59BA8C8B9ECA /* Pods */ = {
			isa = PBXGroup;
			children = (
				2FC27C221846F6D08B9AD4BF /* Pods-Clean.debug.xcconfig */,
				E4F84C165DEABAD183373427 /* Pods-Clean.release.xcconfig */,
				2186469F22035CCFE6030E4C /* Pods-CleanTests.debug.xcconfig */,
				A2EC27375FA13604CAC0FD4A /* Pods-CleanTests.release.xcconfig */,
				635CCB1BB3667CF0CCBC6BD0 /* Pods-Data.debug.xcconfig */,
				3349B0023BDA184D4B7F7A93 /* Pods-Data.release.xcconfig */,
				8D82B3E867C61B12FAE8823F /* Pods-DataTests.debug.xcconfig */,
				E92909F9608C029EA7440304 /* Pods-DataTests.release.xcconfig */,
				D8DF119185866F11134E2A69 /* Pods-Domain.debug.xcconfig */,
				0E479526620CDE10C8FF5551 /* Pods-Domain.release.xcconfig */,
				901651CFAEFB88703C0B2790 /* Pods-DomainTests.debug.xcconfig */,
				FD9CDF5D8C70A0DD23A1F1B2 /* Pods-DomainTests.release.xcconfig */,
			);
			name = Pods;
			sourceTree = "<group>";
		};
/* End PBXGroup section */

/* Begin PBXHeadersBuildPhase section */
		5166D70D1E8DA6F100E8FAFD /* Headers */ = {
			isa = PBXHeadersBuildPhase;
			buildActionMask = 2147483647;
			files = (
				5166D7221E8DA6F100E8FAFD /* Domain.h in Headers */,
			);
			runOnlyForDeploymentPostprocessing = 0;
		};
		5166D7301E8DA6FC00E8FAFD /* Headers */ = {
			isa = PBXHeadersBuildPhase;
			buildActionMask = 2147483647;
			files = (
				5166D7451E8DA6FC00E8FAFD /* Data.h in Headers */,
			);
			runOnlyForDeploymentPostprocessing = 0;
		};
/* End PBXHeadersBuildPhase section */

/* Begin PBXNativeTarget section */
		5166D6E71E8DA6CA00E8FAFD /* Clean */ = {
			isa = PBXNativeTarget;
			buildConfigurationList = 5166D7051E8DA6CA00E8FAFD /* Build configuration list for PBXNativeTarget "Clean" */;
			buildPhases = (
				6E01609B557BA3B889A7A16D /* [CP] Check Pods Manifest.lock */,
				5166D6E41E8DA6CA00E8FAFD /* Sources */,
				5166D6E51E8DA6CA00E8FAFD /* Frameworks */,
				5166D6E61E8DA6CA00E8FAFD /* Resources */,
				5166D72A1E8DA6F100E8FAFD /* Embed Frameworks */,
				6DC9967A841EC5BBDF8C9CF1 /* [CP] Embed Pods Frameworks */,
				56D8BF00B0A742B8EAD6E8B4 /* [CP] Copy Pods Resources */,
			);
			buildRules = (
			);
			dependencies = (
				5166D7241E8DA6F100E8FAFD /* PBXTargetDependency */,
				5166D7471E8DA6FC00E8FAFD /* PBXTargetDependency */,
			);
			name = Clean;
			productName = Clean;
			productReference = 5166D6E81E8DA6CA00E8FAFD /* Clean.app */;
			productType = "com.apple.product-type.application";
		};
		5166D6FB1E8DA6CA00E8FAFD /* CleanTests */ = {
			isa = PBXNativeTarget;
			buildConfigurationList = 5166D7081E8DA6CA00E8FAFD /* Build configuration list for PBXNativeTarget "CleanTests" */;
			buildPhases = (
				BF4D76B1D6385AB9186F6D5D /* [CP] Check Pods Manifest.lock */,
				5166D6F81E8DA6CA00E8FAFD /* Sources */,
				5166D6F91E8DA6CA00E8FAFD /* Frameworks */,
				5166D6FA1E8DA6CA00E8FAFD /* Resources */,
				C2DD972A66865014358A9FF3 /* [CP] Embed Pods Frameworks */,
				AD74084BB47CD77925A0562D /* [CP] Copy Pods Resources */,
			);
			buildRules = (
			);
			dependencies = (
				5166D6FE1E8DA6CA00E8FAFD /* PBXTargetDependency */,
			);
			name = CleanTests;
			productName = CleanTests;
			productReference = 5166D6FC1E8DA6CA00E8FAFD /* CleanTests.xctest */;
			productType = "com.apple.product-type.bundle.unit-test";
		};
		5166D70F1E8DA6F100E8FAFD /* Domain */ = {
			isa = PBXNativeTarget;
			buildConfigurationList = 5166D7271E8DA6F100E8FAFD /* Build configuration list for PBXNativeTarget "Domain" */;
			buildPhases = (
				F8C642694ACC76883CF119D7 /* [CP] Check Pods Manifest.lock */,
				5166D70B1E8DA6F100E8FAFD /* Sources */,
				5166D70C1E8DA6F100E8FAFD /* Frameworks */,
				5166D70D1E8DA6F100E8FAFD /* Headers */,
				5166D70E1E8DA6F100E8FAFD /* Resources */,
				FDC6D72DAF0953FAF7BE9112 /* [CP] Copy Pods Resources */,
			);
			buildRules = (
			);
			dependencies = (
			);
			name = Domain;
			productName = Domain;
			productReference = 5166D7101E8DA6F100E8FAFD /* Domain.framework */;
			productType = "com.apple.product-type.framework";
		};
		5166D7171E8DA6F100E8FAFD /* DomainTests */ = {
			isa = PBXNativeTarget;
			buildConfigurationList = 5166D72B1E8DA6F100E8FAFD /* Build configuration list for PBXNativeTarget "DomainTests" */;
			buildPhases = (
				62F522382C3C509F814446A9 /* [CP] Check Pods Manifest.lock */,
				5166D7141E8DA6F100E8FAFD /* Sources */,
				5166D7151E8DA6F100E8FAFD /* Frameworks */,
				5166D7161E8DA6F100E8FAFD /* Resources */,
				75D66CC0986034FC0F34D354 /* [CP] Embed Pods Frameworks */,
				EBA7B9B11FB4E9B587130ABF /* [CP] Copy Pods Resources */,
			);
			buildRules = (
			);
			dependencies = (
				5166D71B1E8DA6F100E8FAFD /* PBXTargetDependency */,
				5166D71D1E8DA6F100E8FAFD /* PBXTargetDependency */,
			);
			name = DomainTests;
			productName = DomainTests;
			productReference = 5166D7181E8DA6F100E8FAFD /* DomainTests.xctest */;
			productType = "com.apple.product-type.bundle.unit-test";
		};
		5166D7321E8DA6FC00E8FAFD /* Data */ = {
			isa = PBXNativeTarget;
			buildConfigurationList = 5166D74A1E8DA6FC00E8FAFD /* Build configuration list for PBXNativeTarget "Data" */;
			buildPhases = (
				0A301AC3AF3E4014954398AF /* [CP] Check Pods Manifest.lock */,
				5166D72E1E8DA6FC00E8FAFD /* Sources */,
				5166D72F1E8DA6FC00E8FAFD /* Frameworks */,
				5166D7301E8DA6FC00E8FAFD /* Headers */,
				5166D7311E8DA6FC00E8FAFD /* Resources */,
				F1F485FD0549EAA17FD2C443 /* [CP] Copy Pods Resources */,
			);
			buildRules = (
			);
			dependencies = (
				5166D78D1E8DB1EE00E8FAFD /* PBXTargetDependency */,
			);
			name = Data;
			productName = Data;
			productReference = 5166D7331E8DA6FC00E8FAFD /* Data.framework */;
			productType = "com.apple.product-type.framework";
		};
		5166D73A1E8DA6FC00E8FAFD /* DataTests */ = {
			isa = PBXNativeTarget;
			buildConfigurationList = 5166D74D1E8DA6FC00E8FAFD /* Build configuration list for PBXNativeTarget "DataTests" */;
			buildPhases = (
				F30B0A729EAD71FBA6D085D0 /* [CP] Check Pods Manifest.lock */,
				5166D7371E8DA6FC00E8FAFD /* Sources */,
				5166D7381E8DA6FC00E8FAFD /* Frameworks */,
				5166D7391E8DA6FC00E8FAFD /* Resources */,
				A620E82ABFA40807508A386A /* [CP] Embed Pods Frameworks */,
				FE2D64F98956B4ACE09753DD /* [CP] Copy Pods Resources */,
			);
			buildRules = (
			);
			dependencies = (
				5166D73E1E8DA6FC00E8FAFD /* PBXTargetDependency */,
				5166D7401E8DA6FC00E8FAFD /* PBXTargetDependency */,
			);
			name = DataTests;
			productName = DataTests;
			productReference = 5166D73B1E8DA6FC00E8FAFD /* DataTests.xctest */;
			productType = "com.apple.product-type.bundle.unit-test";
		};
/* End PBXNativeTarget section */

/* Begin PBXProject section */
		5166D6E01E8DA6C900E8FAFD /* Project object */ = {
			isa = PBXProject;
			attributes = {
				LastSwiftUpdateCheck = 0820;
				LastUpgradeCheck = 0820;
				ORGANIZATIONNAME = "LMIS AG";
				TargetAttributes = {
					5166D6E71E8DA6CA00E8FAFD = {
						CreatedOnToolsVersion = 8.2.1;
						DevelopmentTeam = 4LT2QBPKN6;
						ProvisioningStyle = Automatic;
					};
					5166D6FB1E8DA6CA00E8FAFD = {
						CreatedOnToolsVersion = 8.2.1;
						DevelopmentTeam = GMQ67TBP49;
						ProvisioningStyle = Automatic;
						TestTargetID = 5166D6E71E8DA6CA00E8FAFD;
					};
					5166D70F1E8DA6F100E8FAFD = {
						CreatedOnToolsVersion = 8.2.1;
						DevelopmentTeam = 4LT2QBPKN6;
						LastSwiftMigration = 0820;
						ProvisioningStyle = Automatic;
					};
					5166D7171E8DA6F100E8FAFD = {
						CreatedOnToolsVersion = 8.2.1;
						DevelopmentTeam = GMQ67TBP49;
						ProvisioningStyle = Automatic;
						TestTargetID = 5166D6E71E8DA6CA00E8FAFD;
					};
					5166D7321E8DA6FC00E8FAFD = {
						CreatedOnToolsVersion = 8.2.1;
						DevelopmentTeam = 4LT2QBPKN6;
						LastSwiftMigration = 0820;
						ProvisioningStyle = Automatic;
					};
					5166D73A1E8DA6FC00E8FAFD = {
						CreatedOnToolsVersion = 8.2.1;
						DevelopmentTeam = GMQ67TBP49;
						ProvisioningStyle = Automatic;
						TestTargetID = 5166D6E71E8DA6CA00E8FAFD;
					};
				};
			};
			buildConfigurationList = 5166D6E31E8DA6C900E8FAFD /* Build configuration list for PBXProject "Clean" */;
			compatibilityVersion = "Xcode 3.2";
			developmentRegion = English;
			hasScannedForEncodings = 0;
			knownRegions = (
				en,
				Base,
			);
			mainGroup = 5166D6DF1E8DA6C900E8FAFD;
			productRefGroup = 5166D6E91E8DA6CA00E8FAFD /* Products */;
			projectDirPath = "";
			projectRoot = "";
			targets = (
				5166D6E71E8DA6CA00E8FAFD /* Clean */,
				5166D6FB1E8DA6CA00E8FAFD /* CleanTests */,
				5166D70F1E8DA6F100E8FAFD /* Domain */,
				5166D7171E8DA6F100E8FAFD /* DomainTests */,
				5166D7321E8DA6FC00E8FAFD /* Data */,
				5166D73A1E8DA6FC00E8FAFD /* DataTests */,
			);
		};
/* End PBXProject section */

/* Begin PBXResourcesBuildPhase section */
		5166D6E61E8DA6CA00E8FAFD /* Resources */ = {
			isa = PBXResourcesBuildPhase;
			buildActionMask = 2147483647;
			files = (
				5166D6F61E8DA6CA00E8FAFD /* LaunchScreen.storyboard in Resources */,
				5166D6F31E8DA6CA00E8FAFD /* Assets.xcassets in Resources */,
				5166D6F11E8DA6CA00E8FAFD /* Main.storyboard in Resources */,
			);
			runOnlyForDeploymentPostprocessing = 0;
		};
		5166D6FA1E8DA6CA00E8FAFD /* Resources */ = {
			isa = PBXResourcesBuildPhase;
			buildActionMask = 2147483647;
			files = (
			);
			runOnlyForDeploymentPostprocessing = 0;
		};
		5166D70E1E8DA6F100E8FAFD /* Resources */ = {
			isa = PBXResourcesBuildPhase;
			buildActionMask = 2147483647;
			files = (
			);
			runOnlyForDeploymentPostprocessing = 0;
		};
		5166D7161E8DA6F100E8FAFD /* Resources */ = {
			isa = PBXResourcesBuildPhase;
			buildActionMask = 2147483647;
			files = (
			);
			runOnlyForDeploymentPostprocessing = 0;
		};
		5166D7311E8DA6FC00E8FAFD /* Resources */ = {
			isa = PBXResourcesBuildPhase;
			buildActionMask = 2147483647;
			files = (
			);
			runOnlyForDeploymentPostprocessing = 0;
		};
		5166D7391E8DA6FC00E8FAFD /* Resources */ = {
			isa = PBXResourcesBuildPhase;
			buildActionMask = 2147483647;
			files = (
			);
			runOnlyForDeploymentPostprocessing = 0;
		};
/* End PBXResourcesBuildPhase section */

/* Begin PBXShellScriptBuildPhase section */
		0A301AC3AF3E4014954398AF /* [CP] Check Pods Manifest.lock */ = {
			isa = PBXShellScriptBuildPhase;
			buildActionMask = 2147483647;
			files = (
			);
			inputPaths = (
			);
			name = "[CP] Check Pods Manifest.lock";
			outputPaths = (
			);
			runOnlyForDeploymentPostprocessing = 0;
			shellPath = /bin/sh;
			shellScript = "diff \"${PODS_ROOT}/../Podfile.lock\" \"${PODS_ROOT}/Manifest.lock\" > /dev/null\nif [ $? != 0 ] ; then\n    # print error to STDERR\n    echo \"error: The sandbox is not in sync with the Podfile.lock. Run 'pod install' or update your CocoaPods installation.\" >&2\n    exit 1\nfi\n";
			showEnvVarsInLog = 0;
		};
		56D8BF00B0A742B8EAD6E8B4 /* [CP] Copy Pods Resources */ = {
			isa = PBXShellScriptBuildPhase;
			buildActionMask = 2147483647;
			files = (
			);
			inputPaths = (
			);
			name = "[CP] Copy Pods Resources";
			outputPaths = (
			);
			runOnlyForDeploymentPostprocessing = 0;
			shellPath = /bin/sh;
			shellScript = "\"${SRCROOT}/Pods/Target Support Files/Pods-Clean/Pods-Clean-resources.sh\"\n";
			showEnvVarsInLog = 0;
		};
		62F522382C3C509F814446A9 /* [CP] Check Pods Manifest.lock */ = {
			isa = PBXShellScriptBuildPhase;
			buildActionMask = 2147483647;
			files = (
			);
			inputPaths = (
			);
			name = "[CP] Check Pods Manifest.lock";
			outputPaths = (
			);
			runOnlyForDeploymentPostprocessing = 0;
			shellPath = /bin/sh;
			shellScript = "diff \"${PODS_ROOT}/../Podfile.lock\" \"${PODS_ROOT}/Manifest.lock\" > /dev/null\nif [ $? != 0 ] ; then\n    # print error to STDERR\n    echo \"error: The sandbox is not in sync with the Podfile.lock. Run 'pod install' or update your CocoaPods installation.\" >&2\n    exit 1\nfi\n";
			showEnvVarsInLog = 0;
		};
		6DC9967A841EC5BBDF8C9CF1 /* [CP] Embed Pods Frameworks */ = {
			isa = PBXShellScriptBuildPhase;
			buildActionMask = 2147483647;
			files = (
			);
			inputPaths = (
			);
			name = "[CP] Embed Pods Frameworks";
			outputPaths = (
			);
			runOnlyForDeploymentPostprocessing = 0;
			shellPath = /bin/sh;
			shellScript = "\"${SRCROOT}/Pods/Target Support Files/Pods-Clean/Pods-Clean-frameworks.sh\"\n";
			showEnvVarsInLog = 0;
		};
		6E01609B557BA3B889A7A16D /* [CP] Check Pods Manifest.lock */ = {
			isa = PBXShellScriptBuildPhase;
			buildActionMask = 2147483647;
			files = (
			);
			inputPaths = (
			);
			name = "[CP] Check Pods Manifest.lock";
			outputPaths = (
			);
			runOnlyForDeploymentPostprocessing = 0;
			shellPath = /bin/sh;
			shellScript = "diff \"${PODS_ROOT}/../Podfile.lock\" \"${PODS_ROOT}/Manifest.lock\" > /dev/null\nif [ $? != 0 ] ; then\n    # print error to STDERR\n    echo \"error: The sandbox is not in sync with the Podfile.lock. Run 'pod install' or update your CocoaPods installation.\" >&2\n    exit 1\nfi\n";
			showEnvVarsInLog = 0;
		};
		75D66CC0986034FC0F34D354 /* [CP] Embed Pods Frameworks */ = {
			isa = PBXShellScriptBuildPhase;
			buildActionMask = 2147483647;
			files = (
			);
			inputPaths = (
			);
			name = "[CP] Embed Pods Frameworks";
			outputPaths = (
			);
			runOnlyForDeploymentPostprocessing = 0;
			shellPath = /bin/sh;
			shellScript = "\"${SRCROOT}/Pods/Target Support Files/Pods-DomainTests/Pods-DomainTests-frameworks.sh\"\n";
			showEnvVarsInLog = 0;
		};
		A620E82ABFA40807508A386A /* [CP] Embed Pods Frameworks */ = {
			isa = PBXShellScriptBuildPhase;
			buildActionMask = 2147483647;
			files = (
			);
			inputPaths = (
			);
			name = "[CP] Embed Pods Frameworks";
			outputPaths = (
			);
			runOnlyForDeploymentPostprocessing = 0;
			shellPath = /bin/sh;
			shellScript = "\"${SRCROOT}/Pods/Target Support Files/Pods-DataTests/Pods-DataTests-frameworks.sh\"\n";
			showEnvVarsInLog = 0;
		};
		AD74084BB47CD77925A0562D /* [CP] Copy Pods Resources */ = {
			isa = PBXShellScriptBuildPhase;
			buildActionMask = 2147483647;
			files = (
			);
			inputPaths = (
			);
			name = "[CP] Copy Pods Resources";
			outputPaths = (
			);
			runOnlyForDeploymentPostprocessing = 0;
			shellPath = /bin/sh;
			shellScript = "\"${SRCROOT}/Pods/Target Support Files/Pods-CleanTests/Pods-CleanTests-resources.sh\"\n";
			showEnvVarsInLog = 0;
		};
		BF4D76B1D6385AB9186F6D5D /* [CP] Check Pods Manifest.lock */ = {
			isa = PBXShellScriptBuildPhase;
			buildActionMask = 2147483647;
			files = (
			);
			inputPaths = (
			);
			name = "[CP] Check Pods Manifest.lock";
			outputPaths = (
			);
			runOnlyForDeploymentPostprocessing = 0;
			shellPath = /bin/sh;
			shellScript = "diff \"${PODS_ROOT}/../Podfile.lock\" \"${PODS_ROOT}/Manifest.lock\" > /dev/null\nif [ $? != 0 ] ; then\n    # print error to STDERR\n    echo \"error: The sandbox is not in sync with the Podfile.lock. Run 'pod install' or update your CocoaPods installation.\" >&2\n    exit 1\nfi\n";
			showEnvVarsInLog = 0;
		};
		C2DD972A66865014358A9FF3 /* [CP] Embed Pods Frameworks */ = {
			isa = PBXShellScriptBuildPhase;
			buildActionMask = 2147483647;
			files = (
			);
			inputPaths = (
			);
			name = "[CP] Embed Pods Frameworks";
			outputPaths = (
			);
			runOnlyForDeploymentPostprocessing = 0;
			shellPath = /bin/sh;
			shellScript = "\"${SRCROOT}/Pods/Target Support Files/Pods-CleanTests/Pods-CleanTests-frameworks.sh\"\n";
			showEnvVarsInLog = 0;
		};
		EBA7B9B11FB4E9B587130ABF /* [CP] Copy Pods Resources */ = {
			isa = PBXShellScriptBuildPhase;
			buildActionMask = 2147483647;
			files = (
			);
			inputPaths = (
			);
			name = "[CP] Copy Pods Resources";
			outputPaths = (
			);
			runOnlyForDeploymentPostprocessing = 0;
			shellPath = /bin/sh;
			shellScript = "\"${SRCROOT}/Pods/Target Support Files/Pods-DomainTests/Pods-DomainTests-resources.sh\"\n";
			showEnvVarsInLog = 0;
		};
		F1F485FD0549EAA17FD2C443 /* [CP] Copy Pods Resources */ = {
			isa = PBXShellScriptBuildPhase;
			buildActionMask = 2147483647;
			files = (
			);
			inputPaths = (
			);
			name = "[CP] Copy Pods Resources";
			outputPaths = (
			);
			runOnlyForDeploymentPostprocessing = 0;
			shellPath = /bin/sh;
			shellScript = "\"${SRCROOT}/Pods/Target Support Files/Pods-Data/Pods-Data-resources.sh\"\n";
			showEnvVarsInLog = 0;
		};
		F30B0A729EAD71FBA6D085D0 /* [CP] Check Pods Manifest.lock */ = {
			isa = PBXShellScriptBuildPhase;
			buildActionMask = 2147483647;
			files = (
			);
			inputPaths = (
			);
			name = "[CP] Check Pods Manifest.lock";
			outputPaths = (
			);
			runOnlyForDeploymentPostprocessing = 0;
			shellPath = /bin/sh;
			shellScript = "diff \"${PODS_ROOT}/../Podfile.lock\" \"${PODS_ROOT}/Manifest.lock\" > /dev/null\nif [ $? != 0 ] ; then\n    # print error to STDERR\n    echo \"error: The sandbox is not in sync with the Podfile.lock. Run 'pod install' or update your CocoaPods installation.\" >&2\n    exit 1\nfi\n";
			showEnvVarsInLog = 0;
		};
		F8C642694ACC76883CF119D7 /* [CP] Check Pods Manifest.lock */ = {
			isa = PBXShellScriptBuildPhase;
			buildActionMask = 2147483647;
			files = (
			);
			inputPaths = (
			);
			name = "[CP] Check Pods Manifest.lock";
			outputPaths = (
			);
			runOnlyForDeploymentPostprocessing = 0;
			shellPath = /bin/sh;
			shellScript = "diff \"${PODS_ROOT}/../Podfile.lock\" \"${PODS_ROOT}/Manifest.lock\" > /dev/null\nif [ $? != 0 ] ; then\n    # print error to STDERR\n    echo \"error: The sandbox is not in sync with the Podfile.lock. Run 'pod install' or update your CocoaPods installation.\" >&2\n    exit 1\nfi\n";
			showEnvVarsInLog = 0;
		};
		FDC6D72DAF0953FAF7BE9112 /* [CP] Copy Pods Resources */ = {
			isa = PBXShellScriptBuildPhase;
			buildActionMask = 2147483647;
			files = (
			);
			inputPaths = (
			);
			name = "[CP] Copy Pods Resources";
			outputPaths = (
			);
			runOnlyForDeploymentPostprocessing = 0;
			shellPath = /bin/sh;
			shellScript = "\"${SRCROOT}/Pods/Target Support Files/Pods-Domain/Pods-Domain-resources.sh\"\n";
			showEnvVarsInLog = 0;
		};
		FE2D64F98956B4ACE09753DD /* [CP] Copy Pods Resources */ = {
			isa = PBXShellScriptBuildPhase;
			buildActionMask = 2147483647;
			files = (
			);
			inputPaths = (
			);
			name = "[CP] Copy Pods Resources";
			outputPaths = (
			);
			runOnlyForDeploymentPostprocessing = 0;
			shellPath = /bin/sh;
			shellScript = "\"${SRCROOT}/Pods/Target Support Files/Pods-DataTests/Pods-DataTests-resources.sh\"\n";
			showEnvVarsInLog = 0;
		};
/* End PBXShellScriptBuildPhase section */

/* Begin PBXSourcesBuildPhase section */
		5166D6E41E8DA6CA00E8FAFD /* Sources */ = {
			isa = PBXSourcesBuildPhase;
			buildActionMask = 2147483647;
			files = (
				5166D7921E8DB45200E8FAFD /* ChatListViewModel.swift in Sources */,
				5166D6EE1E8DA6CA00E8FAFD /* ChatListViewController.swift in Sources */,
				5166D6EC1E8DA6CA00E8FAFD /* AppDelegate.swift in Sources */,
			);
			runOnlyForDeploymentPostprocessing = 0;
		};
		5166D6F81E8DA6CA00E8FAFD /* Sources */ = {
			isa = PBXSourcesBuildPhase;
			buildActionMask = 2147483647;
			files = (
				5166D7011E8DA6CA00E8FAFD /* CleanTests.swift in Sources */,
			);
			runOnlyForDeploymentPostprocessing = 0;
		};
		5166D70B1E8DA6F100E8FAFD /* Sources */ = {
			isa = PBXSourcesBuildPhase;
			buildActionMask = 2147483647;
			files = (
				5166D7861E8DAC7E00E8FAFD /* ContactRepository.swift in Sources */,
				5166D7741E8DA7D500E8FAFD /* SendMessageUseCase.swift in Sources */,
				5166D7791E8DA98A00E8FAFD /* ChatRepository.swift in Sources */,
				5166D7761E8DA88E00E8FAFD /* CreateChatUseCase.swift in Sources */,
				5166D7801E8DA9F500E8FAFD /* Message.swift in Sources */,
				5166D7841E8DAC2000E8FAFD /* Contact.swift in Sources */,
				5166D7821E8DAAFA00E8FAFD /* GetChatsUseCase.swift in Sources */,
				5166D77E1E8DA9EA00E8FAFD /* Chat.swift in Sources */,
				5166D77B1E8DA99F00E8FAFD /* MessageRepository.swift in Sources */,
				5166D7881E8DACAD00E8FAFD /* GetContactsUseCase.swift in Sources */,
			);
			runOnlyForDeploymentPostprocessing = 0;
		};
		5166D7141E8DA6F100E8FAFD /* Sources */ = {
			isa = PBXSourcesBuildPhase;
			buildActionMask = 2147483647;
			files = (
				5166D7201E8DA6F100E8FAFD /* DomainTests.swift in Sources */,
			);
			runOnlyForDeploymentPostprocessing = 0;
		};
		5166D72E1E8DA6FC00E8FAFD /* Sources */ = {
			isa = PBXSourcesBuildPhase;
			buildActionMask = 2147483647;
			files = (
				5166D78B1E8DAFA100E8FAFD /* ChatRepository.swift in Sources */,
				5166D7981E8DBBDE00E8FAFD /* ChatDTO.swift in Sources */,
				5166D7951E8DBBA500E8FAFD /* ChatService.swift in Sources */,
			);
			runOnlyForDeploymentPostprocessing = 0;
		};
		5166D7371E8DA6FC00E8FAFD /* Sources */ = {
			isa = PBXSourcesBuildPhase;
			buildActionMask = 2147483647;
			files = (
				5166D7431E8DA6FC00E8FAFD /* DataTests.swift in Sources */,
			);
			runOnlyForDeploymentPostprocessing = 0;
		};
/* End PBXSourcesBuildPhase section */

/* Begin PBXTargetDependency section */
		5166D6FE1E8DA6CA00E8FAFD /* PBXTargetDependency */ = {
			isa = PBXTargetDependency;
			target = 5166D6E71E8DA6CA00E8FAFD /* Clean */;
			targetProxy = 5166D6FD1E8DA6CA00E8FAFD /* PBXContainerItemProxy */;
		};
		5166D71B1E8DA6F100E8FAFD /* PBXTargetDependency */ = {
			isa = PBXTargetDependency;
			target = 5166D70F1E8DA6F100E8FAFD /* Domain */;
			targetProxy = 5166D71A1E8DA6F100E8FAFD /* PBXContainerItemProxy */;
		};
		5166D71D1E8DA6F100E8FAFD /* PBXTargetDependency */ = {
			isa = PBXTargetDependency;
			target = 5166D6E71E8DA6CA00E8FAFD /* Clean */;
			targetProxy = 5166D71C1E8DA6F100E8FAFD /* PBXContainerItemProxy */;
		};
		5166D7241E8DA6F100E8FAFD /* PBXTargetDependency */ = {
			isa = PBXTargetDependency;
			target = 5166D70F1E8DA6F100E8FAFD /* Domain */;
			targetProxy = 5166D7231E8DA6F100E8FAFD /* PBXContainerItemProxy */;
		};
		5166D73E1E8DA6FC00E8FAFD /* PBXTargetDependency */ = {
			isa = PBXTargetDependency;
			target = 5166D7321E8DA6FC00E8FAFD /* Data */;
			targetProxy = 5166D73D1E8DA6FC00E8FAFD /* PBXContainerItemProxy */;
		};
		5166D7401E8DA6FC00E8FAFD /* PBXTargetDependency */ = {
			isa = PBXTargetDependency;
			target = 5166D6E71E8DA6CA00E8FAFD /* Clean */;
			targetProxy = 5166D73F1E8DA6FC00E8FAFD /* PBXContainerItemProxy */;
		};
		5166D7471E8DA6FC00E8FAFD /* PBXTargetDependency */ = {
			isa = PBXTargetDependency;
			target = 5166D7321E8DA6FC00E8FAFD /* Data */;
			targetProxy = 5166D7461E8DA6FC00E8FAFD /* PBXContainerItemProxy */;
		};
		5166D78D1E8DB1EE00E8FAFD /* PBXTargetDependency */ = {
			isa = PBXTargetDependency;
			target = 5166D70F1E8DA6F100E8FAFD /* Domain */;
			targetProxy = 5166D78C1E8DB1EE00E8FAFD /* PBXContainerItemProxy */;
		};
/* End PBXTargetDependency section */

/* Begin PBXVariantGroup section */
		5166D6EF1E8DA6CA00E8FAFD /* Main.storyboard */ = {
			isa = PBXVariantGroup;
			children = (
				5166D6F01E8DA6CA00E8FAFD /* Base */,
			);
			name = Main.storyboard;
			sourceTree = "<group>";
		};
		5166D6F41E8DA6CA00E8FAFD /* LaunchScreen.storyboard */ = {
			isa = PBXVariantGroup;
			children = (
				5166D6F51E8DA6CA00E8FAFD /* Base */,
			);
			name = LaunchScreen.storyboard;
			sourceTree = "<group>";
		};
/* End PBXVariantGroup section */

/* Begin XCBuildConfiguration section */
		5166D7031E8DA6CA00E8FAFD /* Debug */ = {
			isa = XCBuildConfiguration;
			buildSettings = {
				ALWAYS_SEARCH_USER_PATHS = NO;
				CLANG_ANALYZER_NONNULL = YES;
				CLANG_CXX_LANGUAGE_STANDARD = "gnu++0x";
				CLANG_CXX_LIBRARY = "libc++";
				CLANG_ENABLE_MODULES = YES;
				CLANG_ENABLE_OBJC_ARC = YES;
				CLANG_WARN_BOOL_CONVERSION = YES;
				CLANG_WARN_CONSTANT_CONVERSION = YES;
				CLANG_WARN_DIRECT_OBJC_ISA_USAGE = YES_ERROR;
				CLANG_WARN_DOCUMENTATION_COMMENTS = YES;
				CLANG_WARN_EMPTY_BODY = YES;
				CLANG_WARN_ENUM_CONVERSION = YES;
				CLANG_WARN_INFINITE_RECURSION = YES;
				CLANG_WARN_INT_CONVERSION = YES;
				CLANG_WARN_OBJC_ROOT_CLASS = YES_ERROR;
				CLANG_WARN_SUSPICIOUS_MOVE = YES;
				CLANG_WARN_UNREACHABLE_CODE = YES;
				CLANG_WARN__DUPLICATE_METHOD_MATCH = YES;
				"CODE_SIGN_IDENTITY[sdk=iphoneos*]" = "iPhone Developer";
				COPY_PHASE_STRIP = NO;
				DEBUG_INFORMATION_FORMAT = dwarf;
				ENABLE_STRICT_OBJC_MSGSEND = YES;
				ENABLE_TESTABILITY = YES;
				GCC_C_LANGUAGE_STANDARD = gnu99;
				GCC_DYNAMIC_NO_PIC = NO;
				GCC_NO_COMMON_BLOCKS = YES;
				GCC_OPTIMIZATION_LEVEL = 0;
				GCC_PREPROCESSOR_DEFINITIONS = (
					"DEBUG=1",
					"$(inherited)",
				);
				GCC_WARN_64_TO_32_BIT_CONVERSION = YES;
				GCC_WARN_ABOUT_RETURN_TYPE = YES_ERROR;
				GCC_WARN_UNDECLARED_SELECTOR = YES;
				GCC_WARN_UNINITIALIZED_AUTOS = YES_AGGRESSIVE;
				GCC_WARN_UNUSED_FUNCTION = YES;
				GCC_WARN_UNUSED_VARIABLE = YES;
				IPHONEOS_DEPLOYMENT_TARGET = 10.2;
				MTL_ENABLE_DEBUG_INFO = YES;
				ONLY_ACTIVE_ARCH = YES;
				SDKROOT = iphoneos;
				SWIFT_ACTIVE_COMPILATION_CONDITIONS = DEBUG;
				SWIFT_OPTIMIZATION_LEVEL = "-Onone";
			};
			name = Debug;
		};
		5166D7041E8DA6CA00E8FAFD /* Release */ = {
			isa = XCBuildConfiguration;
			buildSettings = {
				ALWAYS_SEARCH_USER_PATHS = NO;
				CLANG_ANALYZER_NONNULL = YES;
				CLANG_CXX_LANGUAGE_STANDARD = "gnu++0x";
				CLANG_CXX_LIBRARY = "libc++";
				CLANG_ENABLE_MODULES = YES;
				CLANG_ENABLE_OBJC_ARC = YES;
				CLANG_WARN_BOOL_CONVERSION = YES;
				CLANG_WARN_CONSTANT_CONVERSION = YES;
				CLANG_WARN_DIRECT_OBJC_ISA_USAGE = YES_ERROR;
				CLANG_WARN_DOCUMENTATION_COMMENTS = YES;
				CLANG_WARN_EMPTY_BODY = YES;
				CLANG_WARN_ENUM_CONVERSION = YES;
				CLANG_WARN_INFINITE_RECURSION = YES;
				CLANG_WARN_INT_CONVERSION = YES;
				CLANG_WARN_OBJC_ROOT_CLASS = YES_ERROR;
				CLANG_WARN_SUSPICIOUS_MOVE = YES;
				CLANG_WARN_UNREACHABLE_CODE = YES;
				CLANG_WARN__DUPLICATE_METHOD_MATCH = YES;
				"CODE_SIGN_IDENTITY[sdk=iphoneos*]" = "iPhone Developer";
				COPY_PHASE_STRIP = NO;
				DEBUG_INFORMATION_FORMAT = "dwarf-with-dsym";
				ENABLE_NS_ASSERTIONS = NO;
				ENABLE_STRICT_OBJC_MSGSEND = YES;
				GCC_C_LANGUAGE_STANDARD = gnu99;
				GCC_NO_COMMON_BLOCKS = YES;
				GCC_WARN_64_TO_32_BIT_CONVERSION = YES;
				GCC_WARN_ABOUT_RETURN_TYPE = YES_ERROR;
				GCC_WARN_UNDECLARED_SELECTOR = YES;
				GCC_WARN_UNINITIALIZED_AUTOS = YES_AGGRESSIVE;
				GCC_WARN_UNUSED_FUNCTION = YES;
				GCC_WARN_UNUSED_VARIABLE = YES;
				IPHONEOS_DEPLOYMENT_TARGET = 10.2;
				MTL_ENABLE_DEBUG_INFO = NO;
				SDKROOT = iphoneos;
				SWIFT_OPTIMIZATION_LEVEL = "-Owholemodule";
				VALIDATE_PRODUCT = YES;
			};
			name = Release;
		};
		5166D7061E8DA6CA00E8FAFD /* Debug */ = {
			isa = XCBuildConfiguration;
			baseConfigurationReference = 2FC27C221846F6D08B9AD4BF /* Pods-Clean.debug.xcconfig */;
			buildSettings = {
				ALWAYS_EMBED_SWIFT_STANDARD_LIBRARIES = YES;
				ASSETCATALOG_COMPILER_APPICON_NAME = AppIcon;
				DEVELOPMENT_TEAM = 4LT2QBPKN6;
				INFOPLIST_FILE = Clean/Info.plist;
				LD_RUNPATH_SEARCH_PATHS = "$(inherited) @executable_path/Frameworks";
				PRODUCT_BUNDLE_IDENTIFIER = de.lmis.Clean;
				PRODUCT_NAME = "$(TARGET_NAME)";
				SWIFT_VERSION = 3.0;
			};
			name = Debug;
		};
		5166D7071E8DA6CA00E8FAFD /* Release */ = {
			isa = XCBuildConfiguration;
			baseConfigurationReference = E4F84C165DEABAD183373427 /* Pods-Clean.release.xcconfig */;
			buildSettings = {
				ALWAYS_EMBED_SWIFT_STANDARD_LIBRARIES = YES;
				ASSETCATALOG_COMPILER_APPICON_NAME = AppIcon;
				DEVELOPMENT_TEAM = 4LT2QBPKN6;
				INFOPLIST_FILE = Clean/Info.plist;
				LD_RUNPATH_SEARCH_PATHS = "$(inherited) @executable_path/Frameworks";
				PRODUCT_BUNDLE_IDENTIFIER = de.lmis.Clean;
				PRODUCT_NAME = "$(TARGET_NAME)";
				SWIFT_VERSION = 3.0;
			};
			name = Release;
		};
		5166D7091E8DA6CA00E8FAFD /* Debug */ = {
			isa = XCBuildConfiguration;
			baseConfigurationReference = 2186469F22035CCFE6030E4C /* Pods-CleanTests.debug.xcconfig */;
			buildSettings = {
				ALWAYS_EMBED_SWIFT_STANDARD_LIBRARIES = YES;
				BUNDLE_LOADER = "$(TEST_HOST)";
				DEVELOPMENT_TEAM = GMQ67TBP49;
				INFOPLIST_FILE = CleanTests/Info.plist;
				LD_RUNPATH_SEARCH_PATHS = "$(inherited) @executable_path/Frameworks @loader_path/Frameworks";
				PRODUCT_BUNDLE_IDENTIFIER = de.lmis.CleanTests;
				PRODUCT_NAME = "$(TARGET_NAME)";
				SWIFT_VERSION = 3.0;
				TEST_HOST = "$(BUILT_PRODUCTS_DIR)/Clean.app/Clean";
			};
			name = Debug;
		};
		5166D70A1E8DA6CA00E8FAFD /* Release */ = {
			isa = XCBuildConfiguration;
			baseConfigurationReference = A2EC27375FA13604CAC0FD4A /* Pods-CleanTests.release.xcconfig */;
			buildSettings = {
				ALWAYS_EMBED_SWIFT_STANDARD_LIBRARIES = YES;
				BUNDLE_LOADER = "$(TEST_HOST)";
				DEVELOPMENT_TEAM = GMQ67TBP49;
				INFOPLIST_FILE = CleanTests/Info.plist;
				LD_RUNPATH_SEARCH_PATHS = "$(inherited) @executable_path/Frameworks @loader_path/Frameworks";
				PRODUCT_BUNDLE_IDENTIFIER = de.lmis.CleanTests;
				PRODUCT_NAME = "$(TARGET_NAME)";
				SWIFT_VERSION = 3.0;
				TEST_HOST = "$(BUILT_PRODUCTS_DIR)/Clean.app/Clean";
			};
			name = Release;
		};
		5166D7281E8DA6F100E8FAFD /* Debug */ = {
			isa = XCBuildConfiguration;
			baseConfigurationReference = D8DF119185866F11134E2A69 /* Pods-Domain.debug.xcconfig */;
			buildSettings = {
				CLANG_ENABLE_MODULES = YES;
				CODE_SIGN_IDENTITY = "";
				CURRENT_PROJECT_VERSION = 1;
				DEFINES_MODULE = YES;
				DEVELOPMENT_TEAM = 4LT2QBPKN6;
				DYLIB_COMPATIBILITY_VERSION = 1;
				DYLIB_CURRENT_VERSION = 1;
				DYLIB_INSTALL_NAME_BASE = "@rpath";
				INFOPLIST_FILE = Domain/Info.plist;
				INSTALL_PATH = "$(LOCAL_LIBRARY_DIR)/Frameworks";
				LD_RUNPATH_SEARCH_PATHS = "$(inherited) @executable_path/Frameworks @loader_path/Frameworks";
				PRODUCT_BUNDLE_IDENTIFIER = de.lmis.Domain;
				PRODUCT_NAME = "$(TARGET_NAME)";
				SKIP_INSTALL = YES;
				SWIFT_OPTIMIZATION_LEVEL = "-Onone";
				SWIFT_VERSION = 3.0;
				TARGETED_DEVICE_FAMILY = "1,2";
				VERSIONING_SYSTEM = "apple-generic";
				VERSION_INFO_PREFIX = "";
			};
			name = Debug;
		};
		5166D7291E8DA6F100E8FAFD /* Release */ = {
			isa = XCBuildConfiguration;
			baseConfigurationReference = 0E479526620CDE10C8FF5551 /* Pods-Domain.release.xcconfig */;
			buildSettings = {
				CLANG_ENABLE_MODULES = YES;
				CODE_SIGN_IDENTITY = "";
				CURRENT_PROJECT_VERSION = 1;
				DEFINES_MODULE = YES;
				DEVELOPMENT_TEAM = 4LT2QBPKN6;
				DYLIB_COMPATIBILITY_VERSION = 1;
				DYLIB_CURRENT_VERSION = 1;
				DYLIB_INSTALL_NAME_BASE = "@rpath";
				INFOPLIST_FILE = Domain/Info.plist;
				INSTALL_PATH = "$(LOCAL_LIBRARY_DIR)/Frameworks";
				LD_RUNPATH_SEARCH_PATHS = "$(inherited) @executable_path/Frameworks @loader_path/Frameworks";
				PRODUCT_BUNDLE_IDENTIFIER = de.lmis.Domain;
				PRODUCT_NAME = "$(TARGET_NAME)";
				SKIP_INSTALL = YES;
				SWIFT_VERSION = 3.0;
				TARGETED_DEVICE_FAMILY = "1,2";
				VERSIONING_SYSTEM = "apple-generic";
				VERSION_INFO_PREFIX = "";
			};
			name = Release;
		};
		5166D72C1E8DA6F100E8FAFD /* Debug */ = {
			isa = XCBuildConfiguration;
			baseConfigurationReference = 901651CFAEFB88703C0B2790 /* Pods-DomainTests.debug.xcconfig */;
			buildSettings = {
				ALWAYS_EMBED_SWIFT_STANDARD_LIBRARIES = YES;
				DEVELOPMENT_TEAM = GMQ67TBP49;
				INFOPLIST_FILE = DomainTests/Info.plist;
				LD_RUNPATH_SEARCH_PATHS = "$(inherited) @executable_path/Frameworks @loader_path/Frameworks";
				PRODUCT_BUNDLE_IDENTIFIER = de.lmis.DomainTests;
				PRODUCT_NAME = "$(TARGET_NAME)";
				SWIFT_VERSION = 3.0;
				TEST_HOST = "$(BUILT_PRODUCTS_DIR)/Clean.app/Clean";
			};
			name = Debug;
		};
		5166D72D1E8DA6F100E8FAFD /* Release */ = {
			isa = XCBuildConfiguration;
			baseConfigurationReference = FD9CDF5D8C70A0DD23A1F1B2 /* Pods-DomainTests.release.xcconfig */;
			buildSettings = {
				ALWAYS_EMBED_SWIFT_STANDARD_LIBRARIES = YES;
				DEVELOPMENT_TEAM = GMQ67TBP49;
				INFOPLIST_FILE = DomainTests/Info.plist;
				LD_RUNPATH_SEARCH_PATHS = "$(inherited) @executable_path/Frameworks @loader_path/Frameworks";
				PRODUCT_BUNDLE_IDENTIFIER = de.lmis.DomainTests;
				PRODUCT_NAME = "$(TARGET_NAME)";
				SWIFT_VERSION = 3.0;
				TEST_HOST = "$(BUILT_PRODUCTS_DIR)/Clean.app/Clean";
			};
			name = Release;
		};
		5166D74B1E8DA6FC00E8FAFD /* Debug */ = {
			isa = XCBuildConfiguration;
			baseConfigurationReference = 635CCB1BB3667CF0CCBC6BD0 /* Pods-Data.debug.xcconfig */;
			buildSettings = {
				CLANG_ENABLE_MODULES = YES;
				CODE_SIGN_IDENTITY = "";
				CURRENT_PROJECT_VERSION = 1;
				DEFINES_MODULE = YES;
				DEVELOPMENT_TEAM = 4LT2QBPKN6;
				DYLIB_COMPATIBILITY_VERSION = 1;
				DYLIB_CURRENT_VERSION = 1;
				DYLIB_INSTALL_NAME_BASE = "@rpath";
				INFOPLIST_FILE = Data/Info.plist;
				INSTALL_PATH = "$(LOCAL_LIBRARY_DIR)/Frameworks";
				LD_RUNPATH_SEARCH_PATHS = "$(inherited) @executable_path/Frameworks @loader_path/Frameworks";
				PRODUCT_BUNDLE_IDENTIFIER = de.lmis.Data;
				PRODUCT_NAME = "$(TARGET_NAME)";
				SKIP_INSTALL = YES;
				SWIFT_OPTIMIZATION_LEVEL = "-Onone";
				SWIFT_VERSION = 3.0;
				TARGETED_DEVICE_FAMILY = "1,2";
				VERSIONING_SYSTEM = "apple-generic";
				VERSION_INFO_PREFIX = "";
			};
			name = Debug;
		};
		5166D74C1E8DA6FC00E8FAFD /* Release */ = {
			isa = XCBuildConfiguration;
			baseConfigurationReference = 3349B0023BDA184D4B7F7A93 /* Pods-Data.release.xcconfig */;
			buildSettings = {
				CLANG_ENABLE_MODULES = YES;
				CODE_SIGN_IDENTITY = "";
				CURRENT_PROJECT_VERSION = 1;
				DEFINES_MODULE = YES;
				DEVELOPMENT_TEAM = 4LT2QBPKN6;
				DYLIB_COMPATIBILITY_VERSION = 1;
				DYLIB_CURRENT_VERSION = 1;
				DYLIB_INSTALL_NAME_BASE = "@rpath";
				INFOPLIST_FILE = Data/Info.plist;
				INSTALL_PATH = "$(LOCAL_LIBRARY_DIR)/Frameworks";
				LD_RUNPATH_SEARCH_PATHS = "$(inherited) @executable_path/Frameworks @loader_path/Frameworks";
				PRODUCT_BUNDLE_IDENTIFIER = de.lmis.Data;
				PRODUCT_NAME = "$(TARGET_NAME)";
				SKIP_INSTALL = YES;
				SWIFT_VERSION = 3.0;
				TARGETED_DEVICE_FAMILY = "1,2";
				VERSIONING_SYSTEM = "apple-generic";
				VERSION_INFO_PREFIX = "";
			};
			name = Release;
		};
		5166D74E1E8DA6FC00E8FAFD /* Debug */ = {
			isa = XCBuildConfiguration;
			baseConfigurationReference = 8D82B3E867C61B12FAE8823F /* Pods-DataTests.debug.xcconfig */;
			buildSettings = {
				ALWAYS_EMBED_SWIFT_STANDARD_LIBRARIES = YES;
				DEVELOPMENT_TEAM = GMQ67TBP49;
				INFOPLIST_FILE = DataTests/Info.plist;
				LD_RUNPATH_SEARCH_PATHS = "$(inherited) @executable_path/Frameworks @loader_path/Frameworks";
				PRODUCT_BUNDLE_IDENTIFIER = de.lmis.DataTests;
				PRODUCT_NAME = "$(TARGET_NAME)";
				SWIFT_VERSION = 3.0;
				TEST_HOST = "$(BUILT_PRODUCTS_DIR)/Clean.app/Clean";
			};
			name = Debug;
		};
		5166D74F1E8DA6FC00E8FAFD /* Release */ = {
			isa = XCBuildConfiguration;
			baseConfigurationReference = E92909F9608C029EA7440304 /* Pods-DataTests.release.xcconfig */;
			buildSettings = {
				ALWAYS_EMBED_SWIFT_STANDARD_LIBRARIES = YES;
				DEVELOPMENT_TEAM = GMQ67TBP49;
				INFOPLIST_FILE = DataTests/Info.plist;
				LD_RUNPATH_SEARCH_PATHS = "$(inherited) @executable_path/Frameworks @loader_path/Frameworks";
				PRODUCT_BUNDLE_IDENTIFIER = de.lmis.DataTests;
				PRODUCT_NAME = "$(TARGET_NAME)";
				SWIFT_VERSION = 3.0;
				TEST_HOST = "$(BUILT_PRODUCTS_DIR)/Clean.app/Clean";
			};
			name = Release;
		};
/* End XCBuildConfiguration section */

/* Begin XCConfigurationList section */
		5166D6E31E8DA6C900E8FAFD /* Build configuration list for PBXProject "Clean" */ = {
			isa = XCConfigurationList;
			buildConfigurations = (
				5166D7031E8DA6CA00E8FAFD /* Debug */,
				5166D7041E8DA6CA00E8FAFD /* Release */,
			);
			defaultConfigurationIsVisible = 0;
			defaultConfigurationName = Release;
		};
		5166D7051E8DA6CA00E8FAFD /* Build configuration list for PBXNativeTarget "Clean" */ = {
			isa = XCConfigurationList;
			buildConfigurations = (
				5166D7061E8DA6CA00E8FAFD /* Debug */,
				5166D7071E8DA6CA00E8FAFD /* Release */,
			);
			defaultConfigurationIsVisible = 0;
			defaultConfigurationName = Release;
		};
		5166D7081E8DA6CA00E8FAFD /* Build configuration list for PBXNativeTarget "CleanTests" */ = {
			isa = XCConfigurationList;
			buildConfigurations = (
				5166D7091E8DA6CA00E8FAFD /* Debug */,
				5166D70A1E8DA6CA00E8FAFD /* Release */,
			);
			defaultConfigurationIsVisible = 0;
			defaultConfigurationName = Release;
		};
		5166D7271E8DA6F100E8FAFD /* Build configuration list for PBXNativeTarget "Domain" */ = {
			isa = XCConfigurationList;
			buildConfigurations = (
				5166D7281E8DA6F100E8FAFD /* Debug */,
				5166D7291E8DA6F100E8FAFD /* Release */,
			);
			defaultConfigurationIsVisible = 0;
			defaultConfigurationName = Release;
		};
		5166D72B1E8DA6F100E8FAFD /* Build configuration list for PBXNativeTarget "DomainTests" */ = {
			isa = XCConfigurationList;
			buildConfigurations = (
				5166D72C1E8DA6F100E8FAFD /* Debug */,
				5166D72D1E8DA6F100E8FAFD /* Release */,
			);
			defaultConfigurationIsVisible = 0;
			defaultConfigurationName = Release;
		};
		5166D74A1E8DA6FC00E8FAFD /* Build configuration list for PBXNativeTarget "Data" */ = {
			isa = XCConfigurationList;
			buildConfigurations = (
				5166D74B1E8DA6FC00E8FAFD /* Debug */,
				5166D74C1E8DA6FC00E8FAFD /* Release */,
			);
			defaultConfigurationIsVisible = 0;
			defaultConfigurationName = Release;
		};
		5166D74D1E8DA6FC00E8FAFD /* Build configuration list for PBXNativeTarget "DataTests" */ = {
			isa = XCConfigurationList;
			buildConfigurations = (
				5166D74E1E8DA6FC00E8FAFD /* Debug */,
				5166D74F1E8DA6FC00E8FAFD /* Release */,
			);
			defaultConfigurationIsVisible = 0;
			defaultConfigurationName = Release;
		};
/* End XCConfigurationList section */
	};
	rootObject = 5166D6E01E8DA6C900E8FAFD /* Project object */;
}
